
Microsoft Visual Studio Solution File, Format Version 12.00
# Visual Studio 14
Project("{FAE04EC0-301F-11D3-BF4B-00C04F79EFBC}") = "Input101.Droid", "Input101.Droid\Input101.Droid.csproj", "{9C051256-3CD6-4869-A7EF-51F9AC1F2F26}"
EndProject
Project("{FAE04EC0-301F-11D3-BF4B-00C04F79EFBC}") = "Input101.iOS", "Input101.iOS\Input101.iOS.csproj", "{62E641ED-744D-4D6B-BDF3-4C4D01A1156C}"
EndProject
Project("{FAE04EC0-301F-11D3-BF4B-00C04F79EFBC}") = "Input101.Xamarin", "Input101.Xamarin\Input101.Xamarin.csproj", "{67697936-4A68-4FA7-9F6F-3A5B8ADC1E1C}"
EndProject
Project("{FAE04EC0-301F-11D3-BF4B-00C04F79EFBC}") = "Input101.WinPhone", "Input101.WinPhone\Input101.WinPhone.csproj", "{6211822A-289A-4638-8171-C284CC1EB39F}"
EndProject
Global
	GlobalSection(SolutionConfigurationPlatforms) = preSolution
		Debug|Any CPU = Debug|Any CPU
		Debug|ARM = Debug|ARM
		Debug|iPhone = Debug|iPhone
		Debug|iPhoneSimulator = Debug|iPhoneSimulator
		Debug|x64 = Debug|x64
		Debug|x86 = Debug|x86
		GRAPECITY|Any CPU = GRAPECITY|Any CPU
		GRAPECITY|ARM = GRAPECITY|ARM
		GRAPECITY|iPhone = GRAPECITY|iPhone
		GRAPECITY|iPhoneSimulator = GRAPECITY|iPhoneSimulator
		GRAPECITY|x64 = GRAPECITY|x64
		GRAPECITY|x86 = GRAPECITY|x86
		Release|Any CPU = Release|Any CPU
		Release|ARM = Release|ARM
		Release|iPhone = Release|iPhone
		Release|iPhoneSimulator = Release|iPhoneSimulator
		Release|x64 = Release|x64
		Release|x86 = Release|x86
	EndGlobalSection
	GlobalSection(ProjectConfigurationPlatforms) = postSolution
		{9C051256-3CD6-4869-A7EF-51F9AC1F2F26}.Debug|Any CPU.ActiveCfg = Debug|Any CPU
		{9C051256-3CD6-4869-A7EF-51F9AC1F2F26}.Debug|Any CPU.Build.0 = Debug|Any CPU
		{9C051256-3CD6-4869-A7EF-51F9AC1F2F26}.Debug|Any CPU.Deploy.0 = Debug|Any CPU
		{9C051256-3CD6-4869-A7EF-51F9AC1F2F26}.Debug|ARM.ActiveCfg = Debug|Any CPU
		{9C051256-3CD6-4869-A7EF-51F9AC1F2F26}.Debug|ARM.Build.0 = Debug|Any CPU
		{9C051256-3CD6-4869-A7EF-51F9AC1F2F26}.Debug|ARM.Deploy.0 = Debug|Any CPU
		{9C051256-3CD6-4869-A7EF-51F9AC1F2F26}.Debug|iPhone.ActiveCfg = Debug|Any CPU
		{9C051256-3CD6-4869-A7EF-51F9AC1F2F26}.Debug|iPhone.Build.0 = Debug|Any CPU
		{9C051256-3CD6-4869-A7EF-51F9AC1F2F26}.Debug|iPhone.Deploy.0 = Debug|Any CPU
		{9C051256-3CD6-4869-A7EF-51F9AC1F2F26}.Debug|iPhoneSimulator.ActiveCfg = Debug|Any CPU
		{9C051256-3CD6-4869-A7EF-51F9AC1F2F26}.Debug|iPhoneSimulator.Build.0 = Debug|Any CPU
		{9C051256-3CD6-4869-A7EF-51F9AC1F2F26}.Debug|iPhoneSimulator.Deploy.0 = Debug|Any CPU
		{9C051256-3CD6-4869-A7EF-51F9AC1F2F26}.Debug|x64.ActiveCfg = Debug|Any CPU
		{9C051256-3CD6-4869-A7EF-51F9AC1F2F26}.Debug|x64.Build.0 = Debug|Any CPU
		{9C051256-3CD6-4869-A7EF-51F9AC1F2F26}.Debug|x64.Deploy.0 = Debug|Any CPU
		{9C051256-3CD6-4869-A7EF-51F9AC1F2F26}.Debug|x86.ActiveCfg = Debug|Any CPU
		{9C051256-3CD6-4869-A7EF-51F9AC1F2F26}.Debug|x86.Build.0 = Debug|Any CPU
		{9C051256-3CD6-4869-A7EF-51F9AC1F2F26}.Debug|x86.Deploy.0 = Debug|Any CPU
		{9C051256-3CD6-4869-A7EF-51F9AC1F2F26}.GRAPECITY|Any CPU.ActiveCfg = Debug|Any CPU
		{9C051256-3CD6-4869-A7EF-51F9AC1F2F26}.GRAPECITY|Any CPU.Build.0 = Debug|Any CPU
		{9C051256-3CD6-4869-A7EF-51F9AC1F2F26}.GRAPECITY|Any CPU.Deploy.0 = Debug|Any CPU
		{9C051256-3CD6-4869-A7EF-51F9AC1F2F26}.GRAPECITY|ARM.ActiveCfg = Debug|Any CPU
		{9C051256-3CD6-4869-A7EF-51F9AC1F2F26}.GRAPECITY|ARM.Build.0 = Debug|Any CPU
		{9C051256-3CD6-4869-A7EF-51F9AC1F2F26}.GRAPECITY|ARM.Deploy.0 = Debug|Any CPU
		{9C051256-3CD6-4869-A7EF-51F9AC1F2F26}.GRAPECITY|iPhone.ActiveCfg = Debug|Any CPU
		{9C051256-3CD6-4869-A7EF-51F9AC1F2F26}.GRAPECITY|iPhone.Build.0 = Debug|Any CPU
		{9C051256-3CD6-4869-A7EF-51F9AC1F2F26}.GRAPECITY|iPhone.Deploy.0 = Debug|Any CPU
		{9C051256-3CD6-4869-A7EF-51F9AC1F2F26}.GRAPECITY|iPhoneSimulator.ActiveCfg = Debug|Any CPU
		{9C051256-3CD6-4869-A7EF-51F9AC1F2F26}.GRAPECITY|iPhoneSimulator.Build.0 = Debug|Any CPU
		{9C051256-3CD6-4869-A7EF-51F9AC1F2F26}.GRAPECITY|iPhoneSimulator.Deploy.0 = Debug|Any CPU
		{9C051256-3CD6-4869-A7EF-51F9AC1F2F26}.GRAPECITY|x64.ActiveCfg = Debug|Any CPU
		{9C051256-3CD6-4869-A7EF-51F9AC1F2F26}.GRAPECITY|x64.Build.0 = Debug|Any CPU
		{9C051256-3CD6-4869-A7EF-51F9AC1F2F26}.GRAPECITY|x64.Deploy.0 = Debug|Any CPU
		{9C051256-3CD6-4869-A7EF-51F9AC1F2F26}.GRAPECITY|x86.ActiveCfg = Debug|Any CPU
		{9C051256-3CD6-4869-A7EF-51F9AC1F2F26}.GRAPECITY|x86.Build.0 = Debug|Any CPU
		{9C051256-3CD6-4869-A7EF-51F9AC1F2F26}.GRAPECITY|x86.Deploy.0 = Debug|Any CPU
		{9C051256-3CD6-4869-A7EF-51F9AC1F2F26}.Release|Any CPU.ActiveCfg = Release|Any CPU
		{9C051256-3CD6-4869-A7EF-51F9AC1F2F26}.Release|Any CPU.Build.0 = Release|Any CPU
		{9C051256-3CD6-4869-A7EF-51F9AC1F2F26}.Release|Any CPU.Deploy.0 = Release|Any CPU
		{9C051256-3CD6-4869-A7EF-51F9AC1F2F26}.Release|ARM.ActiveCfg = Release|Any CPU
		{9C051256-3CD6-4869-A7EF-51F9AC1F2F26}.Release|ARM.Build.0 = Release|Any CPU
		{9C051256-3CD6-4869-A7EF-51F9AC1F2F26}.Release|ARM.Deploy.0 = Release|Any CPU
		{9C051256-3CD6-4869-A7EF-51F9AC1F2F26}.Release|iPhone.ActiveCfg = Release|Any CPU
		{9C051256-3CD6-4869-A7EF-51F9AC1F2F26}.Release|iPhone.Build.0 = Release|Any CPU
		{9C051256-3CD6-4869-A7EF-51F9AC1F2F26}.Release|iPhone.Deploy.0 = Release|Any CPU
		{9C051256-3CD6-4869-A7EF-51F9AC1F2F26}.Release|iPhoneSimulator.ActiveCfg = Release|Any CPU
		{9C051256-3CD6-4869-A7EF-51F9AC1F2F26}.Release|iPhoneSimulator.Build.0 = Release|Any CPU
		{9C051256-3CD6-4869-A7EF-51F9AC1F2F26}.Release|iPhoneSimulator.Deploy.0 = Release|Any CPU
		{9C051256-3CD6-4869-A7EF-51F9AC1F2F26}.Release|x64.ActiveCfg = Release|Any CPU
		{9C051256-3CD6-4869-A7EF-51F9AC1F2F26}.Release|x64.Build.0 = Release|Any CPU
		{9C051256-3CD6-4869-A7EF-51F9AC1F2F26}.Release|x64.Deploy.0 = Release|Any CPU
		{9C051256-3CD6-4869-A7EF-51F9AC1F2F26}.Release|x86.ActiveCfg = Release|Any CPU
		{9C051256-3CD6-4869-A7EF-51F9AC1F2F26}.Release|x86.Build.0 = Release|Any CPU
		{9C051256-3CD6-4869-A7EF-51F9AC1F2F26}.Release|x86.Deploy.0 = Release|Any CPU
		{62E641ED-744D-4D6B-BDF3-4C4D01A1156C}.Debug|Any CPU.ActiveCfg = Debug|iPhone
		{62E641ED-744D-4D6B-BDF3-4C4D01A1156C}.Debug|ARM.ActiveCfg = Debug|iPhone
		{62E641ED-744D-4D6B-BDF3-4C4D01A1156C}.Debug|iPhone.ActiveCfg = Debug|iPhone
		{62E641ED-744D-4D6B-BDF3-4C4D01A1156C}.Debug|iPhone.Build.0 = Debug|iPhone
		{62E641ED-744D-4D6B-BDF3-4C4D01A1156C}.Debug|iPhoneSimulator.ActiveCfg = Debug|iPhoneSimulator
		{62E641ED-744D-4D6B-BDF3-4C4D01A1156C}.Debug|iPhoneSimulator.Build.0 = Debug|iPhoneSimulator
		{62E641ED-744D-4D6B-BDF3-4C4D01A1156C}.Debug|x64.ActiveCfg = Debug|iPhone
		{62E641ED-744D-4D6B-BDF3-4C4D01A1156C}.Debug|x86.ActiveCfg = Debug|iPhone
		{62E641ED-744D-4D6B-BDF3-4C4D01A1156C}.GRAPECITY|Any CPU.ActiveCfg = Release|iPhoneSimulator
		{62E641ED-744D-4D6B-BDF3-4C4D01A1156C}.GRAPECITY|Any CPU.Build.0 = Release|iPhoneSimulator
		{62E641ED-744D-4D6B-BDF3-4C4D01A1156C}.GRAPECITY|ARM.ActiveCfg = Release|iPhoneSimulator
		{62E641ED-744D-4D6B-BDF3-4C4D01A1156C}.GRAPECITY|ARM.Build.0 = Release|iPhoneSimulator
		{62E641ED-744D-4D6B-BDF3-4C4D01A1156C}.GRAPECITY|iPhone.ActiveCfg = Release|iPhone
		{62E641ED-744D-4D6B-BDF3-4C4D01A1156C}.GRAPECITY|iPhone.Build.0 = Release|iPhone
		{62E641ED-744D-4D6B-BDF3-4C4D01A1156C}.GRAPECITY|iPhoneSimulator.ActiveCfg = Release|iPhoneSimulator
		{62E641ED-744D-4D6B-BDF3-4C4D01A1156C}.GRAPECITY|iPhoneSimulator.Build.0 = Release|iPhoneSimulator
		{62E641ED-744D-4D6B-BDF3-4C4D01A1156C}.GRAPECITY|x64.ActiveCfg = Release|iPhoneSimulator
		{62E641ED-744D-4D6B-BDF3-4C4D01A1156C}.GRAPECITY|x64.Build.0 = Release|iPhoneSimulator
		{62E641ED-744D-4D6B-BDF3-4C4D01A1156C}.GRAPECITY|x86.ActiveCfg = Release|iPhoneSimulator
		{62E641ED-744D-4D6B-BDF3-4C4D01A1156C}.GRAPECITY|x86.Build.0 = Release|iPhoneSimulator
		{62E641ED-744D-4D6B-BDF3-4C4D01A1156C}.Release|Any CPU.ActiveCfg = Release|iPhone
		{62E641ED-744D-4D6B-BDF3-4C4D01A1156C}.Release|ARM.ActiveCfg = Release|iPhone
		{62E641ED-744D-4D6B-BDF3-4C4D01A1156C}.Release|iPhone.ActiveCfg = Release|iPhone
		{62E641ED-744D-4D6B-BDF3-4C4D01A1156C}.Release|iPhone.Build.0 = Release|iPhone
		{62E641ED-744D-4D6B-BDF3-4C4D01A1156C}.Release|iPhoneSimulator.ActiveCfg = Release|iPhoneSimulator
		{62E641ED-744D-4D6B-BDF3-4C4D01A1156C}.Release|iPhoneSimulator.Build.0 = Release|iPhoneSimulator
		{62E641ED-744D-4D6B-BDF3-4C4D01A1156C}.Release|x64.ActiveCfg = Release|iPhone
		{62E641ED-744D-4D6B-BDF3-4C4D01A1156C}.Release|x86.ActiveCfg = Release|iPhone
		{67697936-4A68-4FA7-9F6F-3A5B8ADC1E1C}.Debug|Any CPU.ActiveCfg = Debug|Any CPU
		{67697936-4A68-4FA7-9F6F-3A5B8ADC1E1C}.Debug|Any CPU.Build.0 = Debug|Any CPU
		{67697936-4A68-4FA7-9F6F-3A5B8ADC1E1C}.Debug|ARM.ActiveCfg = Debug|Any CPU
		{67697936-4A68-4FA7-9F6F-3A5B8ADC1E1C}.Debug|ARM.Build.0 = Debug|Any CPU
		{67697936-4A68-4FA7-9F6F-3A5B8ADC1E1C}.Debug|iPhone.ActiveCfg = Debug|Any CPU
		{67697936-4A68-4FA7-9F6F-3A5B8ADC1E1C}.Debug|iPhone.Build.0 = Debug|Any CPU
		{67697936-4A68-4FA7-9F6F-3A5B8ADC1E1C}.Debug|iPhoneSimulator.ActiveCfg = Debug|Any CPU
		{67697936-4A68-4FA7-9F6F-3A5B8ADC1E1C}.Debug|iPhoneSimulator.Build.0 = Debug|Any CPU
		{67697936-4A68-4FA7-9F6F-3A5B8ADC1E1C}.Debug|x64.ActiveCfg = Debug|Any CPU
		{67697936-4A68-4FA7-9F6F-3A5B8ADC1E1C}.Debug|x64.Build.0 = Debug|Any CPU
		{67697936-4A68-4FA7-9F6F-3A5B8ADC1E1C}.Debug|x86.ActiveCfg = Debug|Any CPU
		{67697936-4A68-4FA7-9F6F-3A5B8ADC1E1C}.Debug|x86.Build.0 = Debug|Any CPU
		{67697936-4A68-4FA7-9F6F-3A5B8ADC1E1C}.GRAPECITY|Any CPU.ActiveCfg = Debug|Any CPU
		{67697936-4A68-4FA7-9F6F-3A5B8ADC1E1C}.GRAPECITY|Any CPU.Build.0 = Debug|Any CPU
		{67697936-4A68-4FA7-9F6F-3A5B8ADC1E1C}.GRAPECITY|ARM.ActiveCfg = Debug|Any CPU
		{67697936-4A68-4FA7-9F6F-3A5B8ADC1E1C}.GRAPECITY|ARM.Build.0 = Debug|Any CPU
		{67697936-4A68-4FA7-9F6F-3A5B8ADC1E1C}.GRAPECITY|iPhone.ActiveCfg = Debug|Any CPU
		{67697936-4A68-4FA7-9F6F-3A5B8ADC1E1C}.GRAPECITY|iPhone.Build.0 = Debug|Any CPU
		{67697936-4A68-4FA7-9F6F-3A5B8ADC1E1C}.GRAPECITY|iPhoneSimulator.ActiveCfg = Debug|Any CPU
		{67697936-4A68-4FA7-9F6F-3A5B8ADC1E1C}.GRAPECITY|iPhoneSimulator.Build.0 = Debug|Any CPU
		{67697936-4A68-4FA7-9F6F-3A5B8ADC1E1C}.GRAPECITY|x64.ActiveCfg = Debug|Any CPU
		{67697936-4A68-4FA7-9F6F-3A5B8ADC1E1C}.GRAPECITY|x64.Build.0 = Debug|Any CPU
		{67697936-4A68-4FA7-9F6F-3A5B8ADC1E1C}.GRAPECITY|x86.ActiveCfg = Debug|Any CPU
		{67697936-4A68-4FA7-9F6F-3A5B8ADC1E1C}.GRAPECITY|x86.Build.0 = Debug|Any CPU
		{67697936-4A68-4FA7-9F6F-3A5B8ADC1E1C}.Release|Any CPU.ActiveCfg = Release|Any CPU
		{67697936-4A68-4FA7-9F6F-3A5B8ADC1E1C}.Release|Any CPU.Build.0 = Release|Any CPU
		{67697936-4A68-4FA7-9F6F-3A5B8ADC1E1C}.Release|ARM.ActiveCfg = Release|Any CPU
		{67697936-4A68-4FA7-9F6F-3A5B8ADC1E1C}.Release|ARM.Build.0 = Release|Any CPU
		{67697936-4A68-4FA7-9F6F-3A5B8ADC1E1C}.Release|iPhone.ActiveCfg = Release|Any CPU
		{67697936-4A68-4FA7-9F6F-3A5B8ADC1E1C}.Release|iPhone.Build.0 = Release|Any CPU
		{67697936-4A68-4FA7-9F6F-3A5B8ADC1E1C}.Release|iPhoneSimulator.ActiveCfg = Release|Any CPU
		{67697936-4A68-4FA7-9F6F-3A5B8ADC1E1C}.Release|iPhoneSimulator.Build.0 = Release|Any CPU
		{67697936-4A68-4FA7-9F6F-3A5B8ADC1E1C}.Release|x64.ActiveCfg = Release|Any CPU
		{67697936-4A68-4FA7-9F6F-3A5B8ADC1E1C}.Release|x64.Build.0 = Release|Any CPU
		{67697936-4A68-4FA7-9F6F-3A5B8ADC1E1C}.Release|x86.ActiveCfg = Release|Any CPU
		{67697936-4A68-4FA7-9F6F-3A5B8ADC1E1C}.Release|x86.Build.0 = Release|Any CPU
		{6211822A-289A-4638-8171-C284CC1EB39F}.Debug|Any CPU.ActiveCfg = Debug|Any CPU
		{6211822A-289A-4638-8171-C284CC1EB39F}.Debug|Any CPU.Build.0 = Debug|Any CPU
		{6211822A-289A-4638-8171-C284CC1EB39F}.Debug|Any CPU.Deploy.0 = Debug|Any CPU
		{6211822A-289A-4638-8171-C284CC1EB39F}.Debug|ARM.ActiveCfg = Debug|ARM
		{6211822A-289A-4638-8171-C284CC1EB39F}.Debug|ARM.Build.0 = Debug|ARM
		{6211822A-289A-4638-8171-C284CC1EB39F}.Debug|ARM.Deploy.0 = Debug|ARM
		{6211822A-289A-4638-8171-C284CC1EB39F}.Debug|iPhone.ActiveCfg = Debug|Any CPU
		{6211822A-289A-4638-8171-C284CC1EB39F}.Debug|iPhone.Build.0 = Debug|Any CPU
		{6211822A-289A-4638-8171-C284CC1EB39F}.Debug|iPhone.Deploy.0 = Debug|Any CPU
		{6211822A-289A-4638-8171-C284CC1EB39F}.Debug|iPhoneSimulator.ActiveCfg = Debug|Any CPU
		{6211822A-289A-4638-8171-C284CC1EB39F}.Debug|iPhoneSimulator.Build.0 = Debug|Any CPU
		{6211822A-289A-4638-8171-C284CC1EB39F}.Debug|iPhoneSimulator.Deploy.0 = Debug|Any CPU
		{6211822A-289A-4638-8171-C284CC1EB39F}.Debug|x64.ActiveCfg = Debug|Any CPU
		{6211822A-289A-4638-8171-C284CC1EB39F}.Debug|x64.Build.0 = Debug|Any CPU
		{6211822A-289A-4638-8171-C284CC1EB39F}.Debug|x64.Deploy.0 = Debug|Any CPU
		{6211822A-289A-4638-8171-C284CC1EB39F}.Debug|x86.ActiveCfg = Debug|x86
		{6211822A-289A-4638-8171-C284CC1EB39F}.Debug|x86.Build.0 = Debug|x86
		{6211822A-289A-4638-8171-C284CC1EB39F}.Debug|x86.Deploy.0 = Debug|x86
		{6211822A-289A-4638-8171-C284CC1EB39F}.GRAPECITY|Any CPU.ActiveCfg = Release|Any CPU
		{6211822A-289A-4638-8171-C284CC1EB39F}.GRAPECITY|Any CPU.Build.0 = Release|Any CPU
		{6211822A-289A-4638-8171-C284CC1EB39F}.GRAPECITY|Any CPU.Deploy.0 = Release|Any CPU
		{6211822A-289A-4638-8171-C284CC1EB39F}.GRAPECITY|ARM.ActiveCfg = Release|ARM
		{6211822A-289A-4638-8171-C284CC1EB39F}.GRAPECITY|ARM.Build.0 = Release|ARM
		{6211822A-289A-4638-8171-C284CC1EB39F}.GRAPECITY|ARM.Deploy.0 = Release|ARM
		{6211822A-289A-4638-8171-C284CC1EB39F}.GRAPECITY|iPhone.ActiveCfg = Release|Any CPU
		{6211822A-289A-4638-8171-C284CC1EB39F}.GRAPECITY|iPhone.Build.0 = Release|Any CPU
		{6211822A-289A-4638-8171-C284CC1EB39F}.GRAPECITY|iPhone.Deploy.0 = Release|Any CPU
		{6211822A-289A-4638-8171-C284CC1EB39F}.GRAPECITY|iPhoneSimulator.ActiveCfg = Release|Any CPU
		{6211822A-289A-4638-8171-C284CC1EB39F}.GRAPECITY|iPhoneSimulator.Build.0 = Release|Any CPU
		{6211822A-289A-4638-8171-C284CC1EB39F}.GRAPECITY|iPhoneSimulator.Deploy.0 = Release|Any CPU
		{6211822A-289A-4638-8171-C284CC1EB39F}.GRAPECITY|x64.ActiveCfg = Release|Any CPU
		{6211822A-289A-4638-8171-C284CC1EB39F}.GRAPECITY|x64.Build.0 = Release|Any CPU
		{6211822A-289A-4638-8171-C284CC1EB39F}.GRAPECITY|x64.Deploy.0 = Release|Any CPU
		{6211822A-289A-4638-8171-C284CC1EB39F}.GRAPECITY|x86.ActiveCfg = Release|x86
		{6211822A-289A-4638-8171-C284CC1EB39F}.GRAPECITY|x86.Build.0 = Release|x86
		{6211822A-289A-4638-8171-C284CC1EB39F}.GRAPECITY|x86.Deploy.0 = Release|x86
		{6211822A-289A-4638-8171-C284CC1EB39F}.Release|Any CPU.ActiveCfg = Release|Any CPU
		{6211822A-289A-4638-8171-C284CC1EB39F}.Release|Any CPU.Build.0 = Release|Any CPU
		{6211822A-289A-4638-8171-C284CC1EB39F}.Release|Any CPU.Deploy.0 = Release|Any CPU
		{6211822A-289A-4638-8171-C284CC1EB39F}.Release|ARM.ActiveCfg = Release|ARM
		{6211822A-289A-4638-8171-C284CC1EB39F}.Release|ARM.Build.0 = Release|ARM
		{6211822A-289A-4638-8171-C284CC1EB39F}.Release|ARM.Deploy.0 = Release|ARM
		{6211822A-289A-4638-8171-C284CC1EB39F}.Release|iPhone.ActiveCfg = Release|Any CPU
		{6211822A-289A-4638-8171-C284CC1EB39F}.Release|iPhone.Build.0 = Release|Any CPU
		{6211822A-289A-4638-8171-C284CC1EB39F}.Release|iPhone.Deploy.0 = Release|Any CPU
		{6211822A-289A-4638-8171-C284CC1EB39F}.Release|iPhoneSimulator.ActiveCfg = Release|Any CPU
		{6211822A-289A-4638-8171-C284CC1EB39F}.Release|iPhoneSimulator.Build.0 = Release|Any CPU
		{6211822A-289A-4638-8171-C284CC1EB39F}.Release|iPhoneSimulator.Deploy.0 = Release|Any CPU
		{6211822A-289A-4638-8171-C284CC1EB39F}.Release|x64.ActiveCfg = Release|Any CPU
		{6211822A-289A-4638-8171-C284CC1EB39F}.Release|x64.Build.0 = Release|Any CPU
		{6211822A-289A-4638-8171-C284CC1EB39F}.Release|x64.Deploy.0 = Release|Any CPU
		{6211822A-289A-4638-8171-C284CC1EB39F}.Release|x86.ActiveCfg = Release|x86
		{6211822A-289A-4638-8171-C284CC1EB39F}.Release|x86.Build.0 = Release|x86
		{6211822A-289A-4638-8171-C284CC1EB39F}.Release|x86.Deploy.0 = Release|x86
	EndGlobalSection
	GlobalSection(SolutionProperties) = preSolution
		HideSolutionNode = FALSE
	EndGlobalSection
	GlobalSection(NestedProjects) = preSolution
	EndGlobalSection
EndGlobal
