Microsoft Visual Studio Solution File, Format Version 12.00
# Visual Studio 2012
Project("{2150E333-8FDC-42A3-9474-1A3956D46DE8}") = "FlexChart101", "FlexChart101", "{6ED690D3-390C-486C-8F0C-5D54C914663B}"
EndProject
Project("{FAE04EC0-301F-11D3-BF4B-00C04F79EFBC}") = "FlexChart101.Data", "FlexChart101.Data\FlexChart101.Data.csproj", "{EF41F01E-6CF7-4778-A3FE-B61F9671FE09}"
EndProject
Project("{FAE04EC0-301F-11D3-BF4B-00C04F79EFBC}") = "FlexChart101", "FlexChart101\FlexChart101\FlexChart101.csproj", "{05C9D0DA-B73B-4733-9F79-58563173F9B7}"
EndProject
Project("{FAE04EC0-301F-11D3-BF4B-00C04F79EFBC}") = "FlexChart101.Android", "FlexChart101\FlexChart101.Android\FlexChart101.Android.csproj", "{EF97BC9A-D840-4448-A06E-CB1CE5E91864}"
EndProject
Project("{FAE04EC0-301F-11D3-BF4B-00C04F79EFBC}") = "FlexChart101.iOS", "FlexChart101\FlexChart101.iOS\FlexChart101.iOS.csproj", "{3055322F-CF7B-41EE-9507-435E3046F73D}"
EndProject
Project("{FAE04EC0-301F-11D3-BF4B-00C04F79EFBC}") = "FlexChart101.WinPhone", "FlexChart101\FlexChart101.WinPhone\FlexChart101.WinPhone.csproj", "{74FFB105-49DF-4322-9BD1-711001C39509}"
EndProject
Global
	GlobalSection(SolutionConfigurationPlatforms) = preSolution
		Ad-Hoc|Any CPU = Ad-Hoc|Any CPU
		Ad-Hoc|ARM = Ad-Hoc|ARM
		Ad-Hoc|iPhone = Ad-Hoc|iPhone
		Ad-Hoc|iPhoneSimulator = Ad-Hoc|iPhoneSimulator
		Ad-Hoc|Mixed Platforms = Ad-Hoc|Mixed Platforms
		Ad-Hoc|x86 = Ad-Hoc|x86
		AppStore|Any CPU = AppStore|Any CPU
		AppStore|ARM = AppStore|ARM
		AppStore|iPhone = AppStore|iPhone
		AppStore|iPhoneSimulator = AppStore|iPhoneSimulator
		AppStore|Mixed Platforms = AppStore|Mixed Platforms
		AppStore|x86 = AppStore|x86
		Debug|Any CPU = Debug|Any CPU
		Debug|ARM = Debug|ARM
		Debug|iPhone = Debug|iPhone
		Debug|iPhoneSimulator = Debug|iPhoneSimulator
		Debug|Mixed Platforms = Debug|Mixed Platforms
		Debug|x86 = Debug|x86
		Release|Any CPU = Release|Any CPU
		Release|ARM = Release|ARM
		Release|iPhone = Release|iPhone
		Release|iPhoneSimulator = Release|iPhoneSimulator
		Release|Mixed Platforms = Release|Mixed Platforms
		Release|x86 = Release|x86
		XuniDebug|Any CPU = XuniDebug|Any CPU
		XuniDebug|ARM = XuniDebug|ARM
		XuniDebug|iPhone = XuniDebug|iPhone
		XuniDebug|iPhoneSimulator = XuniDebug|iPhoneSimulator
		XuniDebug|Mixed Platforms = XuniDebug|Mixed Platforms
		XuniDebug|x86 = XuniDebug|x86
	EndGlobalSection
	GlobalSection(ProjectConfigurationPlatforms) = postSolution
		{EF41F01E-6CF7-4778-A3FE-B61F9671FE09}.Ad-Hoc|Any CPU.ActiveCfg = Release|Any CPU
		{EF41F01E-6CF7-4778-A3FE-B61F9671FE09}.Ad-Hoc|Any CPU.Build.0 = Release|Any CPU
		{EF41F01E-6CF7-4778-A3FE-B61F9671FE09}.Ad-Hoc|ARM.ActiveCfg = Release|Any CPU
		{EF41F01E-6CF7-4778-A3FE-B61F9671FE09}.Ad-Hoc|iPhone.ActiveCfg = Release|Any CPU
		{EF41F01E-6CF7-4778-A3FE-B61F9671FE09}.Ad-Hoc|iPhoneSimulator.ActiveCfg = Release|Any CPU
		{EF41F01E-6CF7-4778-A3FE-B61F9671FE09}.Ad-Hoc|Mixed Platforms.ActiveCfg = Release|Any CPU
		{EF41F01E-6CF7-4778-A3FE-B61F9671FE09}.Ad-Hoc|Mixed Platforms.Build.0 = Release|Any CPU
		{EF41F01E-6CF7-4778-A3FE-B61F9671FE09}.Ad-Hoc|x86.ActiveCfg = Release|Any CPU
		{EF41F01E-6CF7-4778-A3FE-B61F9671FE09}.AppStore|Any CPU.ActiveCfg = Release|Any CPU
		{EF41F01E-6CF7-4778-A3FE-B61F9671FE09}.AppStore|Any CPU.Build.0 = Release|Any CPU
		{EF41F01E-6CF7-4778-A3FE-B61F9671FE09}.AppStore|ARM.ActiveCfg = Release|Any CPU
		{EF41F01E-6CF7-4778-A3FE-B61F9671FE09}.AppStore|iPhone.ActiveCfg = Release|Any CPU
		{EF41F01E-6CF7-4778-A3FE-B61F9671FE09}.AppStore|iPhoneSimulator.ActiveCfg = Release|Any CPU
		{EF41F01E-6CF7-4778-A3FE-B61F9671FE09}.AppStore|Mixed Platforms.ActiveCfg = Release|Any CPU
		{EF41F01E-6CF7-4778-A3FE-B61F9671FE09}.AppStore|Mixed Platforms.Build.0 = Release|Any CPU
		{EF41F01E-6CF7-4778-A3FE-B61F9671FE09}.AppStore|x86.ActiveCfg = Release|Any CPU
		{EF41F01E-6CF7-4778-A3FE-B61F9671FE09}.Debug|Any CPU.ActiveCfg = Debug|Any CPU
		{EF41F01E-6CF7-4778-A3FE-B61F9671FE09}.Debug|Any CPU.Build.0 = Debug|Any CPU
		{EF41F01E-6CF7-4778-A3FE-B61F9671FE09}.Debug|ARM.ActiveCfg = Debug|Any CPU
		{EF41F01E-6CF7-4778-A3FE-B61F9671FE09}.Debug|iPhone.ActiveCfg = Debug|Any CPU
		{EF41F01E-6CF7-4778-A3FE-B61F9671FE09}.Debug|iPhoneSimulator.ActiveCfg = Debug|Any CPU
		{EF41F01E-6CF7-4778-A3FE-B61F9671FE09}.Debug|Mixed Platforms.ActiveCfg = Debug|Any CPU
		{EF41F01E-6CF7-4778-A3FE-B61F9671FE09}.Debug|Mixed Platforms.Build.0 = Debug|Any CPU
		{EF41F01E-6CF7-4778-A3FE-B61F9671FE09}.Debug|x86.ActiveCfg = Debug|Any CPU
		{EF41F01E-6CF7-4778-A3FE-B61F9671FE09}.Release|Any CPU.ActiveCfg = Release|Any CPU
		{EF41F01E-6CF7-4778-A3FE-B61F9671FE09}.Release|Any CPU.Build.0 = Release|Any CPU
		{EF41F01E-6CF7-4778-A3FE-B61F9671FE09}.Release|ARM.ActiveCfg = Release|Any CPU
		{EF41F01E-6CF7-4778-A3FE-B61F9671FE09}.Release|iPhone.ActiveCfg = Release|Any CPU
		{EF41F01E-6CF7-4778-A3FE-B61F9671FE09}.Release|iPhoneSimulator.ActiveCfg = Release|Any CPU
		{EF41F01E-6CF7-4778-A3FE-B61F9671FE09}.Release|Mixed Platforms.ActiveCfg = Release|Any CPU
		{EF41F01E-6CF7-4778-A3FE-B61F9671FE09}.Release|Mixed Platforms.Build.0 = Release|Any CPU
		{EF41F01E-6CF7-4778-A3FE-B61F9671FE09}.Release|x86.ActiveCfg = Release|Any CPU
		{EF41F01E-6CF7-4778-A3FE-B61F9671FE09}.XuniDebug|Any CPU.ActiveCfg = Debug|Any CPU
		{EF41F01E-6CF7-4778-A3FE-B61F9671FE09}.XuniDebug|Any CPU.Build.0 = Debug|Any CPU
		{EF41F01E-6CF7-4778-A3FE-B61F9671FE09}.XuniDebug|ARM.ActiveCfg = Debug|Any CPU
		{EF41F01E-6CF7-4778-A3FE-B61F9671FE09}.XuniDebug|iPhone.ActiveCfg = Debug|Any CPU
		{EF41F01E-6CF7-4778-A3FE-B61F9671FE09}.XuniDebug|iPhoneSimulator.ActiveCfg = Debug|Any CPU
		{EF41F01E-6CF7-4778-A3FE-B61F9671FE09}.XuniDebug|Mixed Platforms.ActiveCfg = Debug|Any CPU
		{EF41F01E-6CF7-4778-A3FE-B61F9671FE09}.XuniDebug|Mixed Platforms.Build.0 = Debug|Any CPU
		{EF41F01E-6CF7-4778-A3FE-B61F9671FE09}.XuniDebug|x86.ActiveCfg = Debug|Any CPU
		{05C9D0DA-B73B-4733-9F79-58563173F9B7}.Ad-Hoc|Any CPU.ActiveCfg = Release|Any CPU
		{05C9D0DA-B73B-4733-9F79-58563173F9B7}.Ad-Hoc|Any CPU.Build.0 = Release|Any CPU
		{05C9D0DA-B73B-4733-9F79-58563173F9B7}.Ad-Hoc|ARM.ActiveCfg = Release|Any CPU
		{05C9D0DA-B73B-4733-9F79-58563173F9B7}.Ad-Hoc|iPhone.ActiveCfg = Release|Any CPU
		{05C9D0DA-B73B-4733-9F79-58563173F9B7}.Ad-Hoc|iPhoneSimulator.ActiveCfg = Release|Any CPU
		{05C9D0DA-B73B-4733-9F79-58563173F9B7}.Ad-Hoc|Mixed Platforms.ActiveCfg = Release|Any CPU
		{05C9D0DA-B73B-4733-9F79-58563173F9B7}.Ad-Hoc|Mixed Platforms.Build.0 = Release|Any CPU
		{05C9D0DA-B73B-4733-9F79-58563173F9B7}.Ad-Hoc|x86.ActiveCfg = Release|Any CPU
		{05C9D0DA-B73B-4733-9F79-58563173F9B7}.AppStore|Any CPU.ActiveCfg = Release|Any CPU
		{05C9D0DA-B73B-4733-9F79-58563173F9B7}.AppStore|Any CPU.Build.0 = Release|Any CPU
		{05C9D0DA-B73B-4733-9F79-58563173F9B7}.AppStore|ARM.ActiveCfg = Release|Any CPU
		{05C9D0DA-B73B-4733-9F79-58563173F9B7}.AppStore|iPhone.ActiveCfg = Release|Any CPU
		{05C9D0DA-B73B-4733-9F79-58563173F9B7}.AppStore|iPhoneSimulator.ActiveCfg = Release|Any CPU
		{05C9D0DA-B73B-4733-9F79-58563173F9B7}.AppStore|Mixed Platforms.ActiveCfg = Release|Any CPU
		{05C9D0DA-B73B-4733-9F79-58563173F9B7}.AppStore|Mixed Platforms.Build.0 = Release|Any CPU
		{05C9D0DA-B73B-4733-9F79-58563173F9B7}.AppStore|x86.ActiveCfg = Release|Any CPU
		{05C9D0DA-B73B-4733-9F79-58563173F9B7}.Debug|Any CPU.ActiveCfg = Debug|Any CPU
		{05C9D0DA-B73B-4733-9F79-58563173F9B7}.Debug|Any CPU.Build.0 = Debug|Any CPU
		{05C9D0DA-B73B-4733-9F79-58563173F9B7}.Debug|ARM.ActiveCfg = Debug|Any CPU
		{05C9D0DA-B73B-4733-9F79-58563173F9B7}.Debug|iPhone.ActiveCfg = Debug|Any CPU
		{05C9D0DA-B73B-4733-9F79-58563173F9B7}.Debug|iPhoneSimulator.ActiveCfg = Debug|Any CPU
		{05C9D0DA-B73B-4733-9F79-58563173F9B7}.Debug|Mixed Platforms.ActiveCfg = Debug|Any CPU
		{05C9D0DA-B73B-4733-9F79-58563173F9B7}.Debug|Mixed Platforms.Build.0 = Debug|Any CPU
		{05C9D0DA-B73B-4733-9F79-58563173F9B7}.Debug|x86.ActiveCfg = Debug|Any CPU
		{05C9D0DA-B73B-4733-9F79-58563173F9B7}.Release|Any CPU.ActiveCfg = Release|Any CPU
		{05C9D0DA-B73B-4733-9F79-58563173F9B7}.Release|Any CPU.Build.0 = Release|Any CPU
		{05C9D0DA-B73B-4733-9F79-58563173F9B7}.Release|ARM.ActiveCfg = Release|Any CPU
		{05C9D0DA-B73B-4733-9F79-58563173F9B7}.Release|iPhone.ActiveCfg = Release|Any CPU
		{05C9D0DA-B73B-4733-9F79-58563173F9B7}.Release|iPhoneSimulator.ActiveCfg = Release|Any CPU
		{05C9D0DA-B73B-4733-9F79-58563173F9B7}.Release|Mixed Platforms.ActiveCfg = Release|Any CPU
		{05C9D0DA-B73B-4733-9F79-58563173F9B7}.Release|Mixed Platforms.Build.0 = Release|Any CPU
		{05C9D0DA-B73B-4733-9F79-58563173F9B7}.Release|x86.ActiveCfg = Release|Any CPU
		{05C9D0DA-B73B-4733-9F79-58563173F9B7}.XuniDebug|Any CPU.ActiveCfg = Debug|Any CPU
		{05C9D0DA-B73B-4733-9F79-58563173F9B7}.XuniDebug|Any CPU.Build.0 = Debug|Any CPU
		{05C9D0DA-B73B-4733-9F79-58563173F9B7}.XuniDebug|ARM.ActiveCfg = Debug|Any CPU
		{05C9D0DA-B73B-4733-9F79-58563173F9B7}.XuniDebug|iPhone.ActiveCfg = Debug|Any CPU
		{05C9D0DA-B73B-4733-9F79-58563173F9B7}.XuniDebug|iPhoneSimulator.ActiveCfg = Debug|Any CPU
		{05C9D0DA-B73B-4733-9F79-58563173F9B7}.XuniDebug|Mixed Platforms.ActiveCfg = Debug|Any CPU
		{05C9D0DA-B73B-4733-9F79-58563173F9B7}.XuniDebug|Mixed Platforms.Build.0 = Debug|Any CPU
		{05C9D0DA-B73B-4733-9F79-58563173F9B7}.XuniDebug|x86.ActiveCfg = Debug|Any CPU
		{EF97BC9A-D840-4448-A06E-CB1CE5E91864}.Ad-Hoc|Any CPU.ActiveCfg = Release|Any CPU
		{EF97BC9A-D840-4448-A06E-CB1CE5E91864}.Ad-Hoc|Any CPU.Build.0 = Release|Any CPU
		{EF97BC9A-D840-4448-A06E-CB1CE5E91864}.Ad-Hoc|Any CPU.Deploy.0 = Release|Any CPU
		{EF97BC9A-D840-4448-A06E-CB1CE5E91864}.Ad-Hoc|ARM.ActiveCfg = Release|Any CPU
		{EF97BC9A-D840-4448-A06E-CB1CE5E91864}.Ad-Hoc|iPhone.ActiveCfg = Release|Any CPU
		{EF97BC9A-D840-4448-A06E-CB1CE5E91864}.Ad-Hoc|iPhoneSimulator.ActiveCfg = Release|Any CPU
		{EF97BC9A-D840-4448-A06E-CB1CE5E91864}.Ad-Hoc|Mixed Platforms.ActiveCfg = Release|Any CPU
		{EF97BC9A-D840-4448-A06E-CB1CE5E91864}.Ad-Hoc|Mixed Platforms.Build.0 = Release|Any CPU
		{EF97BC9A-D840-4448-A06E-CB1CE5E91864}.Ad-Hoc|Mixed Platforms.Deploy.0 = Release|Any CPU
		{EF97BC9A-D840-4448-A06E-CB1CE5E91864}.Ad-Hoc|x86.ActiveCfg = Release|Any CPU
		{EF97BC9A-D840-4448-A06E-CB1CE5E91864}.AppStore|Any CPU.ActiveCfg = Release|Any CPU
		{EF97BC9A-D840-4448-A06E-CB1CE5E91864}.AppStore|Any CPU.Build.0 = Release|Any CPU
		{EF97BC9A-D840-4448-A06E-CB1CE5E91864}.AppStore|Any CPU.Deploy.0 = Release|Any CPU
		{EF97BC9A-D840-4448-A06E-CB1CE5E91864}.AppStore|ARM.ActiveCfg = Release|Any CPU
		{EF97BC9A-D840-4448-A06E-CB1CE5E91864}.AppStore|iPhone.ActiveCfg = Release|Any CPU
		{EF97BC9A-D840-4448-A06E-CB1CE5E91864}.AppStore|iPhoneSimulator.ActiveCfg = Release|Any CPU
		{EF97BC9A-D840-4448-A06E-CB1CE5E91864}.AppStore|Mixed Platforms.ActiveCfg = Release|Any CPU
		{EF97BC9A-D840-4448-A06E-CB1CE5E91864}.AppStore|Mixed Platforms.Build.0 = Release|Any CPU
		{EF97BC9A-D840-4448-A06E-CB1CE5E91864}.AppStore|Mixed Platforms.Deploy.0 = Release|Any CPU
		{EF97BC9A-D840-4448-A06E-CB1CE5E91864}.AppStore|x86.ActiveCfg = Release|Any CPU
		{EF97BC9A-D840-4448-A06E-CB1CE5E91864}.Debug|Any CPU.ActiveCfg = Debug|Any CPU
		{EF97BC9A-D840-4448-A06E-CB1CE5E91864}.Debug|Any CPU.Build.0 = Debug|Any CPU
		{EF97BC9A-D840-4448-A06E-CB1CE5E91864}.Debug|Any CPU.Deploy.0 = Debug|Any CPU
		{EF97BC9A-D840-4448-A06E-CB1CE5E91864}.Debug|ARM.ActiveCfg = Debug|Any CPU
		{EF97BC9A-D840-4448-A06E-CB1CE5E91864}.Debug|iPhone.ActiveCfg = Debug|Any CPU
		{EF97BC9A-D840-4448-A06E-CB1CE5E91864}.Debug|iPhoneSimulator.ActiveCfg = Debug|Any CPU
		{EF97BC9A-D840-4448-A06E-CB1CE5E91864}.Debug|Mixed Platforms.ActiveCfg = Debug|Any CPU
		{EF97BC9A-D840-4448-A06E-CB1CE5E91864}.Debug|Mixed Platforms.Build.0 = Debug|Any CPU
		{EF97BC9A-D840-4448-A06E-CB1CE5E91864}.Debug|Mixed Platforms.Deploy.0 = Debug|Any CPU
		{EF97BC9A-D840-4448-A06E-CB1CE5E91864}.Debug|x86.ActiveCfg = Debug|Any CPU
		{EF97BC9A-D840-4448-A06E-CB1CE5E91864}.Release|Any CPU.ActiveCfg = Release|Any CPU
		{EF97BC9A-D840-4448-A06E-CB1CE5E91864}.Release|Any CPU.Build.0 = Release|Any CPU
		{EF97BC9A-D840-4448-A06E-CB1CE5E91864}.Release|Any CPU.Deploy.0 = Release|Any CPU
		{EF97BC9A-D840-4448-A06E-CB1CE5E91864}.Release|ARM.ActiveCfg = Release|Any CPU
		{EF97BC9A-D840-4448-A06E-CB1CE5E91864}.Release|iPhone.ActiveCfg = Release|Any CPU
		{EF97BC9A-D840-4448-A06E-CB1CE5E91864}.Release|iPhoneSimulator.ActiveCfg = Release|Any CPU
		{EF97BC9A-D840-4448-A06E-CB1CE5E91864}.Release|Mixed Platforms.ActiveCfg = Release|Any CPU
		{EF97BC9A-D840-4448-A06E-CB1CE5E91864}.Release|Mixed Platforms.Build.0 = Release|Any CPU
		{EF97BC9A-D840-4448-A06E-CB1CE5E91864}.Release|Mixed Platforms.Deploy.0 = Release|Any CPU
		{EF97BC9A-D840-4448-A06E-CB1CE5E91864}.Release|x86.ActiveCfg = Release|Any CPU
		{EF97BC9A-D840-4448-A06E-CB1CE5E91864}.XuniDebug|Any CPU.ActiveCfg = Debug|Any CPU
		{EF97BC9A-D840-4448-A06E-CB1CE5E91864}.XuniDebug|Any CPU.Build.0 = Debug|Any CPU
		{EF97BC9A-D840-4448-A06E-CB1CE5E91864}.XuniDebug|Any CPU.Deploy.0 = Debug|Any CPU
		{EF97BC9A-D840-4448-A06E-CB1CE5E91864}.XuniDebug|ARM.ActiveCfg = Debug|Any CPU
		{EF97BC9A-D840-4448-A06E-CB1CE5E91864}.XuniDebug|iPhone.ActiveCfg = Debug|Any CPU
		{EF97BC9A-D840-4448-A06E-CB1CE5E91864}.XuniDebug|iPhoneSimulator.ActiveCfg = Debug|Any CPU
		{EF97BC9A-D840-4448-A06E-CB1CE5E91864}.XuniDebug|Mixed Platforms.ActiveCfg = Debug|Any CPU
		{EF97BC9A-D840-4448-A06E-CB1CE5E91864}.XuniDebug|Mixed Platforms.Build.0 = Debug|Any CPU
		{EF97BC9A-D840-4448-A06E-CB1CE5E91864}.XuniDebug|Mixed Platforms.Deploy.0 = Debug|Any CPU
		{EF97BC9A-D840-4448-A06E-CB1CE5E91864}.XuniDebug|x86.ActiveCfg = Debug|Any CPU
		{3055322F-CF7B-41EE-9507-435E3046F73D}.Ad-Hoc|Any CPU.ActiveCfg = Ad-Hoc|iPhone
		{3055322F-CF7B-41EE-9507-435E3046F73D}.Ad-Hoc|ARM.ActiveCfg = Ad-Hoc|iPhone
		{3055322F-CF7B-41EE-9507-435E3046F73D}.Ad-Hoc|iPhone.ActiveCfg = Ad-Hoc|iPhone
		{3055322F-CF7B-41EE-9507-435E3046F73D}.Ad-Hoc|iPhone.Build.0 = Ad-Hoc|iPhone
		{3055322F-CF7B-41EE-9507-435E3046F73D}.Ad-Hoc|iPhoneSimulator.ActiveCfg = Ad-Hoc|iPhoneSimulator
		{3055322F-CF7B-41EE-9507-435E3046F73D}.Ad-Hoc|iPhoneSimulator.Build.0 = Ad-Hoc|iPhoneSimulator
		{3055322F-CF7B-41EE-9507-435E3046F73D}.Ad-Hoc|Mixed Platforms.ActiveCfg = Ad-Hoc|iPhone
		{3055322F-CF7B-41EE-9507-435E3046F73D}.Ad-Hoc|Mixed Platforms.Build.0 = Ad-Hoc|iPhone
		{3055322F-CF7B-41EE-9507-435E3046F73D}.Ad-Hoc|x86.ActiveCfg = Ad-Hoc|iPhone
		{3055322F-CF7B-41EE-9507-435E3046F73D}.AppStore|Any CPU.ActiveCfg = AppStore|iPhone
		{3055322F-CF7B-41EE-9507-435E3046F73D}.AppStore|ARM.ActiveCfg = AppStore|iPhone
		{3055322F-CF7B-41EE-9507-435E3046F73D}.AppStore|iPhone.ActiveCfg = AppStore|iPhone
		{3055322F-CF7B-41EE-9507-435E3046F73D}.AppStore|iPhone.Build.0 = AppStore|iPhone
		{3055322F-CF7B-41EE-9507-435E3046F73D}.AppStore|iPhoneSimulator.ActiveCfg = AppStore|iPhoneSimulator
		{3055322F-CF7B-41EE-9507-435E3046F73D}.AppStore|iPhoneSimulator.Build.0 = AppStore|iPhoneSimulator
		{3055322F-CF7B-41EE-9507-435E3046F73D}.AppStore|Mixed Platforms.ActiveCfg = AppStore|iPhone
		{3055322F-CF7B-41EE-9507-435E3046F73D}.AppStore|Mixed Platforms.Build.0 = AppStore|iPhone
		{3055322F-CF7B-41EE-9507-435E3046F73D}.AppStore|x86.ActiveCfg = AppStore|iPhone
		{3055322F-CF7B-41EE-9507-435E3046F73D}.Debug|Any CPU.ActiveCfg = Debug|iPhone
		{3055322F-CF7B-41EE-9507-435E3046F73D}.Debug|Any CPU.Build.0 = Debug|iPhone
		{3055322F-CF7B-41EE-9507-435E3046F73D}.Debug|ARM.ActiveCfg = Debug|iPhone
		{3055322F-CF7B-41EE-9507-435E3046F73D}.Debug|iPhone.ActiveCfg = Debug|iPhone
		{3055322F-CF7B-41EE-9507-435E3046F73D}.Debug|iPhone.Build.0 = Debug|iPhone
		{3055322F-CF7B-41EE-9507-435E3046F73D}.Debug|iPhoneSimulator.ActiveCfg = Debug|iPhoneSimulator
		{3055322F-CF7B-41EE-9507-435E3046F73D}.Debug|iPhoneSimulator.Build.0 = Debug|iPhoneSimulator
		{3055322F-CF7B-41EE-9507-435E3046F73D}.Debug|Mixed Platforms.ActiveCfg = Debug|iPhone
		{3055322F-CF7B-41EE-9507-435E3046F73D}.Debug|Mixed Platforms.Build.0 = Debug|iPhone
		{3055322F-CF7B-41EE-9507-435E3046F73D}.Debug|x86.ActiveCfg = Debug|iPhone
		{3055322F-CF7B-41EE-9507-435E3046F73D}.Release|Any CPU.ActiveCfg = Release|iPhone
		{3055322F-CF7B-41EE-9507-435E3046F73D}.Release|ARM.ActiveCfg = Release|iPhone
		{3055322F-CF7B-41EE-9507-435E3046F73D}.Release|iPhone.ActiveCfg = Release|iPhone
		{3055322F-CF7B-41EE-9507-435E3046F73D}.Release|iPhone.Build.0 = Release|iPhone
		{3055322F-CF7B-41EE-9507-435E3046F73D}.Release|iPhoneSimulator.ActiveCfg = Release|iPhoneSimulator
		{3055322F-CF7B-41EE-9507-435E3046F73D}.Release|iPhoneSimulator.Build.0 = Release|iPhoneSimulator
		{3055322F-CF7B-41EE-9507-435E3046F73D}.Release|Mixed Platforms.ActiveCfg = Release|iPhone
		{3055322F-CF7B-41EE-9507-435E3046F73D}.Release|Mixed Platforms.Build.0 = Release|iPhone
		{3055322F-CF7B-41EE-9507-435E3046F73D}.Release|x86.ActiveCfg = Release|iPhone
		{3055322F-CF7B-41EE-9507-435E3046F73D}.XuniDebug|Any CPU.ActiveCfg = Debug|iPhone
		{3055322F-CF7B-41EE-9507-435E3046F73D}.XuniDebug|ARM.ActiveCfg = Debug|iPhone
		{3055322F-CF7B-41EE-9507-435E3046F73D}.XuniDebug|iPhone.ActiveCfg = Debug|iPhone
		{3055322F-CF7B-41EE-9507-435E3046F73D}.XuniDebug|iPhone.Build.0 = Debug|iPhone
		{3055322F-CF7B-41EE-9507-435E3046F73D}.XuniDebug|iPhoneSimulator.ActiveCfg = Debug|iPhoneSimulator
		{3055322F-CF7B-41EE-9507-435E3046F73D}.XuniDebug|iPhoneSimulator.Build.0 = Debug|iPhoneSimulator
		{3055322F-CF7B-41EE-9507-435E3046F73D}.XuniDebug|Mixed Platforms.ActiveCfg = Debug|iPhone
		{3055322F-CF7B-41EE-9507-435E3046F73D}.XuniDebug|Mixed Platforms.Build.0 = Debug|iPhone
		{3055322F-CF7B-41EE-9507-435E3046F73D}.XuniDebug|x86.ActiveCfg = Debug|iPhone
		{74FFB105-49DF-4322-9BD1-711001C39509}.Ad-Hoc|Any CPU.ActiveCfg = Release|Any CPU
		{74FFB105-49DF-4322-9BD1-711001C39509}.Ad-Hoc|Any CPU.Build.0 = Release|Any CPU
		{74FFB105-49DF-4322-9BD1-711001C39509}.Ad-Hoc|Any CPU.Deploy.0 = Release|Any CPU
		{74FFB105-49DF-4322-9BD1-711001C39509}.Ad-Hoc|ARM.ActiveCfg = Release|ARM
		{74FFB105-49DF-4322-9BD1-711001C39509}.Ad-Hoc|ARM.Build.0 = Release|ARM
		{74FFB105-49DF-4322-9BD1-711001C39509}.Ad-Hoc|ARM.Deploy.0 = Release|ARM
		{74FFB105-49DF-4322-9BD1-711001C39509}.Ad-Hoc|iPhone.ActiveCfg = Release|Any CPU
		{74FFB105-49DF-4322-9BD1-711001C39509}.Ad-Hoc|iPhoneSimulator.ActiveCfg = Release|Any CPU
		{74FFB105-49DF-4322-9BD1-711001C39509}.Ad-Hoc|Mixed Platforms.ActiveCfg = Release|x86
		{74FFB105-49DF-4322-9BD1-711001C39509}.Ad-Hoc|Mixed Platforms.Build.0 = Release|x86
		{74FFB105-49DF-4322-9BD1-711001C39509}.Ad-Hoc|Mixed Platforms.Deploy.0 = Release|x86
		{74FFB105-49DF-4322-9BD1-711001C39509}.Ad-Hoc|x86.ActiveCfg = Release|x86
		{74FFB105-49DF-4322-9BD1-711001C39509}.Ad-Hoc|x86.Build.0 = Release|x86
		{74FFB105-49DF-4322-9BD1-711001C39509}.Ad-Hoc|x86.Deploy.0 = Release|x86
		{74FFB105-49DF-4322-9BD1-711001C39509}.AppStore|Any CPU.ActiveCfg = Release|Any CPU
		{74FFB105-49DF-4322-9BD1-711001C39509}.AppStore|Any CPU.Build.0 = Release|Any CPU
		{74FFB105-49DF-4322-9BD1-711001C39509}.AppStore|Any CPU.Deploy.0 = Release|Any CPU
		{74FFB105-49DF-4322-9BD1-711001C39509}.AppStore|ARM.ActiveCfg = Release|ARM
		{74FFB105-49DF-4322-9BD1-711001C39509}.AppStore|ARM.Build.0 = Release|ARM
		{74FFB105-49DF-4322-9BD1-711001C39509}.AppStore|ARM.Deploy.0 = Release|ARM
		{74FFB105-49DF-4322-9BD1-711001C39509}.AppStore|iPhone.ActiveCfg = Release|Any CPU
		{74FFB105-49DF-4322-9BD1-711001C39509}.AppStore|iPhoneSimulator.ActiveCfg = Release|Any CPU
		{74FFB105-49DF-4322-9BD1-711001C39509}.AppStore|Mixed Platforms.ActiveCfg = Release|x86
		{74FFB105-49DF-4322-9BD1-711001C39509}.AppStore|Mixed Platforms.Build.0 = Release|x86
		{74FFB105-49DF-4322-9BD1-711001C39509}.AppStore|Mixed Platforms.Deploy.0 = Release|x86
		{74FFB105-49DF-4322-9BD1-711001C39509}.AppStore|x86.ActiveCfg = Release|x86
		{74FFB105-49DF-4322-9BD1-711001C39509}.AppStore|x86.Build.0 = Release|x86
		{74FFB105-49DF-4322-9BD1-711001C39509}.AppStore|x86.Deploy.0 = Release|x86
		{74FFB105-49DF-4322-9BD1-711001C39509}.Debug|Any CPU.ActiveCfg = Debug|Any CPU
		{74FFB105-49DF-4322-9BD1-711001C39509}.Debug|Any CPU.Build.0 = Debug|Any CPU
		{74FFB105-49DF-4322-9BD1-711001C39509}.Debug|Any CPU.Deploy.0 = Debug|Any CPU
		{74FFB105-49DF-4322-9BD1-711001C39509}.Debug|ARM.ActiveCfg = Debug|ARM
		{74FFB105-49DF-4322-9BD1-711001C39509}.Debug|ARM.Build.0 = Debug|ARM
		{74FFB105-49DF-4322-9BD1-711001C39509}.Debug|ARM.Deploy.0 = Debug|ARM
		{74FFB105-49DF-4322-9BD1-711001C39509}.Debug|iPhone.ActiveCfg = Debug|Any CPU
		{74FFB105-49DF-4322-9BD1-711001C39509}.Debug|iPhoneSimulator.ActiveCfg = Debug|Any CPU
		{74FFB105-49DF-4322-9BD1-711001C39509}.Debug|Mixed Platforms.ActiveCfg = Debug|x86
		{74FFB105-49DF-4322-9BD1-711001C39509}.Debug|Mixed Platforms.Build.0 = Debug|x86
		{74FFB105-49DF-4322-9BD1-711001C39509}.Debug|Mixed Platforms.Deploy.0 = Debug|x86
		{74FFB105-49DF-4322-9BD1-711001C39509}.Debug|x86.ActiveCfg = Debug|x86
		{74FFB105-49DF-4322-9BD1-711001C39509}.Debug|x86.Build.0 = Debug|x86
		{74FFB105-49DF-4322-9BD1-711001C39509}.Debug|x86.Deploy.0 = Debug|x86
		{74FFB105-49DF-4322-9BD1-711001C39509}.Release|Any CPU.ActiveCfg = Release|Any CPU
		{74FFB105-49DF-4322-9BD1-711001C39509}.Release|Any CPU.Build.0 = Release|Any CPU
		{74FFB105-49DF-4322-9BD1-711001C39509}.Release|Any CPU.Deploy.0 = Release|Any CPU
		{74FFB105-49DF-4322-9BD1-711001C39509}.Release|ARM.ActiveCfg = Release|ARM
		{74FFB105-49DF-4322-9BD1-711001C39509}.Release|ARM.Build.0 = Release|ARM
		{74FFB105-49DF-4322-9BD1-711001C39509}.Release|ARM.Deploy.0 = Release|ARM
		{74FFB105-49DF-4322-9BD1-711001C39509}.Release|iPhone.ActiveCfg = Release|Any CPU
		{74FFB105-49DF-4322-9BD1-711001C39509}.Release|iPhoneSimulator.ActiveCfg = Release|Any CPU
		{74FFB105-49DF-4322-9BD1-711001C39509}.Release|Mixed Platforms.ActiveCfg = Release|x86
		{74FFB105-49DF-4322-9BD1-711001C39509}.Release|Mixed Platforms.Build.0 = Release|x86
		{74FFB105-49DF-4322-9BD1-711001C39509}.Release|Mixed Platforms.Deploy.0 = Release|x86
		{74FFB105-49DF-4322-9BD1-711001C39509}.Release|x86.ActiveCfg = Release|x86
		{74FFB105-49DF-4322-9BD1-711001C39509}.Release|x86.Build.0 = Release|x86
		{74FFB105-49DF-4322-9BD1-711001C39509}.Release|x86.Deploy.0 = Release|x86
		{74FFB105-49DF-4322-9BD1-711001C39509}.XuniDebug|Any CPU.ActiveCfg = Debug|Any CPU
		{74FFB105-49DF-4322-9BD1-711001C39509}.XuniDebug|Any CPU.Build.0 = Debug|Any CPU
		{74FFB105-49DF-4322-9BD1-711001C39509}.XuniDebug|Any CPU.Deploy.0 = Debug|Any CPU
		{74FFB105-49DF-4322-9BD1-711001C39509}.XuniDebug|ARM.ActiveCfg = Debug|ARM
		{74FFB105-49DF-4322-9BD1-711001C39509}.XuniDebug|ARM.Build.0 = Debug|ARM
		{74FFB105-49DF-4322-9BD1-711001C39509}.XuniDebug|ARM.Deploy.0 = Debug|ARM
		{74FFB105-49DF-4322-9BD1-711001C39509}.XuniDebug|iPhone.ActiveCfg = Debug|Any CPU
		{74FFB105-49DF-4322-9BD1-711001C39509}.XuniDebug|iPhoneSimulator.ActiveCfg = Debug|Any CPU
		{74FFB105-49DF-4322-9BD1-711001C39509}.XuniDebug|Mixed Platforms.ActiveCfg = Debug|x86
		{74FFB105-49DF-4322-9BD1-711001C39509}.XuniDebug|Mixed Platforms.Build.0 = Debug|x86
		{74FFB105-49DF-4322-9BD1-711001C39509}.XuniDebug|Mixed Platforms.Deploy.0 = Debug|x86
		{74FFB105-49DF-4322-9BD1-711001C39509}.XuniDebug|x86.ActiveCfg = Debug|x86
		{74FFB105-49DF-4322-9BD1-711001C39509}.XuniDebug|x86.Build.0 = Debug|x86
		{74FFB105-49DF-4322-9BD1-711001C39509}.XuniDebug|x86.Deploy.0 = Debug|x86
	EndGlobalSection
	GlobalSection(SolutionProperties) = preSolution
		HideSolutionNode = FALSE
	EndGlobalSection
	GlobalSection(NestedProjects) = preSolution
		{05C9D0DA-B73B-4733-9F79-58563173F9B7} = {6ED690D3-390C-486C-8F0C-5D54C914663B}
		{EF97BC9A-D840-4448-A06E-CB1CE5E91864} = {6ED690D3-390C-486C-8F0C-5D54C914663B}
		{3055322F-CF7B-41EE-9507-435E3046F73D} = {6ED690D3-390C-486C-8F0C-5D54C914663B}
		{74FFB105-49DF-4322-9BD1-711001C39509} = {6ED690D3-390C-486C-8F0C-5D54C914663B}
	EndGlobalSection
	GlobalSection(MonoDevelopProperties) = preSolution
		StartupItem = FlexChartDemo\FlexChartDemo.iOS\FlexChartDemo.iOS.csproj
	EndGlobalSection
EndGlobal
