
Microsoft Visual Studio Solution File, Format Version 12.00
# Visual Studio 2012
Project("{2150E333-8FDC-42A3-9474-1A3956D46DE8}") = "FlexPie101", "FlexPie101", "{C11481B7-C042-4F7D-85AB-604E9F6AEF56}"
EndProject
Project("{FAE04EC0-301F-11D3-BF4B-00C04F79EFBC}") = "FlexPie101", "FlexPie101\FlexPie101\FlexPie101.csproj", "{5072E152-8EFC-4432-99E6-535B23FFA06E}"
EndProject
Project("{FAE04EC0-301F-11D3-BF4B-00C04F79EFBC}") = "FlexPie101.Android", "FlexPie101\FlexPie101.Android\FlexPie101.Android.csproj", "{9FD8F2E8-9F71-4817-88AA-BEA59504D65E}"
EndProject
Project("{FAE04EC0-301F-11D3-BF4B-00C04F79EFBC}") = "FlexPie101.iOS", "FlexPie101\FlexPie101.iOS\FlexPie101.iOS.csproj", "{631AD6E0-F34A-4E61-BDFE-CE70BBE305A6}"
EndProject
Project("{FAE04EC0-301F-11D3-BF4B-00C04F79EFBC}") = "FlexPie101.WinPhone", "FlexPie101\FlexPie101.WinPhone\FlexPie101.WinPhone.csproj", "{FDF94C06-8925-4162-A70A-860A39426D40}"
EndProject
Project("{FAE04EC0-301F-11D3-BF4B-00C04F79EFBC}") = "FlexPie101.Data", "FlexPie101.Data\FlexPie101.Data.csproj", "{B38046CC-C922-459A-98FE-8AA3BF0D205F}"
EndProject
Global
	GlobalSection(SolutionConfigurationPlatforms) = preSolution
		Debug|Any CPU = Debug|Any CPU
		Debug|iPhone = Debug|iPhone
		Debug|iPhoneSimulator = Debug|iPhoneSimulator
		Debug|Mixed Platforms = Debug|Mixed Platforms
		Release|Any CPU = Release|Any CPU
		Release|iPhone = Release|iPhone
		Release|iPhoneSimulator = Release|iPhoneSimulator
		Release|Mixed Platforms = Release|Mixed Platforms
	EndGlobalSection
	GlobalSection(ProjectConfigurationPlatforms) = postSolution
		{5072E152-8EFC-4432-99E6-535B23FFA06E}.Debug|Any CPU.ActiveCfg = Debug|Any CPU
		{5072E152-8EFC-4432-99E6-535B23FFA06E}.Debug|Any CPU.Build.0 = Debug|Any CPU
		{5072E152-8EFC-4432-99E6-535B23FFA06E}.Debug|iPhone.ActiveCfg = Debug|Any CPU
		{5072E152-8EFC-4432-99E6-535B23FFA06E}.Debug|iPhone.Build.0 = Debug|Any CPU
		{5072E152-8EFC-4432-99E6-535B23FFA06E}.Debug|iPhoneSimulator.ActiveCfg = Debug|Any CPU
		{5072E152-8EFC-4432-99E6-535B23FFA06E}.Debug|iPhoneSimulator.Build.0 = Debug|Any CPU
		{5072E152-8EFC-4432-99E6-535B23FFA06E}.Debug|Mixed Platforms.ActiveCfg = Debug|Any CPU
		{5072E152-8EFC-4432-99E6-535B23FFA06E}.Debug|Mixed Platforms.Build.0 = Debug|Any CPU
		{5072E152-8EFC-4432-99E6-535B23FFA06E}.Release|Any CPU.ActiveCfg = Release|Any CPU
		{5072E152-8EFC-4432-99E6-535B23FFA06E}.Release|Any CPU.Build.0 = Release|Any CPU
		{5072E152-8EFC-4432-99E6-535B23FFA06E}.Release|iPhone.ActiveCfg = Release|Any CPU
		{5072E152-8EFC-4432-99E6-535B23FFA06E}.Release|iPhone.Build.0 = Release|Any CPU
		{5072E152-8EFC-4432-99E6-535B23FFA06E}.Release|iPhoneSimulator.ActiveCfg = Release|Any CPU
		{5072E152-8EFC-4432-99E6-535B23FFA06E}.Release|iPhoneSimulator.Build.0 = Release|Any CPU
		{5072E152-8EFC-4432-99E6-535B23FFA06E}.Release|Mixed Platforms.ActiveCfg = Release|Any CPU
		{5072E152-8EFC-4432-99E6-535B23FFA06E}.Release|Mixed Platforms.Build.0 = Release|Any CPU
		{631AD6E0-F34A-4E61-BDFE-CE70BBE305A6}.Debug|Any CPU.ActiveCfg = Debug|iPhone
		{631AD6E0-F34A-4E61-BDFE-CE70BBE305A6}.Debug|Any CPU.Build.0 = Debug|iPhone
		{631AD6E0-F34A-4E61-BDFE-CE70BBE305A6}.Debug|iPhone.ActiveCfg = Debug|iPhone
		{631AD6E0-F34A-4E61-BDFE-CE70BBE305A6}.Debug|iPhone.Build.0 = Debug|iPhone
		{631AD6E0-F34A-4E61-BDFE-CE70BBE305A6}.Debug|iPhoneSimulator.ActiveCfg = Debug|iPhoneSimulator
		{631AD6E0-F34A-4E61-BDFE-CE70BBE305A6}.Debug|iPhoneSimulator.Build.0 = Debug|iPhoneSimulator
		{631AD6E0-F34A-4E61-BDFE-CE70BBE305A6}.Debug|Mixed Platforms.ActiveCfg = Debug|iPhoneSimulator
		{631AD6E0-F34A-4E61-BDFE-CE70BBE305A6}.Debug|Mixed Platforms.Build.0 = Debug|iPhoneSimulator
		{631AD6E0-F34A-4E61-BDFE-CE70BBE305A6}.Release|Any CPU.ActiveCfg = Release|iPhone
		{631AD6E0-F34A-4E61-BDFE-CE70BBE305A6}.Release|Any CPU.Build.0 = Release|iPhone
		{631AD6E0-F34A-4E61-BDFE-CE70BBE305A6}.Release|iPhone.ActiveCfg = Release|iPhone
		{631AD6E0-F34A-4E61-BDFE-CE70BBE305A6}.Release|iPhone.Build.0 = Release|iPhone
		{631AD6E0-F34A-4E61-BDFE-CE70BBE305A6}.Release|iPhoneSimulator.ActiveCfg = Release|iPhoneSimulator
		{631AD6E0-F34A-4E61-BDFE-CE70BBE305A6}.Release|iPhoneSimulator.Build.0 = Release|iPhoneSimulator
		{631AD6E0-F34A-4E61-BDFE-CE70BBE305A6}.Release|Mixed Platforms.ActiveCfg = Release|iPhoneSimulator
		{631AD6E0-F34A-4E61-BDFE-CE70BBE305A6}.Release|Mixed Platforms.Build.0 = Release|iPhoneSimulator
		{9FD8F2E8-9F71-4817-88AA-BEA59504D65E}.Debug|Any CPU.ActiveCfg = Debug|Any CPU
		{9FD8F2E8-9F71-4817-88AA-BEA59504D65E}.Debug|Any CPU.Build.0 = Debug|Any CPU
		{9FD8F2E8-9F71-4817-88AA-BEA59504D65E}.Debug|Any CPU.Deploy.0 = Debug|Any CPU
		{9FD8F2E8-9F71-4817-88AA-BEA59504D65E}.Debug|iPhone.ActiveCfg = Debug|Any CPU
		{9FD8F2E8-9F71-4817-88AA-BEA59504D65E}.Debug|iPhone.Build.0 = Debug|Any CPU
		{9FD8F2E8-9F71-4817-88AA-BEA59504D65E}.Debug|iPhoneSimulator.ActiveCfg = Debug|Any CPU
		{9FD8F2E8-9F71-4817-88AA-BEA59504D65E}.Debug|iPhoneSimulator.Build.0 = Debug|Any CPU
		{9FD8F2E8-9F71-4817-88AA-BEA59504D65E}.Debug|Mixed Platforms.ActiveCfg = Debug|Any CPU
		{9FD8F2E8-9F71-4817-88AA-BEA59504D65E}.Release|Any CPU.ActiveCfg = Release|Any CPU
		{9FD8F2E8-9F71-4817-88AA-BEA59504D65E}.Release|Any CPU.Build.0 = Release|Any CPU
		{9FD8F2E8-9F71-4817-88AA-BEA59504D65E}.Release|Any CPU.Deploy.0 = Release|Any CPU
		{9FD8F2E8-9F71-4817-88AA-BEA59504D65E}.Release|iPhone.ActiveCfg = Release|Any CPU
		{9FD8F2E8-9F71-4817-88AA-BEA59504D65E}.Release|iPhone.Build.0 = Release|Any CPU
		{9FD8F2E8-9F71-4817-88AA-BEA59504D65E}.Release|iPhoneSimulator.ActiveCfg = Release|Any CPU
		{9FD8F2E8-9F71-4817-88AA-BEA59504D65E}.Release|iPhoneSimulator.Build.0 = Release|Any CPU
		{9FD8F2E8-9F71-4817-88AA-BEA59504D65E}.Release|Mixed Platforms.ActiveCfg = Release|Any CPU
		{B38046CC-C922-459A-98FE-8AA3BF0D205F}.Debug|Any CPU.ActiveCfg = Debug|Any CPU
		{B38046CC-C922-459A-98FE-8AA3BF0D205F}.Debug|Any CPU.Build.0 = Debug|Any CPU
		{B38046CC-C922-459A-98FE-8AA3BF0D205F}.Debug|iPhone.ActiveCfg = Debug|Any CPU
		{B38046CC-C922-459A-98FE-8AA3BF0D205F}.Debug|iPhone.Build.0 = Debug|Any CPU
		{B38046CC-C922-459A-98FE-8AA3BF0D205F}.Debug|iPhoneSimulator.ActiveCfg = Debug|Any CPU
		{B38046CC-C922-459A-98FE-8AA3BF0D205F}.Debug|iPhoneSimulator.Build.0 = Debug|Any CPU
		{B38046CC-C922-459A-98FE-8AA3BF0D205F}.Debug|Mixed Platforms.ActiveCfg = Debug|Any CPU
		{B38046CC-C922-459A-98FE-8AA3BF0D205F}.Debug|Mixed Platforms.Build.0 = Debug|Any CPU
		{B38046CC-C922-459A-98FE-8AA3BF0D205F}.Release|Any CPU.ActiveCfg = Release|Any CPU
		{B38046CC-C922-459A-98FE-8AA3BF0D205F}.Release|Any CPU.Build.0 = Release|Any CPU
		{B38046CC-C922-459A-98FE-8AA3BF0D205F}.Release|iPhone.ActiveCfg = Release|Any CPU
		{B38046CC-C922-459A-98FE-8AA3BF0D205F}.Release|iPhone.Build.0 = Release|Any CPU
		{B38046CC-C922-459A-98FE-8AA3BF0D205F}.Release|iPhoneSimulator.ActiveCfg = Release|Any CPU
		{B38046CC-C922-459A-98FE-8AA3BF0D205F}.Release|iPhoneSimulator.Build.0 = Release|Any CPU
		{B38046CC-C922-459A-98FE-8AA3BF0D205F}.Release|Mixed Platforms.ActiveCfg = Release|Any CPU
		{B38046CC-C922-459A-98FE-8AA3BF0D205F}.Release|Mixed Platforms.Build.0 = Release|Any CPU
		{FDF94C06-8925-4162-A70A-860A39426D40}.Debug|Any CPU.ActiveCfg = Debug|Any CPU
		{FDF94C06-8925-4162-A70A-860A39426D40}.Debug|Any CPU.Build.0 = Debug|Any CPU
		{FDF94C06-8925-4162-A70A-860A39426D40}.Debug|Any CPU.Deploy.0 = Debug|Any CPU
		{FDF94C06-8925-4162-A70A-860A39426D40}.Debug|iPhone.ActiveCfg = Debug|Any CPU
		{FDF94C06-8925-4162-A70A-860A39426D40}.Debug|iPhone.Build.0 = Debug|Any CPU
		{FDF94C06-8925-4162-A70A-860A39426D40}.Debug|iPhoneSimulator.ActiveCfg = Debug|Any CPU
		{FDF94C06-8925-4162-A70A-860A39426D40}.Debug|iPhoneSimulator.Build.0 = Debug|Any CPU
		{FDF94C06-8925-4162-A70A-860A39426D40}.Debug|Mixed Platforms.ActiveCfg = Debug|Any CPU
		{FDF94C06-8925-4162-A70A-860A39426D40}.Debug|Mixed Platforms.Build.0 = Debug|Any CPU
		{FDF94C06-8925-4162-A70A-860A39426D40}.Debug|Mixed Platforms.Deploy.0 = Debug|Any CPU
		{FDF94C06-8925-4162-A70A-860A39426D40}.Release|Any CPU.ActiveCfg = Release|Any CPU
		{FDF94C06-8925-4162-A70A-860A39426D40}.Release|Any CPU.Build.0 = Release|Any CPU
		{FDF94C06-8925-4162-A70A-860A39426D40}.Release|Any CPU.Deploy.0 = Release|Any CPU
		{FDF94C06-8925-4162-A70A-860A39426D40}.Release|iPhone.ActiveCfg = Release|Any CPU
		{FDF94C06-8925-4162-A70A-860A39426D40}.Release|iPhone.Build.0 = Release|Any CPU
		{FDF94C06-8925-4162-A70A-860A39426D40}.Release|iPhoneSimulator.ActiveCfg = Release|Any CPU
		{FDF94C06-8925-4162-A70A-860A39426D40}.Release|iPhoneSimulator.Build.0 = Release|Any CPU
		{FDF94C06-8925-4162-A70A-860A39426D40}.Release|Mixed Platforms.ActiveCfg = Release|Any CPU
	EndGlobalSection
	GlobalSection(NestedProjects) = preSolution
		{5072E152-8EFC-4432-99E6-535B23FFA06E} = {C11481B7-C042-4F7D-85AB-604E9F6AEF56}
		{9FD8F2E8-9F71-4817-88AA-BEA59504D65E} = {C11481B7-C042-4F7D-85AB-604E9F6AEF56}
		{631AD6E0-F34A-4E61-BDFE-CE70BBE305A6} = {C11481B7-C042-4F7D-85AB-604E9F6AEF56}
		{FDF94C06-8925-4162-A70A-860A39426D40} = {C11481B7-C042-4F7D-85AB-604E9F6AEF56}
	EndGlobalSection
	GlobalSection(SolutionProperties) = preSolution
		HideSolutionNode = FALSE
	EndGlobalSection
EndGlobal
