
Microsoft Visual Studio Solution File, Format Version 12.00
# Visual Studio 14
Project("{FAE04EC0-301F-11D3-BF4B-00C04F79EFBC}") = "Calendar101.Xamarin", "Calendar101.Xamarin\Calendar101.Xamarin.csproj", "{EC8A7D10-0E39-4D5B-8011-6C702DCB719F}"
EndProject
Project("{FAE04EC0-301F-11D3-BF4B-00C04F79EFBC}") = "Calendar101.WinPhone", "Calendar101.WinPhone\Calendar101.WinPhone.csproj", "{6211822A-289A-4638-8171-C284CC1EB39F}"
EndProject
Project("{FAE04EC0-301F-11D3-BF4B-00C04F79EFBC}") = "Calendar101.Android", "Calendar101.Android\Calendar101.Android.csproj", "{BCDA1B1D-7C74-434A-BBAD-0C3005D9FAAD}"
EndProject
Project("{FAE04EC0-301F-11D3-BF4B-00C04F79EFBC}") = "Calendar101.iOS", "Calendar101.iOS\Calendar101.iOS.csproj", "{A02F6473-6FFD-4E65-8A54-2CADC14E37DF}"
EndProject
Global
	GlobalSection(SolutionConfigurationPlatforms) = preSolution
		AppStore|Any CPU = AppStore|Any CPU
		AppStore|iPhone = AppStore|iPhone
		AppStore|iPhoneSimulator = AppStore|iPhoneSimulator
		Debug|Any CPU = Debug|Any CPU
		Debug|iPhone = Debug|iPhone
		Debug|iPhoneSimulator = Debug|iPhoneSimulator
		GRAPECITY|Any CPU = GRAPECITY|Any CPU
		GRAPECITY|iPhone = GRAPECITY|iPhone
		GRAPECITY|iPhoneSimulator = GRAPECITY|iPhoneSimulator
		Release|Any CPU = Release|Any CPU
		Release|iPhone = Release|iPhone
		Release|iPhoneSimulator = Release|iPhoneSimulator
	EndGlobalSection
	GlobalSection(ProjectConfigurationPlatforms) = postSolution
		{EC8A7D10-0E39-4D5B-8011-6C702DCB719F}.AppStore|Any CPU.ActiveCfg = Release|Any CPU
		{EC8A7D10-0E39-4D5B-8011-6C702DCB719F}.AppStore|Any CPU.Build.0 = Release|Any CPU
		{EC8A7D10-0E39-4D5B-8011-6C702DCB719F}.AppStore|iPhone.ActiveCfg = Release|Any CPU
		{EC8A7D10-0E39-4D5B-8011-6C702DCB719F}.AppStore|iPhone.Build.0 = Release|Any CPU
		{EC8A7D10-0E39-4D5B-8011-6C702DCB719F}.AppStore|iPhoneSimulator.ActiveCfg = Release|Any CPU
		{EC8A7D10-0E39-4D5B-8011-6C702DCB719F}.AppStore|iPhoneSimulator.Build.0 = Release|Any CPU
		{EC8A7D10-0E39-4D5B-8011-6C702DCB719F}.Debug|Any CPU.ActiveCfg = Debug|Any CPU
		{EC8A7D10-0E39-4D5B-8011-6C702DCB719F}.Debug|Any CPU.Build.0 = Debug|Any CPU
		{EC8A7D10-0E39-4D5B-8011-6C702DCB719F}.Debug|iPhone.ActiveCfg = Debug|Any CPU
		{EC8A7D10-0E39-4D5B-8011-6C702DCB719F}.Debug|iPhone.Build.0 = Debug|Any CPU
		{EC8A7D10-0E39-4D5B-8011-6C702DCB719F}.Debug|iPhoneSimulator.ActiveCfg = Debug|Any CPU
		{EC8A7D10-0E39-4D5B-8011-6C702DCB719F}.Debug|iPhoneSimulator.Build.0 = Debug|Any CPU
		{EC8A7D10-0E39-4D5B-8011-6C702DCB719F}.GRAPECITY|Any CPU.ActiveCfg = Release|Any CPU
		{EC8A7D10-0E39-4D5B-8011-6C702DCB719F}.GRAPECITY|Any CPU.Build.0 = Release|Any CPU
		{EC8A7D10-0E39-4D5B-8011-6C702DCB719F}.GRAPECITY|iPhone.ActiveCfg = Release|Any CPU
		{EC8A7D10-0E39-4D5B-8011-6C702DCB719F}.GRAPECITY|iPhone.Build.0 = Release|Any CPU
		{EC8A7D10-0E39-4D5B-8011-6C702DCB719F}.GRAPECITY|iPhoneSimulator.ActiveCfg = Release|Any CPU
		{EC8A7D10-0E39-4D5B-8011-6C702DCB719F}.GRAPECITY|iPhoneSimulator.Build.0 = Release|Any CPU
		{EC8A7D10-0E39-4D5B-8011-6C702DCB719F}.Release|Any CPU.ActiveCfg = Release|Any CPU
		{EC8A7D10-0E39-4D5B-8011-6C702DCB719F}.Release|Any CPU.Build.0 = Release|Any CPU
		{EC8A7D10-0E39-4D5B-8011-6C702DCB719F}.Release|iPhone.ActiveCfg = Release|Any CPU
		{EC8A7D10-0E39-4D5B-8011-6C702DCB719F}.Release|iPhone.Build.0 = Release|Any CPU
		{EC8A7D10-0E39-4D5B-8011-6C702DCB719F}.Release|iPhoneSimulator.ActiveCfg = Release|Any CPU
		{EC8A7D10-0E39-4D5B-8011-6C702DCB719F}.Release|iPhoneSimulator.Build.0 = Release|Any CPU
		{6211822A-289A-4638-8171-C284CC1EB39F}.AppStore|Any CPU.ActiveCfg = Release|Any CPU
		{6211822A-289A-4638-8171-C284CC1EB39F}.AppStore|Any CPU.Build.0 = Release|Any CPU
		{6211822A-289A-4638-8171-C284CC1EB39F}.AppStore|Any CPU.Deploy.0 = Release|Any CPU
		{6211822A-289A-4638-8171-C284CC1EB39F}.AppStore|iPhone.ActiveCfg = Release|Any CPU
		{6211822A-289A-4638-8171-C284CC1EB39F}.AppStore|iPhone.Build.0 = Release|Any CPU
		{6211822A-289A-4638-8171-C284CC1EB39F}.AppStore|iPhone.Deploy.0 = Release|Any CPU
		{6211822A-289A-4638-8171-C284CC1EB39F}.AppStore|iPhoneSimulator.ActiveCfg = Release|Any CPU
		{6211822A-289A-4638-8171-C284CC1EB39F}.AppStore|iPhoneSimulator.Build.0 = Release|Any CPU
		{6211822A-289A-4638-8171-C284CC1EB39F}.AppStore|iPhoneSimulator.Deploy.0 = Release|Any CPU
		{6211822A-289A-4638-8171-C284CC1EB39F}.Debug|Any CPU.ActiveCfg = Debug|Any CPU
		{6211822A-289A-4638-8171-C284CC1EB39F}.Debug|Any CPU.Build.0 = Debug|Any CPU
		{6211822A-289A-4638-8171-C284CC1EB39F}.Debug|Any CPU.Deploy.0 = Debug|Any CPU
		{6211822A-289A-4638-8171-C284CC1EB39F}.Debug|iPhone.ActiveCfg = Debug|Any CPU
		{6211822A-289A-4638-8171-C284CC1EB39F}.Debug|iPhone.Build.0 = Debug|Any CPU
		{6211822A-289A-4638-8171-C284CC1EB39F}.Debug|iPhoneSimulator.ActiveCfg = Debug|Any CPU
		{6211822A-289A-4638-8171-C284CC1EB39F}.Debug|iPhoneSimulator.Build.0 = Debug|Any CPU
		{6211822A-289A-4638-8171-C284CC1EB39F}.GRAPECITY|Any CPU.ActiveCfg = Release|Any CPU
		{6211822A-289A-4638-8171-C284CC1EB39F}.GRAPECITY|Any CPU.Build.0 = Release|Any CPU
		{6211822A-289A-4638-8171-C284CC1EB39F}.GRAPECITY|Any CPU.Deploy.0 = Release|Any CPU
		{6211822A-289A-4638-8171-C284CC1EB39F}.GRAPECITY|iPhone.ActiveCfg = Release|Any CPU
		{6211822A-289A-4638-8171-C284CC1EB39F}.GRAPECITY|iPhone.Build.0 = Release|Any CPU
		{6211822A-289A-4638-8171-C284CC1EB39F}.GRAPECITY|iPhone.Deploy.0 = Release|Any CPU
		{6211822A-289A-4638-8171-C284CC1EB39F}.GRAPECITY|iPhoneSimulator.ActiveCfg = Release|Any CPU
		{6211822A-289A-4638-8171-C284CC1EB39F}.GRAPECITY|iPhoneSimulator.Build.0 = Release|Any CPU
		{6211822A-289A-4638-8171-C284CC1EB39F}.GRAPECITY|iPhoneSimulator.Deploy.0 = Release|Any CPU
		{6211822A-289A-4638-8171-C284CC1EB39F}.Release|Any CPU.ActiveCfg = Release|Any CPU
		{6211822A-289A-4638-8171-C284CC1EB39F}.Release|Any CPU.Build.0 = Release|Any CPU
		{6211822A-289A-4638-8171-C284CC1EB39F}.Release|Any CPU.Deploy.0 = Release|Any CPU
		{6211822A-289A-4638-8171-C284CC1EB39F}.Release|iPhone.ActiveCfg = Release|Any CPU
		{6211822A-289A-4638-8171-C284CC1EB39F}.Release|iPhone.Build.0 = Release|Any CPU
		{6211822A-289A-4638-8171-C284CC1EB39F}.Release|iPhoneSimulator.ActiveCfg = Release|Any CPU
		{6211822A-289A-4638-8171-C284CC1EB39F}.Release|iPhoneSimulator.Build.0 = Release|Any CPU
		{BCDA1B1D-7C74-434A-BBAD-0C3005D9FAAD}.AppStore|Any CPU.ActiveCfg = Release|Any CPU
		{BCDA1B1D-7C74-434A-BBAD-0C3005D9FAAD}.AppStore|Any CPU.Build.0 = Release|Any CPU
		{BCDA1B1D-7C74-434A-BBAD-0C3005D9FAAD}.AppStore|Any CPU.Deploy.0 = Release|Any CPU
		{BCDA1B1D-7C74-434A-BBAD-0C3005D9FAAD}.AppStore|iPhone.ActiveCfg = Release|Any CPU
		{BCDA1B1D-7C74-434A-BBAD-0C3005D9FAAD}.AppStore|iPhone.Build.0 = Release|Any CPU
		{BCDA1B1D-7C74-434A-BBAD-0C3005D9FAAD}.AppStore|iPhone.Deploy.0 = Release|Any CPU
		{BCDA1B1D-7C74-434A-BBAD-0C3005D9FAAD}.AppStore|iPhoneSimulator.ActiveCfg = Release|Any CPU
		{BCDA1B1D-7C74-434A-BBAD-0C3005D9FAAD}.AppStore|iPhoneSimulator.Build.0 = Release|Any CPU
		{BCDA1B1D-7C74-434A-BBAD-0C3005D9FAAD}.AppStore|iPhoneSimulator.Deploy.0 = Release|Any CPU
		{BCDA1B1D-7C74-434A-BBAD-0C3005D9FAAD}.Debug|Any CPU.ActiveCfg = Debug|Any CPU
		{BCDA1B1D-7C74-434A-BBAD-0C3005D9FAAD}.Debug|Any CPU.Build.0 = Debug|Any CPU
		{BCDA1B1D-7C74-434A-BBAD-0C3005D9FAAD}.Debug|Any CPU.Deploy.0 = Debug|Any CPU
		{BCDA1B1D-7C74-434A-BBAD-0C3005D9FAAD}.Debug|iPhone.ActiveCfg = Debug|Any CPU
		{BCDA1B1D-7C74-434A-BBAD-0C3005D9FAAD}.Debug|iPhone.Build.0 = Debug|Any CPU
		{BCDA1B1D-7C74-434A-BBAD-0C3005D9FAAD}.Debug|iPhoneSimulator.ActiveCfg = Debug|Any CPU
		{BCDA1B1D-7C74-434A-BBAD-0C3005D9FAAD}.Debug|iPhoneSimulator.Build.0 = Debug|Any CPU
		{BCDA1B1D-7C74-434A-BBAD-0C3005D9FAAD}.GRAPECITY|Any CPU.ActiveCfg = Release|Any CPU
		{BCDA1B1D-7C74-434A-BBAD-0C3005D9FAAD}.GRAPECITY|Any CPU.Build.0 = Release|Any CPU
		{BCDA1B1D-7C74-434A-BBAD-0C3005D9FAAD}.GRAPECITY|Any CPU.Deploy.0 = Release|Any CPU
		{BCDA1B1D-7C74-434A-BBAD-0C3005D9FAAD}.GRAPECITY|iPhone.ActiveCfg = Release|Any CPU
		{BCDA1B1D-7C74-434A-BBAD-0C3005D9FAAD}.GRAPECITY|iPhone.Build.0 = Release|Any CPU
		{BCDA1B1D-7C74-434A-BBAD-0C3005D9FAAD}.GRAPECITY|iPhone.Deploy.0 = Release|Any CPU
		{BCDA1B1D-7C74-434A-BBAD-0C3005D9FAAD}.GRAPECITY|iPhoneSimulator.ActiveCfg = Release|Any CPU
		{BCDA1B1D-7C74-434A-BBAD-0C3005D9FAAD}.GRAPECITY|iPhoneSimulator.Build.0 = Release|Any CPU
		{BCDA1B1D-7C74-434A-BBAD-0C3005D9FAAD}.GRAPECITY|iPhoneSimulator.Deploy.0 = Release|Any CPU
		{BCDA1B1D-7C74-434A-BBAD-0C3005D9FAAD}.Release|Any CPU.ActiveCfg = Release|Any CPU
		{BCDA1B1D-7C74-434A-BBAD-0C3005D9FAAD}.Release|Any CPU.Build.0 = Release|Any CPU
		{BCDA1B1D-7C74-434A-BBAD-0C3005D9FAAD}.Release|Any CPU.Deploy.0 = Release|Any CPU
		{BCDA1B1D-7C74-434A-BBAD-0C3005D9FAAD}.Release|iPhone.ActiveCfg = Release|Any CPU
		{BCDA1B1D-7C74-434A-BBAD-0C3005D9FAAD}.Release|iPhone.Build.0 = Release|Any CPU
		{BCDA1B1D-7C74-434A-BBAD-0C3005D9FAAD}.Release|iPhoneSimulator.ActiveCfg = Release|Any CPU
		{BCDA1B1D-7C74-434A-BBAD-0C3005D9FAAD}.Release|iPhoneSimulator.Build.0 = Release|Any CPU
		{A02F6473-6FFD-4E65-8A54-2CADC14E37DF}.AppStore|Any CPU.ActiveCfg = AppStore|iPhone
		{A02F6473-6FFD-4E65-8A54-2CADC14E37DF}.AppStore|iPhone.ActiveCfg = AppStore|iPhone
		{A02F6473-6FFD-4E65-8A54-2CADC14E37DF}.AppStore|iPhone.Build.0 = AppStore|iPhone
		{A02F6473-6FFD-4E65-8A54-2CADC14E37DF}.AppStore|iPhoneSimulator.ActiveCfg = AppStore|iPhoneSimulator
		{A02F6473-6FFD-4E65-8A54-2CADC14E37DF}.AppStore|iPhoneSimulator.Build.0 = AppStore|iPhoneSimulator
		{A02F6473-6FFD-4E65-8A54-2CADC14E37DF}.Debug|Any CPU.ActiveCfg = Debug|iPhone
		{A02F6473-6FFD-4E65-8A54-2CADC14E37DF}.Debug|Any CPU.Build.0 = Debug|iPhone
		{A02F6473-6FFD-4E65-8A54-2CADC14E37DF}.Debug|iPhone.ActiveCfg = Debug|iPhone
		{A02F6473-6FFD-4E65-8A54-2CADC14E37DF}.Debug|iPhone.Build.0 = Debug|iPhone
		{A02F6473-6FFD-4E65-8A54-2CADC14E37DF}.Debug|iPhoneSimulator.ActiveCfg = Debug|iPhoneSimulator
		{A02F6473-6FFD-4E65-8A54-2CADC14E37DF}.Debug|iPhoneSimulator.Build.0 = Debug|iPhoneSimulator
		{A02F6473-6FFD-4E65-8A54-2CADC14E37DF}.GRAPECITY|Any CPU.ActiveCfg = AppStore|iPhone
		{A02F6473-6FFD-4E65-8A54-2CADC14E37DF}.GRAPECITY|Any CPU.Build.0 = AppStore|iPhone
		{A02F6473-6FFD-4E65-8A54-2CADC14E37DF}.GRAPECITY|iPhone.ActiveCfg = AppStore|iPhone
		{A02F6473-6FFD-4E65-8A54-2CADC14E37DF}.GRAPECITY|iPhone.Build.0 = AppStore|iPhone
		{A02F6473-6FFD-4E65-8A54-2CADC14E37DF}.GRAPECITY|iPhoneSimulator.ActiveCfg = AppStore|iPhoneSimulator
		{A02F6473-6FFD-4E65-8A54-2CADC14E37DF}.GRAPECITY|iPhoneSimulator.Build.0 = AppStore|iPhoneSimulator
		{A02F6473-6FFD-4E65-8A54-2CADC14E37DF}.Release|Any CPU.ActiveCfg = Release|iPhone
		{A02F6473-6FFD-4E65-8A54-2CADC14E37DF}.Release|Any CPU.Build.0 = Release|iPhone
		{A02F6473-6FFD-4E65-8A54-2CADC14E37DF}.Release|iPhone.ActiveCfg = Release|iPhone
		{A02F6473-6FFD-4E65-8A54-2CADC14E37DF}.Release|iPhone.Build.0 = Release|iPhone
		{A02F6473-6FFD-4E65-8A54-2CADC14E37DF}.Release|iPhoneSimulator.ActiveCfg = Release|iPhoneSimulator
		{A02F6473-6FFD-4E65-8A54-2CADC14E37DF}.Release|iPhoneSimulator.Build.0 = Release|iPhoneSimulator
	EndGlobalSection
	GlobalSection(SolutionProperties) = preSolution
		HideSolutionNode = FALSE
	EndGlobalSection
	GlobalSection(NestedProjects) = preSolution
	EndGlobalSection
EndGlobal
