
Microsoft Visual Studio Solution File, Format Version 12.00
# Visual Studio 14
VisualStudioVersion = 14.0.24720.0
MinimumVisualStudioVersion = 10.0.40219.1
Project("{FAE04EC0-301F-11D3-BF4B-00C04F79EFBC}") = "FlexGridCustomRenderer.Droid", "FlexGridCustomRenderer\FlexGridCustomRenderer.Droid\FlexGridCustomRenderer.Droid.csproj", "{1A8EBA6F-5C7A-4F73-894D-D57906C7463D}"
EndProject
Project("{FAE04EC0-301F-11D3-BF4B-00C04F79EFBC}") = "FlexGridCustomRenderer.iOS", "FlexGridCustomRenderer\FlexGridCustomRenderer.iOS\FlexGridCustomRenderer.iOS.csproj", "{F4A4D1DF-CA2F-457A-AE4E-483B89843873}"
EndProject
Project("{FAE04EC0-301F-11D3-BF4B-00C04F79EFBC}") = "FlexGridCustomRenderer", "FlexGridCustomRenderer\FlexGridCustomRenderer\FlexGridCustomRenderer.csproj", "{E4360645-D497-404D-B995-43D9C787EF9A}"
EndProject
Project("{FAE04EC0-301F-11D3-BF4B-00C04F79EFBC}") = "FlexGridCustomRenderer.WinPhone", "FlexGridCustomRenderer.WinPhone\FlexGridCustomRenderer.WinPhone.csproj", "{925D5030-ADA1-449A-B34C-707C09082B0B}"
EndProject
Global
	GlobalSection(SolutionConfigurationPlatforms) = preSolution
		Ad-Hoc|Any CPU = Ad-Hoc|Any CPU
		Ad-Hoc|ARM = Ad-Hoc|ARM
		Ad-Hoc|iPhone = Ad-Hoc|iPhone
		Ad-Hoc|iPhoneSimulator = Ad-Hoc|iPhoneSimulator
		Ad-Hoc|x64 = Ad-Hoc|x64
		Ad-Hoc|x86 = Ad-Hoc|x86
		AppStore|Any CPU = AppStore|Any CPU
		AppStore|ARM = AppStore|ARM
		AppStore|iPhone = AppStore|iPhone
		AppStore|iPhoneSimulator = AppStore|iPhoneSimulator
		AppStore|x64 = AppStore|x64
		AppStore|x86 = AppStore|x86
		Debug|Any CPU = Debug|Any CPU
		Debug|ARM = Debug|ARM
		Debug|iPhone = Debug|iPhone
		Debug|iPhoneSimulator = Debug|iPhoneSimulator
		Debug|x64 = Debug|x64
		Debug|x86 = Debug|x86
		Release|Any CPU = Release|Any CPU
		Release|ARM = Release|ARM
		Release|iPhone = Release|iPhone
		Release|iPhoneSimulator = Release|iPhoneSimulator
		Release|x64 = Release|x64
		Release|x86 = Release|x86
	EndGlobalSection
	GlobalSection(ProjectConfigurationPlatforms) = postSolution
		{1A8EBA6F-5C7A-4F73-894D-D57906C7463D}.Ad-Hoc|Any CPU.ActiveCfg = Release|Any CPU
		{1A8EBA6F-5C7A-4F73-894D-D57906C7463D}.Ad-Hoc|Any CPU.Build.0 = Release|Any CPU
		{1A8EBA6F-5C7A-4F73-894D-D57906C7463D}.Ad-Hoc|Any CPU.Deploy.0 = Release|Any CPU
		{1A8EBA6F-5C7A-4F73-894D-D57906C7463D}.Ad-Hoc|ARM.ActiveCfg = Release|Any CPU
		{1A8EBA6F-5C7A-4F73-894D-D57906C7463D}.Ad-Hoc|ARM.Build.0 = Release|Any CPU
		{1A8EBA6F-5C7A-4F73-894D-D57906C7463D}.Ad-Hoc|ARM.Deploy.0 = Release|Any CPU
		{1A8EBA6F-5C7A-4F73-894D-D57906C7463D}.Ad-Hoc|iPhone.ActiveCfg = Release|Any CPU
		{1A8EBA6F-5C7A-4F73-894D-D57906C7463D}.Ad-Hoc|iPhone.Build.0 = Release|Any CPU
		{1A8EBA6F-5C7A-4F73-894D-D57906C7463D}.Ad-Hoc|iPhone.Deploy.0 = Release|Any CPU
		{1A8EBA6F-5C7A-4F73-894D-D57906C7463D}.Ad-Hoc|iPhoneSimulator.ActiveCfg = Release|Any CPU
		{1A8EBA6F-5C7A-4F73-894D-D57906C7463D}.Ad-Hoc|iPhoneSimulator.Build.0 = Release|Any CPU
		{1A8EBA6F-5C7A-4F73-894D-D57906C7463D}.Ad-Hoc|iPhoneSimulator.Deploy.0 = Release|Any CPU
		{1A8EBA6F-5C7A-4F73-894D-D57906C7463D}.Ad-Hoc|x64.ActiveCfg = Release|Any CPU
		{1A8EBA6F-5C7A-4F73-894D-D57906C7463D}.Ad-Hoc|x64.Build.0 = Release|Any CPU
		{1A8EBA6F-5C7A-4F73-894D-D57906C7463D}.Ad-Hoc|x64.Deploy.0 = Release|Any CPU
		{1A8EBA6F-5C7A-4F73-894D-D57906C7463D}.Ad-Hoc|x86.ActiveCfg = Release|Any CPU
		{1A8EBA6F-5C7A-4F73-894D-D57906C7463D}.Ad-Hoc|x86.Build.0 = Release|Any CPU
		{1A8EBA6F-5C7A-4F73-894D-D57906C7463D}.Ad-Hoc|x86.Deploy.0 = Release|Any CPU
		{1A8EBA6F-5C7A-4F73-894D-D57906C7463D}.AppStore|Any CPU.ActiveCfg = Release|Any CPU
		{1A8EBA6F-5C7A-4F73-894D-D57906C7463D}.AppStore|Any CPU.Build.0 = Release|Any CPU
		{1A8EBA6F-5C7A-4F73-894D-D57906C7463D}.AppStore|Any CPU.Deploy.0 = Release|Any CPU
		{1A8EBA6F-5C7A-4F73-894D-D57906C7463D}.AppStore|ARM.ActiveCfg = Release|Any CPU
		{1A8EBA6F-5C7A-4F73-894D-D57906C7463D}.AppStore|ARM.Build.0 = Release|Any CPU
		{1A8EBA6F-5C7A-4F73-894D-D57906C7463D}.AppStore|ARM.Deploy.0 = Release|Any CPU
		{1A8EBA6F-5C7A-4F73-894D-D57906C7463D}.AppStore|iPhone.ActiveCfg = Release|Any CPU
		{1A8EBA6F-5C7A-4F73-894D-D57906C7463D}.AppStore|iPhone.Build.0 = Release|Any CPU
		{1A8EBA6F-5C7A-4F73-894D-D57906C7463D}.AppStore|iPhone.Deploy.0 = Release|Any CPU
		{1A8EBA6F-5C7A-4F73-894D-D57906C7463D}.AppStore|iPhoneSimulator.ActiveCfg = Release|Any CPU
		{1A8EBA6F-5C7A-4F73-894D-D57906C7463D}.AppStore|iPhoneSimulator.Build.0 = Release|Any CPU
		{1A8EBA6F-5C7A-4F73-894D-D57906C7463D}.AppStore|iPhoneSimulator.Deploy.0 = Release|Any CPU
		{1A8EBA6F-5C7A-4F73-894D-D57906C7463D}.AppStore|x64.ActiveCfg = Release|Any CPU
		{1A8EBA6F-5C7A-4F73-894D-D57906C7463D}.AppStore|x64.Build.0 = Release|Any CPU
		{1A8EBA6F-5C7A-4F73-894D-D57906C7463D}.AppStore|x64.Deploy.0 = Release|Any CPU
		{1A8EBA6F-5C7A-4F73-894D-D57906C7463D}.AppStore|x86.ActiveCfg = Release|Any CPU
		{1A8EBA6F-5C7A-4F73-894D-D57906C7463D}.AppStore|x86.Build.0 = Release|Any CPU
		{1A8EBA6F-5C7A-4F73-894D-D57906C7463D}.AppStore|x86.Deploy.0 = Release|Any CPU
		{1A8EBA6F-5C7A-4F73-894D-D57906C7463D}.Debug|Any CPU.ActiveCfg = Debug|Any CPU
		{1A8EBA6F-5C7A-4F73-894D-D57906C7463D}.Debug|Any CPU.Build.0 = Debug|Any CPU
		{1A8EBA6F-5C7A-4F73-894D-D57906C7463D}.Debug|Any CPU.Deploy.0 = Debug|Any CPU
		{1A8EBA6F-5C7A-4F73-894D-D57906C7463D}.Debug|ARM.ActiveCfg = Debug|Any CPU
		{1A8EBA6F-5C7A-4F73-894D-D57906C7463D}.Debug|ARM.Build.0 = Debug|Any CPU
		{1A8EBA6F-5C7A-4F73-894D-D57906C7463D}.Debug|ARM.Deploy.0 = Debug|Any CPU
		{1A8EBA6F-5C7A-4F73-894D-D57906C7463D}.Debug|iPhone.ActiveCfg = Debug|Any CPU
		{1A8EBA6F-5C7A-4F73-894D-D57906C7463D}.Debug|iPhone.Build.0 = Debug|Any CPU
		{1A8EBA6F-5C7A-4F73-894D-D57906C7463D}.Debug|iPhone.Deploy.0 = Debug|Any CPU
		{1A8EBA6F-5C7A-4F73-894D-D57906C7463D}.Debug|iPhoneSimulator.ActiveCfg = Debug|Any CPU
		{1A8EBA6F-5C7A-4F73-894D-D57906C7463D}.Debug|iPhoneSimulator.Build.0 = Debug|Any CPU
		{1A8EBA6F-5C7A-4F73-894D-D57906C7463D}.Debug|iPhoneSimulator.Deploy.0 = Debug|Any CPU
		{1A8EBA6F-5C7A-4F73-894D-D57906C7463D}.Debug|x64.ActiveCfg = Debug|Any CPU
		{1A8EBA6F-5C7A-4F73-894D-D57906C7463D}.Debug|x64.Build.0 = Debug|Any CPU
		{1A8EBA6F-5C7A-4F73-894D-D57906C7463D}.Debug|x64.Deploy.0 = Debug|Any CPU
		{1A8EBA6F-5C7A-4F73-894D-D57906C7463D}.Debug|x86.ActiveCfg = Debug|Any CPU
		{1A8EBA6F-5C7A-4F73-894D-D57906C7463D}.Debug|x86.Build.0 = Debug|Any CPU
		{1A8EBA6F-5C7A-4F73-894D-D57906C7463D}.Debug|x86.Deploy.0 = Debug|Any CPU
		{1A8EBA6F-5C7A-4F73-894D-D57906C7463D}.Release|Any CPU.ActiveCfg = Release|Any CPU
		{1A8EBA6F-5C7A-4F73-894D-D57906C7463D}.Release|Any CPU.Build.0 = Release|Any CPU
		{1A8EBA6F-5C7A-4F73-894D-D57906C7463D}.Release|Any CPU.Deploy.0 = Release|Any CPU
		{1A8EBA6F-5C7A-4F73-894D-D57906C7463D}.Release|ARM.ActiveCfg = Release|Any CPU
		{1A8EBA6F-5C7A-4F73-894D-D57906C7463D}.Release|ARM.Build.0 = Release|Any CPU
		{1A8EBA6F-5C7A-4F73-894D-D57906C7463D}.Release|ARM.Deploy.0 = Release|Any CPU
		{1A8EBA6F-5C7A-4F73-894D-D57906C7463D}.Release|iPhone.ActiveCfg = Release|Any CPU
		{1A8EBA6F-5C7A-4F73-894D-D57906C7463D}.Release|iPhone.Build.0 = Release|Any CPU
		{1A8EBA6F-5C7A-4F73-894D-D57906C7463D}.Release|iPhone.Deploy.0 = Release|Any CPU
		{1A8EBA6F-5C7A-4F73-894D-D57906C7463D}.Release|iPhoneSimulator.ActiveCfg = Release|Any CPU
		{1A8EBA6F-5C7A-4F73-894D-D57906C7463D}.Release|iPhoneSimulator.Build.0 = Release|Any CPU
		{1A8EBA6F-5C7A-4F73-894D-D57906C7463D}.Release|iPhoneSimulator.Deploy.0 = Release|Any CPU
		{1A8EBA6F-5C7A-4F73-894D-D57906C7463D}.Release|x64.ActiveCfg = Release|Any CPU
		{1A8EBA6F-5C7A-4F73-894D-D57906C7463D}.Release|x64.Build.0 = Release|Any CPU
		{1A8EBA6F-5C7A-4F73-894D-D57906C7463D}.Release|x64.Deploy.0 = Release|Any CPU
		{1A8EBA6F-5C7A-4F73-894D-D57906C7463D}.Release|x86.ActiveCfg = Release|Any CPU
		{1A8EBA6F-5C7A-4F73-894D-D57906C7463D}.Release|x86.Build.0 = Release|Any CPU
		{1A8EBA6F-5C7A-4F73-894D-D57906C7463D}.Release|x86.Deploy.0 = Release|Any CPU
		{F4A4D1DF-CA2F-457A-AE4E-483B89843873}.Ad-Hoc|Any CPU.ActiveCfg = Ad-Hoc|iPhone
		{F4A4D1DF-CA2F-457A-AE4E-483B89843873}.Ad-Hoc|ARM.ActiveCfg = Ad-Hoc|iPhone
		{F4A4D1DF-CA2F-457A-AE4E-483B89843873}.Ad-Hoc|iPhone.ActiveCfg = Ad-Hoc|iPhone
		{F4A4D1DF-CA2F-457A-AE4E-483B89843873}.Ad-Hoc|iPhone.Build.0 = Ad-Hoc|iPhone
		{F4A4D1DF-CA2F-457A-AE4E-483B89843873}.Ad-Hoc|iPhoneSimulator.ActiveCfg = Ad-Hoc|iPhoneSimulator
		{F4A4D1DF-CA2F-457A-AE4E-483B89843873}.Ad-Hoc|iPhoneSimulator.Build.0 = Ad-Hoc|iPhoneSimulator
		{F4A4D1DF-CA2F-457A-AE4E-483B89843873}.Ad-Hoc|x64.ActiveCfg = Ad-Hoc|iPhone
		{F4A4D1DF-CA2F-457A-AE4E-483B89843873}.Ad-Hoc|x86.ActiveCfg = Ad-Hoc|iPhone
		{F4A4D1DF-CA2F-457A-AE4E-483B89843873}.AppStore|Any CPU.ActiveCfg = AppStore|iPhone
		{F4A4D1DF-CA2F-457A-AE4E-483B89843873}.AppStore|ARM.ActiveCfg = AppStore|iPhone
		{F4A4D1DF-CA2F-457A-AE4E-483B89843873}.AppStore|iPhone.ActiveCfg = AppStore|iPhone
		{F4A4D1DF-CA2F-457A-AE4E-483B89843873}.AppStore|iPhone.Build.0 = AppStore|iPhone
		{F4A4D1DF-CA2F-457A-AE4E-483B89843873}.AppStore|iPhoneSimulator.ActiveCfg = AppStore|iPhoneSimulator
		{F4A4D1DF-CA2F-457A-AE4E-483B89843873}.AppStore|iPhoneSimulator.Build.0 = AppStore|iPhoneSimulator
		{F4A4D1DF-CA2F-457A-AE4E-483B89843873}.AppStore|x64.ActiveCfg = AppStore|iPhone
		{F4A4D1DF-CA2F-457A-AE4E-483B89843873}.AppStore|x86.ActiveCfg = AppStore|iPhone
		{F4A4D1DF-CA2F-457A-AE4E-483B89843873}.Debug|Any CPU.ActiveCfg = Debug|iPhone
		{F4A4D1DF-CA2F-457A-AE4E-483B89843873}.Debug|ARM.ActiveCfg = Debug|iPhone
		{F4A4D1DF-CA2F-457A-AE4E-483B89843873}.Debug|iPhone.ActiveCfg = Debug|iPhone
		{F4A4D1DF-CA2F-457A-AE4E-483B89843873}.Debug|iPhone.Build.0 = Debug|iPhone
		{F4A4D1DF-CA2F-457A-AE4E-483B89843873}.Debug|iPhoneSimulator.ActiveCfg = Debug|iPhoneSimulator
		{F4A4D1DF-CA2F-457A-AE4E-483B89843873}.Debug|iPhoneSimulator.Build.0 = Debug|iPhoneSimulator
		{F4A4D1DF-CA2F-457A-AE4E-483B89843873}.Debug|x64.ActiveCfg = Debug|iPhone
		{F4A4D1DF-CA2F-457A-AE4E-483B89843873}.Debug|x86.ActiveCfg = Debug|iPhone
		{F4A4D1DF-CA2F-457A-AE4E-483B89843873}.Release|Any CPU.ActiveCfg = Release|iPhone
		{F4A4D1DF-CA2F-457A-AE4E-483B89843873}.Release|ARM.ActiveCfg = Release|iPhone
		{F4A4D1DF-CA2F-457A-AE4E-483B89843873}.Release|iPhone.ActiveCfg = Release|iPhone
		{F4A4D1DF-CA2F-457A-AE4E-483B89843873}.Release|iPhone.Build.0 = Release|iPhone
		{F4A4D1DF-CA2F-457A-AE4E-483B89843873}.Release|iPhoneSimulator.ActiveCfg = Release|iPhoneSimulator
		{F4A4D1DF-CA2F-457A-AE4E-483B89843873}.Release|iPhoneSimulator.Build.0 = Release|iPhoneSimulator
		{F4A4D1DF-CA2F-457A-AE4E-483B89843873}.Release|x64.ActiveCfg = Release|iPhone
		{F4A4D1DF-CA2F-457A-AE4E-483B89843873}.Release|x86.ActiveCfg = Release|iPhone
		{E4360645-D497-404D-B995-43D9C787EF9A}.Ad-Hoc|Any CPU.ActiveCfg = Release|Any CPU
		{E4360645-D497-404D-B995-43D9C787EF9A}.Ad-Hoc|Any CPU.Build.0 = Release|Any CPU
		{E4360645-D497-404D-B995-43D9C787EF9A}.Ad-Hoc|ARM.ActiveCfg = Release|Any CPU
		{E4360645-D497-404D-B995-43D9C787EF9A}.Ad-Hoc|ARM.Build.0 = Release|Any CPU
		{E4360645-D497-404D-B995-43D9C787EF9A}.Ad-Hoc|iPhone.ActiveCfg = Release|Any CPU
		{E4360645-D497-404D-B995-43D9C787EF9A}.Ad-Hoc|iPhone.Build.0 = Release|Any CPU
		{E4360645-D497-404D-B995-43D9C787EF9A}.Ad-Hoc|iPhoneSimulator.ActiveCfg = Release|Any CPU
		{E4360645-D497-404D-B995-43D9C787EF9A}.Ad-Hoc|iPhoneSimulator.Build.0 = Release|Any CPU
		{E4360645-D497-404D-B995-43D9C787EF9A}.Ad-Hoc|x64.ActiveCfg = Release|Any CPU
		{E4360645-D497-404D-B995-43D9C787EF9A}.Ad-Hoc|x64.Build.0 = Release|Any CPU
		{E4360645-D497-404D-B995-43D9C787EF9A}.Ad-Hoc|x86.ActiveCfg = Release|Any CPU
		{E4360645-D497-404D-B995-43D9C787EF9A}.Ad-Hoc|x86.Build.0 = Release|Any CPU
		{E4360645-D497-404D-B995-43D9C787EF9A}.AppStore|Any CPU.ActiveCfg = Release|Any CPU
		{E4360645-D497-404D-B995-43D9C787EF9A}.AppStore|Any CPU.Build.0 = Release|Any CPU
		{E4360645-D497-404D-B995-43D9C787EF9A}.AppStore|ARM.ActiveCfg = Release|Any CPU
		{E4360645-D497-404D-B995-43D9C787EF9A}.AppStore|ARM.Build.0 = Release|Any CPU
		{E4360645-D497-404D-B995-43D9C787EF9A}.AppStore|iPhone.ActiveCfg = Release|Any CPU
		{E4360645-D497-404D-B995-43D9C787EF9A}.AppStore|iPhone.Build.0 = Release|Any CPU
		{E4360645-D497-404D-B995-43D9C787EF9A}.AppStore|iPhoneSimulator.ActiveCfg = Release|Any CPU
		{E4360645-D497-404D-B995-43D9C787EF9A}.AppStore|iPhoneSimulator.Build.0 = Release|Any CPU
		{E4360645-D497-404D-B995-43D9C787EF9A}.AppStore|x64.ActiveCfg = Release|Any CPU
		{E4360645-D497-404D-B995-43D9C787EF9A}.AppStore|x64.Build.0 = Release|Any CPU
		{E4360645-D497-404D-B995-43D9C787EF9A}.AppStore|x86.ActiveCfg = Release|Any CPU
		{E4360645-D497-404D-B995-43D9C787EF9A}.AppStore|x86.Build.0 = Release|Any CPU
		{E4360645-D497-404D-B995-43D9C787EF9A}.Debug|Any CPU.ActiveCfg = Debug|Any CPU
		{E4360645-D497-404D-B995-43D9C787EF9A}.Debug|Any CPU.Build.0 = Debug|Any CPU
		{E4360645-D497-404D-B995-43D9C787EF9A}.Debug|ARM.ActiveCfg = Debug|Any CPU
		{E4360645-D497-404D-B995-43D9C787EF9A}.Debug|ARM.Build.0 = Debug|Any CPU
		{E4360645-D497-404D-B995-43D9C787EF9A}.Debug|iPhone.ActiveCfg = Debug|Any CPU
		{E4360645-D497-404D-B995-43D9C787EF9A}.Debug|iPhone.Build.0 = Debug|Any CPU
		{E4360645-D497-404D-B995-43D9C787EF9A}.Debug|iPhoneSimulator.ActiveCfg = Debug|Any CPU
		{E4360645-D497-404D-B995-43D9C787EF9A}.Debug|iPhoneSimulator.Build.0 = Debug|Any CPU
		{E4360645-D497-404D-B995-43D9C787EF9A}.Debug|x64.ActiveCfg = Debug|Any CPU
		{E4360645-D497-404D-B995-43D9C787EF9A}.Debug|x64.Build.0 = Debug|Any CPU
		{E4360645-D497-404D-B995-43D9C787EF9A}.Debug|x86.ActiveCfg = Debug|Any CPU
		{E4360645-D497-404D-B995-43D9C787EF9A}.Debug|x86.Build.0 = Debug|Any CPU
		{E4360645-D497-404D-B995-43D9C787EF9A}.Release|Any CPU.ActiveCfg = Release|Any CPU
		{E4360645-D497-404D-B995-43D9C787EF9A}.Release|Any CPU.Build.0 = Release|Any CPU
		{E4360645-D497-404D-B995-43D9C787EF9A}.Release|ARM.ActiveCfg = Release|Any CPU
		{E4360645-D497-404D-B995-43D9C787EF9A}.Release|ARM.Build.0 = Release|Any CPU
		{E4360645-D497-404D-B995-43D9C787EF9A}.Release|iPhone.ActiveCfg = Release|Any CPU
		{E4360645-D497-404D-B995-43D9C787EF9A}.Release|iPhone.Build.0 = Release|Any CPU
		{E4360645-D497-404D-B995-43D9C787EF9A}.Release|iPhoneSimulator.ActiveCfg = Release|Any CPU
		{E4360645-D497-404D-B995-43D9C787EF9A}.Release|iPhoneSimulator.Build.0 = Release|Any CPU
		{E4360645-D497-404D-B995-43D9C787EF9A}.Release|x64.ActiveCfg = Release|Any CPU
		{E4360645-D497-404D-B995-43D9C787EF9A}.Release|x64.Build.0 = Release|Any CPU
		{E4360645-D497-404D-B995-43D9C787EF9A}.Release|x86.ActiveCfg = Release|Any CPU
		{E4360645-D497-404D-B995-43D9C787EF9A}.Release|x86.Build.0 = Release|Any CPU
		{925D5030-ADA1-449A-B34C-707C09082B0B}.Ad-Hoc|Any CPU.ActiveCfg = Release|Any CPU
		{925D5030-ADA1-449A-B34C-707C09082B0B}.Ad-Hoc|Any CPU.Build.0 = Release|Any CPU
		{925D5030-ADA1-449A-B34C-707C09082B0B}.Ad-Hoc|Any CPU.Deploy.0 = Release|Any CPU
		{925D5030-ADA1-449A-B34C-707C09082B0B}.Ad-Hoc|ARM.ActiveCfg = Release|ARM
		{925D5030-ADA1-449A-B34C-707C09082B0B}.Ad-Hoc|ARM.Build.0 = Release|ARM
		{925D5030-ADA1-449A-B34C-707C09082B0B}.Ad-Hoc|ARM.Deploy.0 = Release|ARM
		{925D5030-ADA1-449A-B34C-707C09082B0B}.Ad-Hoc|iPhone.ActiveCfg = Release|Any CPU
		{925D5030-ADA1-449A-B34C-707C09082B0B}.Ad-Hoc|iPhone.Build.0 = Release|Any CPU
		{925D5030-ADA1-449A-B34C-707C09082B0B}.Ad-Hoc|iPhone.Deploy.0 = Release|Any CPU
		{925D5030-ADA1-449A-B34C-707C09082B0B}.Ad-Hoc|iPhoneSimulator.ActiveCfg = Release|Any CPU
		{925D5030-ADA1-449A-B34C-707C09082B0B}.Ad-Hoc|iPhoneSimulator.Build.0 = Release|Any CPU
		{925D5030-ADA1-449A-B34C-707C09082B0B}.Ad-Hoc|iPhoneSimulator.Deploy.0 = Release|Any CPU
		{925D5030-ADA1-449A-B34C-707C09082B0B}.Ad-Hoc|x64.ActiveCfg = Release|Any CPU
		{925D5030-ADA1-449A-B34C-707C09082B0B}.Ad-Hoc|x64.Build.0 = Release|Any CPU
		{925D5030-ADA1-449A-B34C-707C09082B0B}.Ad-Hoc|x64.Deploy.0 = Release|Any CPU
		{925D5030-ADA1-449A-B34C-707C09082B0B}.Ad-Hoc|x86.ActiveCfg = Release|x86
		{925D5030-ADA1-449A-B34C-707C09082B0B}.Ad-Hoc|x86.Build.0 = Release|x86
		{925D5030-ADA1-449A-B34C-707C09082B0B}.Ad-Hoc|x86.Deploy.0 = Release|x86
		{925D5030-ADA1-449A-B34C-707C09082B0B}.AppStore|Any CPU.ActiveCfg = Release|Any CPU
		{925D5030-ADA1-449A-B34C-707C09082B0B}.AppStore|Any CPU.Build.0 = Release|Any CPU
		{925D5030-ADA1-449A-B34C-707C09082B0B}.AppStore|Any CPU.Deploy.0 = Release|Any CPU
		{925D5030-ADA1-449A-B34C-707C09082B0B}.AppStore|ARM.ActiveCfg = Release|ARM
		{925D5030-ADA1-449A-B34C-707C09082B0B}.AppStore|ARM.Build.0 = Release|ARM
		{925D5030-ADA1-449A-B34C-707C09082B0B}.AppStore|ARM.Deploy.0 = Release|ARM
		{925D5030-ADA1-449A-B34C-707C09082B0B}.AppStore|iPhone.ActiveCfg = Release|Any CPU
		{925D5030-ADA1-449A-B34C-707C09082B0B}.AppStore|iPhone.Build.0 = Release|Any CPU
		{925D5030-ADA1-449A-B34C-707C09082B0B}.AppStore|iPhone.Deploy.0 = Release|Any CPU
		{925D5030-ADA1-449A-B34C-707C09082B0B}.AppStore|iPhoneSimulator.ActiveCfg = Release|Any CPU
		{925D5030-ADA1-449A-B34C-707C09082B0B}.AppStore|iPhoneSimulator.Build.0 = Release|Any CPU
		{925D5030-ADA1-449A-B34C-707C09082B0B}.AppStore|iPhoneSimulator.Deploy.0 = Release|Any CPU
		{925D5030-ADA1-449A-B34C-707C09082B0B}.AppStore|x64.ActiveCfg = Release|Any CPU
		{925D5030-ADA1-449A-B34C-707C09082B0B}.AppStore|x64.Build.0 = Release|Any CPU
		{925D5030-ADA1-449A-B34C-707C09082B0B}.AppStore|x64.Deploy.0 = Release|Any CPU
		{925D5030-ADA1-449A-B34C-707C09082B0B}.AppStore|x86.ActiveCfg = Release|x86
		{925D5030-ADA1-449A-B34C-707C09082B0B}.AppStore|x86.Build.0 = Release|x86
		{925D5030-ADA1-449A-B34C-707C09082B0B}.AppStore|x86.Deploy.0 = Release|x86
		{925D5030-ADA1-449A-B34C-707C09082B0B}.Debug|Any CPU.ActiveCfg = Debug|Any CPU
		{925D5030-ADA1-449A-B34C-707C09082B0B}.Debug|Any CPU.Build.0 = Debug|Any CPU
		{925D5030-ADA1-449A-B34C-707C09082B0B}.Debug|Any CPU.Deploy.0 = Debug|Any CPU
		{925D5030-ADA1-449A-B34C-707C09082B0B}.Debug|ARM.ActiveCfg = Debug|ARM
		{925D5030-ADA1-449A-B34C-707C09082B0B}.Debug|ARM.Build.0 = Debug|ARM
		{925D5030-ADA1-449A-B34C-707C09082B0B}.Debug|ARM.Deploy.0 = Debug|ARM
		{925D5030-ADA1-449A-B34C-707C09082B0B}.Debug|iPhone.ActiveCfg = Debug|Any CPU
		{925D5030-ADA1-449A-B34C-707C09082B0B}.Debug|iPhone.Build.0 = Debug|Any CPU
		{925D5030-ADA1-449A-B34C-707C09082B0B}.Debug|iPhone.Deploy.0 = Debug|Any CPU
		{925D5030-ADA1-449A-B34C-707C09082B0B}.Debug|iPhoneSimulator.ActiveCfg = Debug|Any CPU
		{925D5030-ADA1-449A-B34C-707C09082B0B}.Debug|iPhoneSimulator.Build.0 = Debug|Any CPU
		{925D5030-ADA1-449A-B34C-707C09082B0B}.Debug|iPhoneSimulator.Deploy.0 = Debug|Any CPU
		{925D5030-ADA1-449A-B34C-707C09082B0B}.Debug|x64.ActiveCfg = Debug|Any CPU
		{925D5030-ADA1-449A-B34C-707C09082B0B}.Debug|x64.Build.0 = Debug|Any CPU
		{925D5030-ADA1-449A-B34C-707C09082B0B}.Debug|x64.Deploy.0 = Debug|Any CPU
		{925D5030-ADA1-449A-B34C-707C09082B0B}.Debug|x86.ActiveCfg = Debug|x86
		{925D5030-ADA1-449A-B34C-707C09082B0B}.Debug|x86.Build.0 = Debug|x86
		{925D5030-ADA1-449A-B34C-707C09082B0B}.Debug|x86.Deploy.0 = Debug|x86
		{925D5030-ADA1-449A-B34C-707C09082B0B}.Release|Any CPU.ActiveCfg = Release|Any CPU
		{925D5030-ADA1-449A-B34C-707C09082B0B}.Release|Any CPU.Build.0 = Release|Any CPU
		{925D5030-ADA1-449A-B34C-707C09082B0B}.Release|Any CPU.Deploy.0 = Release|Any CPU
		{925D5030-ADA1-449A-B34C-707C09082B0B}.Release|ARM.ActiveCfg = Release|ARM
		{925D5030-ADA1-449A-B34C-707C09082B0B}.Release|ARM.Build.0 = Release|ARM
		{925D5030-ADA1-449A-B34C-707C09082B0B}.Release|ARM.Deploy.0 = Release|ARM
		{925D5030-ADA1-449A-B34C-707C09082B0B}.Release|iPhone.ActiveCfg = Release|Any CPU
		{925D5030-ADA1-449A-B34C-707C09082B0B}.Release|iPhone.Build.0 = Release|Any CPU
		{925D5030-ADA1-449A-B34C-707C09082B0B}.Release|iPhone.Deploy.0 = Release|Any CPU
		{925D5030-ADA1-449A-B34C-707C09082B0B}.Release|iPhoneSimulator.ActiveCfg = Release|Any CPU
		{925D5030-ADA1-449A-B34C-707C09082B0B}.Release|iPhoneSimulator.Build.0 = Release|Any CPU
		{925D5030-ADA1-449A-B34C-707C09082B0B}.Release|iPhoneSimulator.Deploy.0 = Release|Any CPU
		{925D5030-ADA1-449A-B34C-707C09082B0B}.Release|x64.ActiveCfg = Release|Any CPU
		{925D5030-ADA1-449A-B34C-707C09082B0B}.Release|x64.Build.0 = Release|Any CPU
		{925D5030-ADA1-449A-B34C-707C09082B0B}.Release|x64.Deploy.0 = Release|Any CPU
		{925D5030-ADA1-449A-B34C-707C09082B0B}.Release|x86.ActiveCfg = Release|x86
		{925D5030-ADA1-449A-B34C-707C09082B0B}.Release|x86.Build.0 = Release|x86
		{925D5030-ADA1-449A-B34C-707C09082B0B}.Release|x86.Deploy.0 = Release|x86
	EndGlobalSection
	GlobalSection(SolutionProperties) = preSolution
		HideSolutionNode = FALSE
	EndGlobalSection
EndGlobal
