Microsoft Visual Studio Solution File, Format Version 12.00
# Visual Studio 2012
Project("{FAE04EC0-301F-11D3-BF4B-00C04F79EFBC}") = "Gauges101.Xamarin", "Gauges101.Xamarin\Gauges101.Xamarin.csproj", "{58BB811A-5E44-4E4C-85A9-F495182B3632}"
EndProject
Project("{FAE04EC0-301F-11D3-BF4B-00C04F79EFBC}") = "Gauges101.WinPhone", "Gauges101.WinPhone\Gauges101.WinPhone.csproj", "{6211822A-289A-4638-8171-C284CC1EB39F}"
EndProject
Project("{FAE04EC0-301F-11D3-BF4B-00C04F79EFBC}") = "Gauges101.Android", "Gauges101.Android\Gauges101.Android.csproj", "{BCDA1B1D-7C74-434A-BBAD-0C3005D9FAAD}"
EndProject
Project("{FAE04EC0-301F-11D3-BF4B-00C04F79EFBC}") = "Gauges101.iOS", "Gauges101.iOS\Gauges101.iOS.csproj", "{A02F6473-6FFD-4E65-8A54-2CADC14E37DF}"
EndProject
Global
	GlobalSection(SolutionConfigurationPlatforms) = preSolution
		Ad-Hoc|Any CPU = Ad-Hoc|Any CPU
		Ad-Hoc|ARM = Ad-Hoc|ARM
		Ad-Hoc|iPhone = Ad-Hoc|iPhone
		Ad-Hoc|iPhoneSimulator = Ad-Hoc|iPhoneSimulator
		Ad-Hoc|Mixed Platforms = Ad-Hoc|Mixed Platforms
		Ad-Hoc|x86 = Ad-Hoc|x86
		AppStore|Any CPU = AppStore|Any CPU
		AppStore|ARM = AppStore|ARM
		AppStore|iPhone = AppStore|iPhone
		AppStore|iPhoneSimulator = AppStore|iPhoneSimulator
		AppStore|Mixed Platforms = AppStore|Mixed Platforms
		AppStore|x86 = AppStore|x86
		Debug|Any CPU = Debug|Any CPU
		Debug|ARM = Debug|ARM
		Debug|iPhone = Debug|iPhone
		Debug|iPhoneSimulator = Debug|iPhoneSimulator
		Debug|Mixed Platforms = Debug|Mixed Platforms
		Debug|x86 = Debug|x86
		Release|Any CPU = Release|Any CPU
		Release|ARM = Release|ARM
		Release|iPhone = Release|iPhone
		Release|iPhoneSimulator = Release|iPhoneSimulator
		Release|Mixed Platforms = Release|Mixed Platforms
		Release|x86 = Release|x86
		XuniDebug|Any CPU = XuniDebug|Any CPU
		XuniDebug|ARM = XuniDebug|ARM
		XuniDebug|iPhone = XuniDebug|iPhone
		XuniDebug|iPhoneSimulator = XuniDebug|iPhoneSimulator
		XuniDebug|Mixed Platforms = XuniDebug|Mixed Platforms
		XuniDebug|x86 = XuniDebug|x86
	EndGlobalSection
	GlobalSection(ProjectConfigurationPlatforms) = postSolution
		{58BB811A-5E44-4E4C-85A9-F495182B3632}.Ad-Hoc|Any CPU.ActiveCfg = Release|Any CPU
		{58BB811A-5E44-4E4C-85A9-F495182B3632}.Ad-Hoc|Any CPU.Build.0 = Release|Any CPU
		{58BB811A-5E44-4E4C-85A9-F495182B3632}.Ad-Hoc|ARM.ActiveCfg = Release|Any CPU
		{58BB811A-5E44-4E4C-85A9-F495182B3632}.Ad-Hoc|iPhone.ActiveCfg = Release|Any CPU
		{58BB811A-5E44-4E4C-85A9-F495182B3632}.Ad-Hoc|iPhoneSimulator.ActiveCfg = Release|Any CPU
		{58BB811A-5E44-4E4C-85A9-F495182B3632}.Ad-Hoc|Mixed Platforms.ActiveCfg = Release|Any CPU
		{58BB811A-5E44-4E4C-85A9-F495182B3632}.Ad-Hoc|Mixed Platforms.Build.0 = Release|Any CPU
		{58BB811A-5E44-4E4C-85A9-F495182B3632}.Ad-Hoc|x86.ActiveCfg = Release|Any CPU
		{58BB811A-5E44-4E4C-85A9-F495182B3632}.AppStore|Any CPU.ActiveCfg = Release|Any CPU
		{58BB811A-5E44-4E4C-85A9-F495182B3632}.AppStore|Any CPU.Build.0 = Release|Any CPU
		{58BB811A-5E44-4E4C-85A9-F495182B3632}.AppStore|ARM.ActiveCfg = Release|Any CPU
		{58BB811A-5E44-4E4C-85A9-F495182B3632}.AppStore|iPhone.ActiveCfg = Release|Any CPU
		{58BB811A-5E44-4E4C-85A9-F495182B3632}.AppStore|iPhoneSimulator.ActiveCfg = Release|Any CPU
		{58BB811A-5E44-4E4C-85A9-F495182B3632}.AppStore|Mixed Platforms.ActiveCfg = Release|Any CPU
		{58BB811A-5E44-4E4C-85A9-F495182B3632}.AppStore|Mixed Platforms.Build.0 = Release|Any CPU
		{58BB811A-5E44-4E4C-85A9-F495182B3632}.AppStore|x86.ActiveCfg = Release|Any CPU
		{58BB811A-5E44-4E4C-85A9-F495182B3632}.Debug|Any CPU.ActiveCfg = Debug|Any CPU
		{58BB811A-5E44-4E4C-85A9-F495182B3632}.Debug|Any CPU.Build.0 = Debug|Any CPU
		{58BB811A-5E44-4E4C-85A9-F495182B3632}.Debug|ARM.ActiveCfg = Debug|Any CPU
		{58BB811A-5E44-4E4C-85A9-F495182B3632}.Debug|iPhone.ActiveCfg = Debug|Any CPU
		{58BB811A-5E44-4E4C-85A9-F495182B3632}.Debug|iPhoneSimulator.ActiveCfg = Debug|Any CPU
		{58BB811A-5E44-4E4C-85A9-F495182B3632}.Debug|Mixed Platforms.ActiveCfg = Debug|Any CPU
		{58BB811A-5E44-4E4C-85A9-F495182B3632}.Debug|Mixed Platforms.Build.0 = Debug|Any CPU
		{58BB811A-5E44-4E4C-85A9-F495182B3632}.Debug|x86.ActiveCfg = Debug|Any CPU
		{58BB811A-5E44-4E4C-85A9-F495182B3632}.Release|Any CPU.ActiveCfg = Release|Any CPU
		{58BB811A-5E44-4E4C-85A9-F495182B3632}.Release|Any CPU.Build.0 = Release|Any CPU
		{58BB811A-5E44-4E4C-85A9-F495182B3632}.Release|ARM.ActiveCfg = Release|Any CPU
		{58BB811A-5E44-4E4C-85A9-F495182B3632}.Release|iPhone.ActiveCfg = Release|Any CPU
		{58BB811A-5E44-4E4C-85A9-F495182B3632}.Release|iPhoneSimulator.ActiveCfg = Release|Any CPU
		{58BB811A-5E44-4E4C-85A9-F495182B3632}.Release|Mixed Platforms.ActiveCfg = Release|Any CPU
		{58BB811A-5E44-4E4C-85A9-F495182B3632}.Release|Mixed Platforms.Build.0 = Release|Any CPU
		{58BB811A-5E44-4E4C-85A9-F495182B3632}.Release|x86.ActiveCfg = Release|Any CPU
		{58BB811A-5E44-4E4C-85A9-F495182B3632}.XuniDebug|Any CPU.ActiveCfg = Debug|Any CPU
		{58BB811A-5E44-4E4C-85A9-F495182B3632}.XuniDebug|Any CPU.Build.0 = Debug|Any CPU
		{58BB811A-5E44-4E4C-85A9-F495182B3632}.XuniDebug|ARM.ActiveCfg = Debug|Any CPU
		{58BB811A-5E44-4E4C-85A9-F495182B3632}.XuniDebug|iPhone.ActiveCfg = Debug|Any CPU
		{58BB811A-5E44-4E4C-85A9-F495182B3632}.XuniDebug|iPhoneSimulator.ActiveCfg = Debug|Any CPU
		{58BB811A-5E44-4E4C-85A9-F495182B3632}.XuniDebug|Mixed Platforms.ActiveCfg = Debug|Any CPU
		{58BB811A-5E44-4E4C-85A9-F495182B3632}.XuniDebug|Mixed Platforms.Build.0 = Debug|Any CPU
		{58BB811A-5E44-4E4C-85A9-F495182B3632}.XuniDebug|x86.ActiveCfg = Debug|Any CPU
		{6211822A-289A-4638-8171-C284CC1EB39F}.Ad-Hoc|Any CPU.ActiveCfg = Release|Any CPU
		{6211822A-289A-4638-8171-C284CC1EB39F}.Ad-Hoc|Any CPU.Build.0 = Release|Any CPU
		{6211822A-289A-4638-8171-C284CC1EB39F}.Ad-Hoc|Any CPU.Deploy.0 = Release|Any CPU
		{6211822A-289A-4638-8171-C284CC1EB39F}.Ad-Hoc|ARM.ActiveCfg = Release|ARM
		{6211822A-289A-4638-8171-C284CC1EB39F}.Ad-Hoc|ARM.Build.0 = Release|ARM
		{6211822A-289A-4638-8171-C284CC1EB39F}.Ad-Hoc|ARM.Deploy.0 = Release|ARM
		{6211822A-289A-4638-8171-C284CC1EB39F}.Ad-Hoc|iPhone.ActiveCfg = Release|Any CPU
		{6211822A-289A-4638-8171-C284CC1EB39F}.Ad-Hoc|iPhoneSimulator.ActiveCfg = Release|Any CPU
		{6211822A-289A-4638-8171-C284CC1EB39F}.Ad-Hoc|Mixed Platforms.ActiveCfg = Release|x86
		{6211822A-289A-4638-8171-C284CC1EB39F}.Ad-Hoc|Mixed Platforms.Build.0 = Release|x86
		{6211822A-289A-4638-8171-C284CC1EB39F}.Ad-Hoc|Mixed Platforms.Deploy.0 = Release|x86
		{6211822A-289A-4638-8171-C284CC1EB39F}.Ad-Hoc|x86.ActiveCfg = Release|x86
		{6211822A-289A-4638-8171-C284CC1EB39F}.Ad-Hoc|x86.Build.0 = Release|x86
		{6211822A-289A-4638-8171-C284CC1EB39F}.Ad-Hoc|x86.Deploy.0 = Release|x86
		{6211822A-289A-4638-8171-C284CC1EB39F}.AppStore|Any CPU.ActiveCfg = Release|Any CPU
		{6211822A-289A-4638-8171-C284CC1EB39F}.AppStore|Any CPU.Build.0 = Release|Any CPU
		{6211822A-289A-4638-8171-C284CC1EB39F}.AppStore|Any CPU.Deploy.0 = Release|Any CPU
		{6211822A-289A-4638-8171-C284CC1EB39F}.AppStore|ARM.ActiveCfg = Release|ARM
		{6211822A-289A-4638-8171-C284CC1EB39F}.AppStore|ARM.Build.0 = Release|ARM
		{6211822A-289A-4638-8171-C284CC1EB39F}.AppStore|ARM.Deploy.0 = Release|ARM
		{6211822A-289A-4638-8171-C284CC1EB39F}.AppStore|iPhone.ActiveCfg = Release|Any CPU
		{6211822A-289A-4638-8171-C284CC1EB39F}.AppStore|iPhoneSimulator.ActiveCfg = Release|Any CPU
		{6211822A-289A-4638-8171-C284CC1EB39F}.AppStore|Mixed Platforms.ActiveCfg = Release|x86
		{6211822A-289A-4638-8171-C284CC1EB39F}.AppStore|Mixed Platforms.Build.0 = Release|x86
		{6211822A-289A-4638-8171-C284CC1EB39F}.AppStore|Mixed Platforms.Deploy.0 = Release|x86
		{6211822A-289A-4638-8171-C284CC1EB39F}.AppStore|x86.ActiveCfg = Release|x86
		{6211822A-289A-4638-8171-C284CC1EB39F}.AppStore|x86.Build.0 = Release|x86
		{6211822A-289A-4638-8171-C284CC1EB39F}.AppStore|x86.Deploy.0 = Release|x86
		{6211822A-289A-4638-8171-C284CC1EB39F}.Debug|Any CPU.ActiveCfg = Debug|Any CPU
		{6211822A-289A-4638-8171-C284CC1EB39F}.Debug|Any CPU.Build.0 = Debug|Any CPU
		{6211822A-289A-4638-8171-C284CC1EB39F}.Debug|Any CPU.Deploy.0 = Debug|Any CPU
		{6211822A-289A-4638-8171-C284CC1EB39F}.Debug|ARM.ActiveCfg = Debug|ARM
		{6211822A-289A-4638-8171-C284CC1EB39F}.Debug|ARM.Build.0 = Debug|ARM
		{6211822A-289A-4638-8171-C284CC1EB39F}.Debug|ARM.Deploy.0 = Debug|ARM
		{6211822A-289A-4638-8171-C284CC1EB39F}.Debug|iPhone.ActiveCfg = Debug|Any CPU
		{6211822A-289A-4638-8171-C284CC1EB39F}.Debug|iPhoneSimulator.ActiveCfg = Debug|Any CPU
		{6211822A-289A-4638-8171-C284CC1EB39F}.Debug|Mixed Platforms.ActiveCfg = Debug|Any CPU
		{6211822A-289A-4638-8171-C284CC1EB39F}.Debug|Mixed Platforms.Build.0 = Debug|Any CPU
		{6211822A-289A-4638-8171-C284CC1EB39F}.Debug|Mixed Platforms.Deploy.0 = Debug|Any CPU
		{6211822A-289A-4638-8171-C284CC1EB39F}.Debug|x86.ActiveCfg = Debug|x86
		{6211822A-289A-4638-8171-C284CC1EB39F}.Debug|x86.Build.0 = Debug|x86
		{6211822A-289A-4638-8171-C284CC1EB39F}.Debug|x86.Deploy.0 = Debug|x86
		{6211822A-289A-4638-8171-C284CC1EB39F}.Release|Any CPU.ActiveCfg = Release|Any CPU
		{6211822A-289A-4638-8171-C284CC1EB39F}.Release|Any CPU.Build.0 = Release|Any CPU
		{6211822A-289A-4638-8171-C284CC1EB39F}.Release|Any CPU.Deploy.0 = Release|Any CPU
		{6211822A-289A-4638-8171-C284CC1EB39F}.Release|ARM.ActiveCfg = Release|ARM
		{6211822A-289A-4638-8171-C284CC1EB39F}.Release|ARM.Build.0 = Release|ARM
		{6211822A-289A-4638-8171-C284CC1EB39F}.Release|ARM.Deploy.0 = Release|ARM
		{6211822A-289A-4638-8171-C284CC1EB39F}.Release|iPhone.ActiveCfg = Release|Any CPU
		{6211822A-289A-4638-8171-C284CC1EB39F}.Release|iPhoneSimulator.ActiveCfg = Release|Any CPU
		{6211822A-289A-4638-8171-C284CC1EB39F}.Release|Mixed Platforms.ActiveCfg = Release|x86
		{6211822A-289A-4638-8171-C284CC1EB39F}.Release|Mixed Platforms.Build.0 = Release|x86
		{6211822A-289A-4638-8171-C284CC1EB39F}.Release|Mixed Platforms.Deploy.0 = Release|x86
		{6211822A-289A-4638-8171-C284CC1EB39F}.Release|x86.ActiveCfg = Release|x86
		{6211822A-289A-4638-8171-C284CC1EB39F}.Release|x86.Build.0 = Release|x86
		{6211822A-289A-4638-8171-C284CC1EB39F}.Release|x86.Deploy.0 = Release|x86
		{6211822A-289A-4638-8171-C284CC1EB39F}.XuniDebug|Any CPU.ActiveCfg = Debug|Any CPU
		{6211822A-289A-4638-8171-C284CC1EB39F}.XuniDebug|ARM.ActiveCfg = Debug|ARM
		{6211822A-289A-4638-8171-C284CC1EB39F}.XuniDebug|iPhone.ActiveCfg = Debug|Any CPU
		{6211822A-289A-4638-8171-C284CC1EB39F}.XuniDebug|iPhoneSimulator.ActiveCfg = Debug|Any CPU
		{6211822A-289A-4638-8171-C284CC1EB39F}.XuniDebug|Mixed Platforms.ActiveCfg = Debug|x86
		{6211822A-289A-4638-8171-C284CC1EB39F}.XuniDebug|Mixed Platforms.Build.0 = Debug|x86
		{6211822A-289A-4638-8171-C284CC1EB39F}.XuniDebug|Mixed Platforms.Deploy.0 = Debug|x86
		{6211822A-289A-4638-8171-C284CC1EB39F}.XuniDebug|x86.ActiveCfg = Debug|x86
		{BCDA1B1D-7C74-434A-BBAD-0C3005D9FAAD}.Ad-Hoc|Any CPU.ActiveCfg = Release|Any CPU
		{BCDA1B1D-7C74-434A-BBAD-0C3005D9FAAD}.Ad-Hoc|Any CPU.Build.0 = Release|Any CPU
		{BCDA1B1D-7C74-434A-BBAD-0C3005D9FAAD}.Ad-Hoc|Any CPU.Deploy.0 = Release|Any CPU
		{BCDA1B1D-7C74-434A-BBAD-0C3005D9FAAD}.Ad-Hoc|ARM.ActiveCfg = Release|Any CPU
		{BCDA1B1D-7C74-434A-BBAD-0C3005D9FAAD}.Ad-Hoc|iPhone.ActiveCfg = Release|Any CPU
		{BCDA1B1D-7C74-434A-BBAD-0C3005D9FAAD}.Ad-Hoc|iPhoneSimulator.ActiveCfg = Release|Any CPU
		{BCDA1B1D-7C74-434A-BBAD-0C3005D9FAAD}.Ad-Hoc|Mixed Platforms.ActiveCfg = Release|Any CPU
		{BCDA1B1D-7C74-434A-BBAD-0C3005D9FAAD}.Ad-Hoc|Mixed Platforms.Build.0 = Release|Any CPU
		{BCDA1B1D-7C74-434A-BBAD-0C3005D9FAAD}.Ad-Hoc|Mixed Platforms.Deploy.0 = Release|Any CPU
		{BCDA1B1D-7C74-434A-BBAD-0C3005D9FAAD}.Ad-Hoc|x86.ActiveCfg = Release|Any CPU
		{BCDA1B1D-7C74-434A-BBAD-0C3005D9FAAD}.AppStore|Any CPU.ActiveCfg = Release|Any CPU
		{BCDA1B1D-7C74-434A-BBAD-0C3005D9FAAD}.AppStore|Any CPU.Build.0 = Release|Any CPU
		{BCDA1B1D-7C74-434A-BBAD-0C3005D9FAAD}.AppStore|Any CPU.Deploy.0 = Release|Any CPU
		{BCDA1B1D-7C74-434A-BBAD-0C3005D9FAAD}.AppStore|ARM.ActiveCfg = Release|Any CPU
		{BCDA1B1D-7C74-434A-BBAD-0C3005D9FAAD}.AppStore|iPhone.ActiveCfg = Release|Any CPU
		{BCDA1B1D-7C74-434A-BBAD-0C3005D9FAAD}.AppStore|iPhoneSimulator.ActiveCfg = Release|Any CPU
		{BCDA1B1D-7C74-434A-BBAD-0C3005D9FAAD}.AppStore|Mixed Platforms.ActiveCfg = Release|Any CPU
		{BCDA1B1D-7C74-434A-BBAD-0C3005D9FAAD}.AppStore|Mixed Platforms.Build.0 = Release|Any CPU
		{BCDA1B1D-7C74-434A-BBAD-0C3005D9FAAD}.AppStore|Mixed Platforms.Deploy.0 = Release|Any CPU
		{BCDA1B1D-7C74-434A-BBAD-0C3005D9FAAD}.AppStore|x86.ActiveCfg = Release|Any CPU
		{BCDA1B1D-7C74-434A-BBAD-0C3005D9FAAD}.Debug|Any CPU.ActiveCfg = Debug|Any CPU
		{BCDA1B1D-7C74-434A-BBAD-0C3005D9FAAD}.Debug|Any CPU.Build.0 = Debug|Any CPU
		{BCDA1B1D-7C74-434A-BBAD-0C3005D9FAAD}.Debug|Any CPU.Deploy.0 = Debug|Any CPU
		{BCDA1B1D-7C74-434A-BBAD-0C3005D9FAAD}.Debug|ARM.ActiveCfg = Debug|Any CPU
		{BCDA1B1D-7C74-434A-BBAD-0C3005D9FAAD}.Debug|iPhone.ActiveCfg = Debug|Any CPU
		{BCDA1B1D-7C74-434A-BBAD-0C3005D9FAAD}.Debug|iPhoneSimulator.ActiveCfg = Debug|Any CPU
		{BCDA1B1D-7C74-434A-BBAD-0C3005D9FAAD}.Debug|Mixed Platforms.ActiveCfg = Debug|Any CPU
		{BCDA1B1D-7C74-434A-BBAD-0C3005D9FAAD}.Debug|Mixed Platforms.Build.0 = Debug|Any CPU
		{BCDA1B1D-7C74-434A-BBAD-0C3005D9FAAD}.Debug|Mixed Platforms.Deploy.0 = Debug|Any CPU
		{BCDA1B1D-7C74-434A-BBAD-0C3005D9FAAD}.Debug|x86.ActiveCfg = Debug|Any CPU
		{BCDA1B1D-7C74-434A-BBAD-0C3005D9FAAD}.Release|Any CPU.ActiveCfg = Release|Any CPU
		{BCDA1B1D-7C74-434A-BBAD-0C3005D9FAAD}.Release|Any CPU.Build.0 = Release|Any CPU
		{BCDA1B1D-7C74-434A-BBAD-0C3005D9FAAD}.Release|Any CPU.Deploy.0 = Release|Any CPU
		{BCDA1B1D-7C74-434A-BBAD-0C3005D9FAAD}.Release|ARM.ActiveCfg = Release|Any CPU
		{BCDA1B1D-7C74-434A-BBAD-0C3005D9FAAD}.Release|iPhone.ActiveCfg = Release|Any CPU
		{BCDA1B1D-7C74-434A-BBAD-0C3005D9FAAD}.Release|iPhoneSimulator.ActiveCfg = Release|Any CPU
		{BCDA1B1D-7C74-434A-BBAD-0C3005D9FAAD}.Release|Mixed Platforms.ActiveCfg = Release|Any CPU
		{BCDA1B1D-7C74-434A-BBAD-0C3005D9FAAD}.Release|Mixed Platforms.Build.0 = Release|Any CPU
		{BCDA1B1D-7C74-434A-BBAD-0C3005D9FAAD}.Release|Mixed Platforms.Deploy.0 = Release|Any CPU
		{BCDA1B1D-7C74-434A-BBAD-0C3005D9FAAD}.Release|x86.ActiveCfg = Release|Any CPU
		{BCDA1B1D-7C74-434A-BBAD-0C3005D9FAAD}.XuniDebug|Any CPU.ActiveCfg = Debug|Any CPU
		{BCDA1B1D-7C74-434A-BBAD-0C3005D9FAAD}.XuniDebug|Any CPU.Build.0 = Debug|Any CPU
		{BCDA1B1D-7C74-434A-BBAD-0C3005D9FAAD}.XuniDebug|Any CPU.Deploy.0 = Debug|Any CPU
		{BCDA1B1D-7C74-434A-BBAD-0C3005D9FAAD}.XuniDebug|ARM.ActiveCfg = Debug|Any CPU
		{BCDA1B1D-7C74-434A-BBAD-0C3005D9FAAD}.XuniDebug|iPhone.ActiveCfg = Debug|Any CPU
		{BCDA1B1D-7C74-434A-BBAD-0C3005D9FAAD}.XuniDebug|iPhoneSimulator.ActiveCfg = Debug|Any CPU
		{BCDA1B1D-7C74-434A-BBAD-0C3005D9FAAD}.XuniDebug|Mixed Platforms.ActiveCfg = Debug|Any CPU
		{BCDA1B1D-7C74-434A-BBAD-0C3005D9FAAD}.XuniDebug|Mixed Platforms.Build.0 = Debug|Any CPU
		{BCDA1B1D-7C74-434A-BBAD-0C3005D9FAAD}.XuniDebug|Mixed Platforms.Deploy.0 = Debug|Any CPU
		{BCDA1B1D-7C74-434A-BBAD-0C3005D9FAAD}.XuniDebug|x86.ActiveCfg = Debug|Any CPU
		{A02F6473-6FFD-4E65-8A54-2CADC14E37DF}.Ad-Hoc|Any CPU.ActiveCfg = Ad-Hoc|iPhone
		{A02F6473-6FFD-4E65-8A54-2CADC14E37DF}.Ad-Hoc|ARM.ActiveCfg = Ad-Hoc|iPhone
		{A02F6473-6FFD-4E65-8A54-2CADC14E37DF}.Ad-Hoc|iPhone.ActiveCfg = Ad-Hoc|iPhone
		{A02F6473-6FFD-4E65-8A54-2CADC14E37DF}.Ad-Hoc|iPhone.Build.0 = Ad-Hoc|iPhone
		{A02F6473-6FFD-4E65-8A54-2CADC14E37DF}.Ad-Hoc|iPhoneSimulator.ActiveCfg = Ad-Hoc|iPhoneSimulator
		{A02F6473-6FFD-4E65-8A54-2CADC14E37DF}.Ad-Hoc|iPhoneSimulator.Build.0 = Ad-Hoc|iPhoneSimulator
		{A02F6473-6FFD-4E65-8A54-2CADC14E37DF}.Ad-Hoc|Mixed Platforms.ActiveCfg = Ad-Hoc|iPhone
		{A02F6473-6FFD-4E65-8A54-2CADC14E37DF}.Ad-Hoc|Mixed Platforms.Build.0 = Ad-Hoc|iPhone
		{A02F6473-6FFD-4E65-8A54-2CADC14E37DF}.Ad-Hoc|x86.ActiveCfg = Ad-Hoc|iPhone
		{A02F6473-6FFD-4E65-8A54-2CADC14E37DF}.AppStore|Any CPU.ActiveCfg = AppStore|iPhone
		{A02F6473-6FFD-4E65-8A54-2CADC14E37DF}.AppStore|ARM.ActiveCfg = AppStore|iPhone
		{A02F6473-6FFD-4E65-8A54-2CADC14E37DF}.AppStore|iPhone.ActiveCfg = AppStore|iPhone
		{A02F6473-6FFD-4E65-8A54-2CADC14E37DF}.AppStore|iPhone.Build.0 = AppStore|iPhone
		{A02F6473-6FFD-4E65-8A54-2CADC14E37DF}.AppStore|iPhoneSimulator.ActiveCfg = AppStore|iPhoneSimulator
		{A02F6473-6FFD-4E65-8A54-2CADC14E37DF}.AppStore|iPhoneSimulator.Build.0 = AppStore|iPhoneSimulator
		{A02F6473-6FFD-4E65-8A54-2CADC14E37DF}.AppStore|Mixed Platforms.ActiveCfg = AppStore|iPhone
		{A02F6473-6FFD-4E65-8A54-2CADC14E37DF}.AppStore|Mixed Platforms.Build.0 = AppStore|iPhone
		{A02F6473-6FFD-4E65-8A54-2CADC14E37DF}.AppStore|x86.ActiveCfg = AppStore|iPhone
		{A02F6473-6FFD-4E65-8A54-2CADC14E37DF}.Debug|Any CPU.ActiveCfg = Debug|iPhone
		{A02F6473-6FFD-4E65-8A54-2CADC14E37DF}.Debug|Any CPU.Build.0 = Debug|iPhone
		{A02F6473-6FFD-4E65-8A54-2CADC14E37DF}.Debug|ARM.ActiveCfg = Debug|iPhone
		{A02F6473-6FFD-4E65-8A54-2CADC14E37DF}.Debug|iPhone.ActiveCfg = Debug|iPhone
		{A02F6473-6FFD-4E65-8A54-2CADC14E37DF}.Debug|iPhone.Build.0 = Debug|iPhone
		{A02F6473-6FFD-4E65-8A54-2CADC14E37DF}.Debug|iPhoneSimulator.ActiveCfg = Debug|iPhoneSimulator
		{A02F6473-6FFD-4E65-8A54-2CADC14E37DF}.Debug|iPhoneSimulator.Build.0 = Debug|iPhoneSimulator
		{A02F6473-6FFD-4E65-8A54-2CADC14E37DF}.Debug|Mixed Platforms.ActiveCfg = Debug|iPhone
		{A02F6473-6FFD-4E65-8A54-2CADC14E37DF}.Debug|Mixed Platforms.Build.0 = Debug|iPhone
		{A02F6473-6FFD-4E65-8A54-2CADC14E37DF}.Debug|x86.ActiveCfg = Debug|iPhone
		{A02F6473-6FFD-4E65-8A54-2CADC14E37DF}.Release|Any CPU.ActiveCfg = Release|iPhone
		{A02F6473-6FFD-4E65-8A54-2CADC14E37DF}.Release|ARM.ActiveCfg = Release|iPhone
		{A02F6473-6FFD-4E65-8A54-2CADC14E37DF}.Release|iPhone.ActiveCfg = Release|iPhone
		{A02F6473-6FFD-4E65-8A54-2CADC14E37DF}.Release|iPhone.Build.0 = Release|iPhone
		{A02F6473-6FFD-4E65-8A54-2CADC14E37DF}.Release|iPhoneSimulator.ActiveCfg = Release|iPhoneSimulator
		{A02F6473-6FFD-4E65-8A54-2CADC14E37DF}.Release|iPhoneSimulator.Build.0 = Release|iPhoneSimulator
		{A02F6473-6FFD-4E65-8A54-2CADC14E37DF}.Release|Mixed Platforms.ActiveCfg = Release|iPhone
		{A02F6473-6FFD-4E65-8A54-2CADC14E37DF}.Release|Mixed Platforms.Build.0 = Release|iPhone
		{A02F6473-6FFD-4E65-8A54-2CADC14E37DF}.Release|x86.ActiveCfg = Release|iPhone
		{A02F6473-6FFD-4E65-8A54-2CADC14E37DF}.XuniDebug|Any CPU.ActiveCfg = Debug|iPhone
		{A02F6473-6FFD-4E65-8A54-2CADC14E37DF}.XuniDebug|ARM.ActiveCfg = Debug|iPhone
		{A02F6473-6FFD-4E65-8A54-2CADC14E37DF}.XuniDebug|iPhone.ActiveCfg = Debug|iPhone
		{A02F6473-6FFD-4E65-8A54-2CADC14E37DF}.XuniDebug|iPhone.Build.0 = Debug|iPhone
		{A02F6473-6FFD-4E65-8A54-2CADC14E37DF}.XuniDebug|iPhoneSimulator.ActiveCfg = Debug|iPhoneSimulator
		{A02F6473-6FFD-4E65-8A54-2CADC14E37DF}.XuniDebug|iPhoneSimulator.Build.0 = Debug|iPhoneSimulator
		{A02F6473-6FFD-4E65-8A54-2CADC14E37DF}.XuniDebug|Mixed Platforms.ActiveCfg = Debug|iPhone
		{A02F6473-6FFD-4E65-8A54-2CADC14E37DF}.XuniDebug|Mixed Platforms.Build.0 = Debug|iPhone
		{A02F6473-6FFD-4E65-8A54-2CADC14E37DF}.XuniDebug|x86.ActiveCfg = Debug|iPhone
	EndGlobalSection
	GlobalSection(SolutionProperties) = preSolution
		HideSolutionNode = FALSE
	EndGlobalSection
	GlobalSection(MonoDevelopProperties) = preSolution
		StartupItem = GaugeDemo.Android\GaugeDemo.Android.csproj
	EndGlobalSection
EndGlobal
