
Microsoft Visual Studio Solution File, Format Version 12.00
# Visual Studio 14
Project("{FAE04EC0-301F-11D3-BF4B-00C04F79EFBC}") = "Gauges101.Xamarin", "Gauges101.Xamarin\Gauges101.Xamarin.csproj", "{58BB811A-5E44-4E4C-85A9-F495182B3632}"
EndProject
Project("{FAE04EC0-301F-11D3-BF4B-00C04F79EFBC}") = "Gauges101.WinPhone", "Gauges101.WinPhone\Gauges101.WinPhone.csproj", "{6211822A-289A-4638-8171-C284CC1EB39F}"
EndProject
Project("{FAE04EC0-301F-11D3-BF4B-00C04F79EFBC}") = "Gauges101.Android", "Gauges101.Android\Gauges101.Android.csproj", "{BCDA1B1D-7C74-434A-BBAD-0C3005D9FAAD}"
EndProject
Project("{FAE04EC0-301F-11D3-BF4B-00C04F79EFBC}") = "Gauges101.iOS", "Gauges101.iOS\Gauges101.iOS.csproj", "{A02F6473-6FFD-4E65-8A54-2CADC14E37DF}"
EndProject
Global
	GlobalSection(SolutionConfigurationPlatforms) = preSolution
		Debug|Any CPU = Debug|Any CPU
		Debug|iPhone = Debug|iPhone
		Debug|iPhoneSimulator = Debug|iPhoneSimulator
		Debug|Mixed Platforms = Debug|Mixed Platforms
		GRAPECITY|Any CPU = GRAPECITY|Any CPU
		GRAPECITY|iPhone = GRAPECITY|iPhone
		GRAPECITY|iPhoneSimulator = GRAPECITY|iPhoneSimulator
		GRAPECITY|Mixed Platforms = GRAPECITY|Mixed Platforms
		Release|Any CPU = Release|Any CPU
		Release|iPhone = Release|iPhone
		Release|iPhoneSimulator = Release|iPhoneSimulator
		Release|Mixed Platforms = Release|Mixed Platforms
	EndGlobalSection
	GlobalSection(ProjectConfigurationPlatforms) = postSolution
		{58BB811A-5E44-4E4C-85A9-F495182B3632}.Debug|Any CPU.ActiveCfg = Debug|Any CPU
		{58BB811A-5E44-4E4C-85A9-F495182B3632}.Debug|Any CPU.Build.0 = Debug|Any CPU
		{58BB811A-5E44-4E4C-85A9-F495182B3632}.Debug|iPhone.ActiveCfg = Debug|Any CPU
		{58BB811A-5E44-4E4C-85A9-F495182B3632}.Debug|iPhone.Build.0 = Debug|Any CPU
		{58BB811A-5E44-4E4C-85A9-F495182B3632}.Debug|iPhoneSimulator.ActiveCfg = Debug|Any CPU
		{58BB811A-5E44-4E4C-85A9-F495182B3632}.Debug|iPhoneSimulator.Build.0 = Debug|Any CPU
		{58BB811A-5E44-4E4C-85A9-F495182B3632}.Debug|Mixed Platforms.ActiveCfg = Debug|Any CPU
		{58BB811A-5E44-4E4C-85A9-F495182B3632}.Debug|Mixed Platforms.Build.0 = Debug|Any CPU
		{58BB811A-5E44-4E4C-85A9-F495182B3632}.GRAPECITY|Any CPU.ActiveCfg = Debug|Any CPU
		{58BB811A-5E44-4E4C-85A9-F495182B3632}.GRAPECITY|Any CPU.Build.0 = Debug|Any CPU
		{58BB811A-5E44-4E4C-85A9-F495182B3632}.GRAPECITY|iPhone.ActiveCfg = Release|Any CPU
		{58BB811A-5E44-4E4C-85A9-F495182B3632}.GRAPECITY|iPhone.Build.0 = Release|Any CPU
		{58BB811A-5E44-4E4C-85A9-F495182B3632}.GRAPECITY|iPhoneSimulator.ActiveCfg = Release|Any CPU
		{58BB811A-5E44-4E4C-85A9-F495182B3632}.GRAPECITY|iPhoneSimulator.Build.0 = Release|Any CPU
		{58BB811A-5E44-4E4C-85A9-F495182B3632}.GRAPECITY|Mixed Platforms.ActiveCfg = Release|Any CPU
		{58BB811A-5E44-4E4C-85A9-F495182B3632}.GRAPECITY|Mixed Platforms.Build.0 = Release|Any CPU
		{58BB811A-5E44-4E4C-85A9-F495182B3632}.Release|Any CPU.ActiveCfg = Release|Any CPU
		{58BB811A-5E44-4E4C-85A9-F495182B3632}.Release|Any CPU.Build.0 = Release|Any CPU
		{58BB811A-5E44-4E4C-85A9-F495182B3632}.Release|iPhone.ActiveCfg = Release|Any CPU
		{58BB811A-5E44-4E4C-85A9-F495182B3632}.Release|iPhone.Build.0 = Release|Any CPU
		{58BB811A-5E44-4E4C-85A9-F495182B3632}.Release|iPhoneSimulator.ActiveCfg = Release|Any CPU
		{58BB811A-5E44-4E4C-85A9-F495182B3632}.Release|iPhoneSimulator.Build.0 = Release|Any CPU
		{58BB811A-5E44-4E4C-85A9-F495182B3632}.Release|Mixed Platforms.ActiveCfg = Release|Any CPU
		{58BB811A-5E44-4E4C-85A9-F495182B3632}.Release|Mixed Platforms.Build.0 = Release|Any CPU
		{6211822A-289A-4638-8171-C284CC1EB39F}.Debug|Any CPU.ActiveCfg = Debug|Any CPU
		{6211822A-289A-4638-8171-C284CC1EB39F}.Debug|Any CPU.Build.0 = Debug|Any CPU
		{6211822A-289A-4638-8171-C284CC1EB39F}.Debug|Any CPU.Deploy.0 = Debug|Any CPU
		{6211822A-289A-4638-8171-C284CC1EB39F}.Debug|iPhone.ActiveCfg = Debug|Any CPU
		{6211822A-289A-4638-8171-C284CC1EB39F}.Debug|iPhone.Build.0 = Debug|Any CPU
		{6211822A-289A-4638-8171-C284CC1EB39F}.Debug|iPhoneSimulator.ActiveCfg = Debug|Any CPU
		{6211822A-289A-4638-8171-C284CC1EB39F}.Debug|iPhoneSimulator.Build.0 = Debug|Any CPU
		{6211822A-289A-4638-8171-C284CC1EB39F}.Debug|Mixed Platforms.ActiveCfg = Debug|Any CPU
		{6211822A-289A-4638-8171-C284CC1EB39F}.Debug|Mixed Platforms.Build.0 = Debug|Any CPU
		{6211822A-289A-4638-8171-C284CC1EB39F}.Debug|Mixed Platforms.Deploy.0 = Debug|Any CPU
		{6211822A-289A-4638-8171-C284CC1EB39F}.GRAPECITY|Any CPU.ActiveCfg = Debug|Any CPU
		{6211822A-289A-4638-8171-C284CC1EB39F}.GRAPECITY|Any CPU.Build.0 = Debug|Any CPU
		{6211822A-289A-4638-8171-C284CC1EB39F}.GRAPECITY|iPhone.ActiveCfg = Release|Any CPU
		{6211822A-289A-4638-8171-C284CC1EB39F}.GRAPECITY|iPhone.Build.0 = Release|Any CPU
		{6211822A-289A-4638-8171-C284CC1EB39F}.GRAPECITY|iPhone.Deploy.0 = Release|Any CPU
		{6211822A-289A-4638-8171-C284CC1EB39F}.GRAPECITY|iPhoneSimulator.ActiveCfg = Release|Any CPU
		{6211822A-289A-4638-8171-C284CC1EB39F}.GRAPECITY|iPhoneSimulator.Build.0 = Release|Any CPU
		{6211822A-289A-4638-8171-C284CC1EB39F}.GRAPECITY|iPhoneSimulator.Deploy.0 = Release|Any CPU
		{6211822A-289A-4638-8171-C284CC1EB39F}.GRAPECITY|Mixed Platforms.ActiveCfg = Release|x86
		{6211822A-289A-4638-8171-C284CC1EB39F}.GRAPECITY|Mixed Platforms.Build.0 = Release|x86
		{6211822A-289A-4638-8171-C284CC1EB39F}.GRAPECITY|Mixed Platforms.Deploy.0 = Release|x86
		{6211822A-289A-4638-8171-C284CC1EB39F}.Release|Any CPU.ActiveCfg = Release|Any CPU
		{6211822A-289A-4638-8171-C284CC1EB39F}.Release|Any CPU.Build.0 = Release|Any CPU
		{6211822A-289A-4638-8171-C284CC1EB39F}.Release|Any CPU.Deploy.0 = Release|Any CPU
		{6211822A-289A-4638-8171-C284CC1EB39F}.Release|iPhone.ActiveCfg = Release|Any CPU
		{6211822A-289A-4638-8171-C284CC1EB39F}.Release|iPhone.Build.0 = Release|Any CPU
		{6211822A-289A-4638-8171-C284CC1EB39F}.Release|iPhoneSimulator.ActiveCfg = Release|Any CPU
		{6211822A-289A-4638-8171-C284CC1EB39F}.Release|iPhoneSimulator.Build.0 = Release|Any CPU
		{6211822A-289A-4638-8171-C284CC1EB39F}.Release|Mixed Platforms.ActiveCfg = Release|Any CPU
		{BCDA1B1D-7C74-434A-BBAD-0C3005D9FAAD}.Debug|Any CPU.ActiveCfg = Debug|Any CPU
		{BCDA1B1D-7C74-434A-BBAD-0C3005D9FAAD}.Debug|Any CPU.Build.0 = Debug|Any CPU
		{BCDA1B1D-7C74-434A-BBAD-0C3005D9FAAD}.Debug|Any CPU.Deploy.0 = Debug|Any CPU
		{BCDA1B1D-7C74-434A-BBAD-0C3005D9FAAD}.Debug|iPhone.ActiveCfg = Debug|Any CPU
		{BCDA1B1D-7C74-434A-BBAD-0C3005D9FAAD}.Debug|iPhone.Build.0 = Debug|Any CPU
		{BCDA1B1D-7C74-434A-BBAD-0C3005D9FAAD}.Debug|iPhoneSimulator.ActiveCfg = Debug|Any CPU
		{BCDA1B1D-7C74-434A-BBAD-0C3005D9FAAD}.Debug|iPhoneSimulator.Build.0 = Debug|Any CPU
		{BCDA1B1D-7C74-434A-BBAD-0C3005D9FAAD}.Debug|Mixed Platforms.ActiveCfg = Debug|Any CPU
		{BCDA1B1D-7C74-434A-BBAD-0C3005D9FAAD}.Debug|Mixed Platforms.Build.0 = Debug|Any CPU
		{BCDA1B1D-7C74-434A-BBAD-0C3005D9FAAD}.Debug|Mixed Platforms.Deploy.0 = Debug|Any CPU
		{BCDA1B1D-7C74-434A-BBAD-0C3005D9FAAD}.GRAPECITY|Any CPU.ActiveCfg = Debug|Any CPU
		{BCDA1B1D-7C74-434A-BBAD-0C3005D9FAAD}.GRAPECITY|Any CPU.Build.0 = Debug|Any CPU
		{BCDA1B1D-7C74-434A-BBAD-0C3005D9FAAD}.GRAPECITY|iPhone.ActiveCfg = Release|Any CPU
		{BCDA1B1D-7C74-434A-BBAD-0C3005D9FAAD}.GRAPECITY|iPhone.Build.0 = Release|Any CPU
		{BCDA1B1D-7C74-434A-BBAD-0C3005D9FAAD}.GRAPECITY|iPhone.Deploy.0 = Release|Any CPU
		{BCDA1B1D-7C74-434A-BBAD-0C3005D9FAAD}.GRAPECITY|iPhoneSimulator.ActiveCfg = Release|Any CPU
		{BCDA1B1D-7C74-434A-BBAD-0C3005D9FAAD}.GRAPECITY|iPhoneSimulator.Build.0 = Release|Any CPU
		{BCDA1B1D-7C74-434A-BBAD-0C3005D9FAAD}.GRAPECITY|iPhoneSimulator.Deploy.0 = Release|Any CPU
		{BCDA1B1D-7C74-434A-BBAD-0C3005D9FAAD}.GRAPECITY|Mixed Platforms.ActiveCfg = Release|Any CPU
		{BCDA1B1D-7C74-434A-BBAD-0C3005D9FAAD}.GRAPECITY|Mixed Platforms.Build.0 = Release|Any CPU
		{BCDA1B1D-7C74-434A-BBAD-0C3005D9FAAD}.GRAPECITY|Mixed Platforms.Deploy.0 = Release|Any CPU
		{BCDA1B1D-7C74-434A-BBAD-0C3005D9FAAD}.Release|Any CPU.ActiveCfg = Release|Any CPU
		{BCDA1B1D-7C74-434A-BBAD-0C3005D9FAAD}.Release|Any CPU.Build.0 = Release|Any CPU
		{BCDA1B1D-7C74-434A-BBAD-0C3005D9FAAD}.Release|Any CPU.Deploy.0 = Release|Any CPU
		{BCDA1B1D-7C74-434A-BBAD-0C3005D9FAAD}.Release|iPhone.ActiveCfg = Release|Any CPU
		{BCDA1B1D-7C74-434A-BBAD-0C3005D9FAAD}.Release|iPhone.Build.0 = Release|Any CPU
		{BCDA1B1D-7C74-434A-BBAD-0C3005D9FAAD}.Release|iPhoneSimulator.ActiveCfg = Release|Any CPU
		{BCDA1B1D-7C74-434A-BBAD-0C3005D9FAAD}.Release|iPhoneSimulator.Build.0 = Release|Any CPU
		{BCDA1B1D-7C74-434A-BBAD-0C3005D9FAAD}.Release|Mixed Platforms.ActiveCfg = Release|Any CPU
		{BCDA1B1D-7C74-434A-BBAD-0C3005D9FAAD}.Release|Mixed Platforms.Build.0 = Release|Any CPU
		{BCDA1B1D-7C74-434A-BBAD-0C3005D9FAAD}.Release|Mixed Platforms.Deploy.0 = Release|Any CPU
		{A02F6473-6FFD-4E65-8A54-2CADC14E37DF}.Debug|Any CPU.ActiveCfg = Debug|iPhone
		{A02F6473-6FFD-4E65-8A54-2CADC14E37DF}.Debug|Any CPU.Build.0 = Debug|iPhone
		{A02F6473-6FFD-4E65-8A54-2CADC14E37DF}.Debug|iPhone.ActiveCfg = Debug|iPhone
		{A02F6473-6FFD-4E65-8A54-2CADC14E37DF}.Debug|iPhone.Build.0 = Debug|iPhone
		{A02F6473-6FFD-4E65-8A54-2CADC14E37DF}.Debug|iPhoneSimulator.ActiveCfg = Debug|iPhoneSimulator
		{A02F6473-6FFD-4E65-8A54-2CADC14E37DF}.Debug|iPhoneSimulator.Build.0 = Debug|iPhoneSimulator
		{A02F6473-6FFD-4E65-8A54-2CADC14E37DF}.Debug|Mixed Platforms.ActiveCfg = Debug|iPhoneSimulator
		{A02F6473-6FFD-4E65-8A54-2CADC14E37DF}.Debug|Mixed Platforms.Build.0 = Debug|iPhoneSimulator
		{A02F6473-6FFD-4E65-8A54-2CADC14E37DF}.GRAPECITY|Any CPU.ActiveCfg = Debug|iPhoneSimulator
		{A02F6473-6FFD-4E65-8A54-2CADC14E37DF}.GRAPECITY|Any CPU.Build.0 = Debug|iPhoneSimulator
		{A02F6473-6FFD-4E65-8A54-2CADC14E37DF}.GRAPECITY|iPhone.ActiveCfg = AppStore|iPhone
		{A02F6473-6FFD-4E65-8A54-2CADC14E37DF}.GRAPECITY|iPhone.Build.0 = AppStore|iPhone
		{A02F6473-6FFD-4E65-8A54-2CADC14E37DF}.GRAPECITY|iPhoneSimulator.ActiveCfg = AppStore|iPhoneSimulator
		{A02F6473-6FFD-4E65-8A54-2CADC14E37DF}.GRAPECITY|iPhoneSimulator.Build.0 = AppStore|iPhoneSimulator
		{A02F6473-6FFD-4E65-8A54-2CADC14E37DF}.GRAPECITY|Mixed Platforms.ActiveCfg = AppStore|iPhone
		{A02F6473-6FFD-4E65-8A54-2CADC14E37DF}.GRAPECITY|Mixed Platforms.Build.0 = AppStore|iPhone
		{A02F6473-6FFD-4E65-8A54-2CADC14E37DF}.Release|Any CPU.ActiveCfg = Release|iPhone
		{A02F6473-6FFD-4E65-8A54-2CADC14E37DF}.Release|Any CPU.Build.0 = Release|iPhone
		{A02F6473-6FFD-4E65-8A54-2CADC14E37DF}.Release|iPhone.ActiveCfg = Release|iPhone
		{A02F6473-6FFD-4E65-8A54-2CADC14E37DF}.Release|iPhone.Build.0 = Release|iPhone
		{A02F6473-6FFD-4E65-8A54-2CADC14E37DF}.Release|iPhoneSimulator.ActiveCfg = Release|iPhoneSimulator
		{A02F6473-6FFD-4E65-8A54-2CADC14E37DF}.Release|iPhoneSimulator.Build.0 = Release|iPhoneSimulator
		{A02F6473-6FFD-4E65-8A54-2CADC14E37DF}.Release|Mixed Platforms.ActiveCfg = Release|iPhoneSimulator
		{A02F6473-6FFD-4E65-8A54-2CADC14E37DF}.Release|Mixed Platforms.Build.0 = Release|iPhoneSimulator
	EndGlobalSection
	GlobalSection(SolutionProperties) = preSolution
		HideSolutionNode = FALSE
	EndGlobalSection
	GlobalSection(NestedProjects) = preSolution
	EndGlobalSection
EndGlobal
