
Microsoft Visual Studio Solution File, Format Version 12.00
# Visual Studio 2012
Project("{FAE04EC0-301F-11D3-BF4B-00C04F79EFBC}") = "DashboardDemo", "DashboardDemo\DashboardDemo\DashboardDemo.csproj", "{F7DFECA8-53F5-411D-BA61-6DADC46E5F26}"
EndProject
Project("{FAE04EC0-301F-11D3-BF4B-00C04F79EFBC}") = "DashboardDemo.iOS", "DashboardDemo\DashboardDemo.iOS\DashboardDemo.iOS.csproj", "{2ED2EAC0-3C8D-4D4C-A853-F4D0637C1C12}"
EndProject
Project("{FAE04EC0-301F-11D3-BF4B-00C04F79EFBC}") = "DashboardDemo.Droid", "DashboardDemo\DashboardDemo.Droid\DashboardDemo.Droid.csproj", "{6CF5EBC4-5C6A-4B73-A2AA-7C8183B0F113}"
EndProject
Project("{FAE04EC0-301F-11D3-BF4B-00C04F79EFBC}") = "DashboardDemo.WinPhone", "DashboardDemo\DashboardDemo.WinPhone\DashboardDemo.WinPhone.csproj", "{2DACF8FD-3DE0-476E-8FEE-82FF75480D9F}"
EndProject
Global
		GlobalSection(SolutionConfigurationPlatforms) = preSolution
		Ad-Hoc|Any CPU = Ad-Hoc|Any CPU
		Ad-Hoc|ARM = Ad-Hoc|ARM
		Ad-Hoc|iPhone = Ad-Hoc|iPhone
		Ad-Hoc|iPhoneSimulator = Ad-Hoc|iPhoneSimulator
		Ad-Hoc|Mixed Platforms = Ad-Hoc|Mixed Platforms
		Ad-Hoc|x86 = Ad-Hoc|x86
		AppStore|Any CPU = AppStore|Any CPU
		AppStore|ARM = AppStore|ARM
		AppStore|iPhone = AppStore|iPhone
		AppStore|iPhoneSimulator = AppStore|iPhoneSimulator
		AppStore|Mixed Platforms = AppStore|Mixed Platforms
		AppStore|x86 = AppStore|x86
		Debug|Any CPU = Debug|Any CPU
		Debug|ARM = Debug|ARM
		Debug|iPhone = Debug|iPhone
		Debug|iPhoneSimulator = Debug|iPhoneSimulator
		Debug|Mixed Platforms = Debug|Mixed Platforms
		Debug|x86 = Debug|x86
		Release|Any CPU = Release|Any CPU
		Release|ARM = Release|ARM
		Release|iPhone = Release|iPhone
		Release|iPhoneSimulator = Release|iPhoneSimulator
		Release|Mixed Platforms = Release|Mixed Platforms
		Release|x86 = Release|x86
	EndGlobalSection
	GlobalSection(ProjectConfigurationPlatforms) = postSolution
		{F7DFECA8-53F5-411D-BA61-6DADC46E5F26}.Ad-Hoc|Any CPU.ActiveCfg = Release|Any CPU
		{F7DFECA8-53F5-411D-BA61-6DADC46E5F26}.Ad-Hoc|Any CPU.Build.0 = Release|Any CPU
		{F7DFECA8-53F5-411D-BA61-6DADC46E5F26}.Ad-Hoc|ARM.ActiveCfg = Release|Any CPU
		{F7DFECA8-53F5-411D-BA61-6DADC46E5F26}.Ad-Hoc|iPhone.ActiveCfg = Release|Any CPU
		{F7DFECA8-53F5-411D-BA61-6DADC46E5F26}.Ad-Hoc|iPhoneSimulator.ActiveCfg = Release|Any CPU
		{F7DFECA8-53F5-411D-BA61-6DADC46E5F26}.Ad-Hoc|Mixed Platforms.ActiveCfg = Release|Any CPU
		{F7DFECA8-53F5-411D-BA61-6DADC46E5F26}.Ad-Hoc|Mixed Platforms.Build.0 = Release|Any CPU
		{F7DFECA8-53F5-411D-BA61-6DADC46E5F26}.Ad-Hoc|x86.ActiveCfg = Release|Any CPU
		{F7DFECA8-53F5-411D-BA61-6DADC46E5F26}.AppStore|Any CPU.ActiveCfg = Release|Any CPU
		{F7DFECA8-53F5-411D-BA61-6DADC46E5F26}.AppStore|Any CPU.Build.0 = Release|Any CPU
		{F7DFECA8-53F5-411D-BA61-6DADC46E5F26}.AppStore|ARM.ActiveCfg = Release|Any CPU
		{F7DFECA8-53F5-411D-BA61-6DADC46E5F26}.AppStore|iPhone.ActiveCfg = Release|Any CPU
		{F7DFECA8-53F5-411D-BA61-6DADC46E5F26}.AppStore|iPhoneSimulator.ActiveCfg = Release|Any CPU
		{F7DFECA8-53F5-411D-BA61-6DADC46E5F26}.AppStore|Mixed Platforms.ActiveCfg = Release|Any CPU
		{F7DFECA8-53F5-411D-BA61-6DADC46E5F26}.AppStore|Mixed Platforms.Build.0 = Release|Any CPU
		{F7DFECA8-53F5-411D-BA61-6DADC46E5F26}.AppStore|x86.ActiveCfg = Release|Any CPU
		{F7DFECA8-53F5-411D-BA61-6DADC46E5F26}.Debug|Any CPU.ActiveCfg = Debug|Any CPU
		{F7DFECA8-53F5-411D-BA61-6DADC46E5F26}.Debug|Any CPU.Build.0 = Debug|Any CPU
		{F7DFECA8-53F5-411D-BA61-6DADC46E5F26}.Debug|ARM.ActiveCfg = Debug|Any CPU
		{F7DFECA8-53F5-411D-BA61-6DADC46E5F26}.Debug|iPhone.ActiveCfg = Debug|Any CPU
		{F7DFECA8-53F5-411D-BA61-6DADC46E5F26}.Debug|iPhoneSimulator.ActiveCfg = Debug|Any CPU
		{F7DFECA8-53F5-411D-BA61-6DADC46E5F26}.Debug|iPhoneSimulator.Build.0 = Debug|Any CPU
		{F7DFECA8-53F5-411D-BA61-6DADC46E5F26}.Debug|Mixed Platforms.ActiveCfg = Debug|Any CPU
		{F7DFECA8-53F5-411D-BA61-6DADC46E5F26}.Debug|Mixed Platforms.Build.0 = Debug|Any CPU
		{F7DFECA8-53F5-411D-BA61-6DADC46E5F26}.Debug|x86.ActiveCfg = Debug|Any CPU
		{F7DFECA8-53F5-411D-BA61-6DADC46E5F26}.Release|Any CPU.ActiveCfg = Release|Any CPU
		{F7DFECA8-53F5-411D-BA61-6DADC46E5F26}.Release|Any CPU.Build.0 = Release|Any CPU
		{F7DFECA8-53F5-411D-BA61-6DADC46E5F26}.Release|ARM.ActiveCfg = Release|Any CPU
		{F7DFECA8-53F5-411D-BA61-6DADC46E5F26}.Release|iPhone.ActiveCfg = Release|Any CPU
		{F7DFECA8-53F5-411D-BA61-6DADC46E5F26}.Release|iPhoneSimulator.ActiveCfg = Release|Any CPU
		{F7DFECA8-53F5-411D-BA61-6DADC46E5F26}.Release|Mixed Platforms.ActiveCfg = Release|Any CPU
		{F7DFECA8-53F5-411D-BA61-6DADC46E5F26}.Release|Mixed Platforms.Build.0 = Release|Any CPU
		{F7DFECA8-53F5-411D-BA61-6DADC46E5F26}.Release|x86.ActiveCfg = Release|Any CPU
		{2ED2EAC0-3C8D-4D4C-A853-F4D0637C1C12}.Ad-Hoc|Any CPU.ActiveCfg = Ad-Hoc|iPhone
		{2ED2EAC0-3C8D-4D4C-A853-F4D0637C1C12}.Ad-Hoc|ARM.ActiveCfg = Ad-Hoc|iPhone
		{2ED2EAC0-3C8D-4D4C-A853-F4D0637C1C12}.Ad-Hoc|iPhone.ActiveCfg = Ad-Hoc|iPhone
		{2ED2EAC0-3C8D-4D4C-A853-F4D0637C1C12}.Ad-Hoc|iPhone.Build.0 = Ad-Hoc|iPhone
		{2ED2EAC0-3C8D-4D4C-A853-F4D0637C1C12}.Ad-Hoc|iPhoneSimulator.ActiveCfg = Ad-Hoc|iPhoneSimulator
		{2ED2EAC0-3C8D-4D4C-A853-F4D0637C1C12}.Ad-Hoc|iPhoneSimulator.Build.0 = Ad-Hoc|iPhoneSimulator
		{2ED2EAC0-3C8D-4D4C-A853-F4D0637C1C12}.Ad-Hoc|Mixed Platforms.ActiveCfg = Ad-Hoc|iPhone
		{2ED2EAC0-3C8D-4D4C-A853-F4D0637C1C12}.Ad-Hoc|Mixed Platforms.Build.0 = Ad-Hoc|iPhone
		{2ED2EAC0-3C8D-4D4C-A853-F4D0637C1C12}.Ad-Hoc|x86.ActiveCfg = Ad-Hoc|iPhone
		{2ED2EAC0-3C8D-4D4C-A853-F4D0637C1C12}.AppStore|Any CPU.ActiveCfg = AppStore|iPhone
		{2ED2EAC0-3C8D-4D4C-A853-F4D0637C1C12}.AppStore|ARM.ActiveCfg = AppStore|iPhone
		{2ED2EAC0-3C8D-4D4C-A853-F4D0637C1C12}.AppStore|iPhone.ActiveCfg = AppStore|iPhone
		{2ED2EAC0-3C8D-4D4C-A853-F4D0637C1C12}.AppStore|iPhone.Build.0 = AppStore|iPhone
		{2ED2EAC0-3C8D-4D4C-A853-F4D0637C1C12}.AppStore|iPhoneSimulator.ActiveCfg = AppStore|iPhoneSimulator
		{2ED2EAC0-3C8D-4D4C-A853-F4D0637C1C12}.AppStore|iPhoneSimulator.Build.0 = AppStore|iPhoneSimulator
		{2ED2EAC0-3C8D-4D4C-A853-F4D0637C1C12}.AppStore|Mixed Platforms.ActiveCfg = AppStore|iPhone
		{2ED2EAC0-3C8D-4D4C-A853-F4D0637C1C12}.AppStore|Mixed Platforms.Build.0 = AppStore|iPhone
		{2ED2EAC0-3C8D-4D4C-A853-F4D0637C1C12}.AppStore|x86.ActiveCfg = AppStore|iPhone
		{2ED2EAC0-3C8D-4D4C-A853-F4D0637C1C12}.Debug|Any CPU.ActiveCfg = Debug|iPhone
		{2ED2EAC0-3C8D-4D4C-A853-F4D0637C1C12}.Debug|Any CPU.Build.0 = Debug|iPhone
		{2ED2EAC0-3C8D-4D4C-A853-F4D0637C1C12}.Debug|ARM.ActiveCfg = Debug|iPhone
		{2ED2EAC0-3C8D-4D4C-A853-F4D0637C1C12}.Debug|iPhone.ActiveCfg = Debug|iPhone
		{2ED2EAC0-3C8D-4D4C-A853-F4D0637C1C12}.Debug|iPhone.Build.0 = Debug|iPhone
		{2ED2EAC0-3C8D-4D4C-A853-F4D0637C1C12}.Debug|iPhoneSimulator.ActiveCfg = Debug|iPhoneSimulator
		{2ED2EAC0-3C8D-4D4C-A853-F4D0637C1C12}.Debug|iPhoneSimulator.Build.0 = Debug|iPhoneSimulator
		{2ED2EAC0-3C8D-4D4C-A853-F4D0637C1C12}.Debug|Mixed Platforms.ActiveCfg = Debug|iPhoneSimulator
		{2ED2EAC0-3C8D-4D4C-A853-F4D0637C1C12}.Debug|Mixed Platforms.Build.0 = Debug|iPhoneSimulator
		{2ED2EAC0-3C8D-4D4C-A853-F4D0637C1C12}.Debug|x86.ActiveCfg = Debug|iPhone
		{2ED2EAC0-3C8D-4D4C-A853-F4D0637C1C12}.Release|Any CPU.ActiveCfg = Release|iPhone
		{2ED2EAC0-3C8D-4D4C-A853-F4D0637C1C12}.Release|ARM.ActiveCfg = Release|iPhone
		{2ED2EAC0-3C8D-4D4C-A853-F4D0637C1C12}.Release|iPhone.ActiveCfg = Release|iPhone
		{2ED2EAC0-3C8D-4D4C-A853-F4D0637C1C12}.Release|iPhone.Build.0 = Release|iPhone
		{2ED2EAC0-3C8D-4D4C-A853-F4D0637C1C12}.Release|iPhoneSimulator.ActiveCfg = Release|iPhoneSimulator
		{2ED2EAC0-3C8D-4D4C-A853-F4D0637C1C12}.Release|iPhoneSimulator.Build.0 = Release|iPhoneSimulator
		{2ED2EAC0-3C8D-4D4C-A853-F4D0637C1C12}.Release|Mixed Platforms.ActiveCfg = Release|iPhone
		{2ED2EAC0-3C8D-4D4C-A853-F4D0637C1C12}.Release|Mixed Platforms.Build.0 = Release|iPhone
		{2ED2EAC0-3C8D-4D4C-A853-F4D0637C1C12}.Release|x86.ActiveCfg = Release|iPhone
		{6CF5EBC4-5C6A-4B73-A2AA-7C8183B0F113}.Ad-Hoc|Any CPU.ActiveCfg = Release|Any CPU
		{6CF5EBC4-5C6A-4B73-A2AA-7C8183B0F113}.Ad-Hoc|Any CPU.Build.0 = Release|Any CPU
		{6CF5EBC4-5C6A-4B73-A2AA-7C8183B0F113}.Ad-Hoc|Any CPU.Deploy.0 = Release|Any CPU
		{6CF5EBC4-5C6A-4B73-A2AA-7C8183B0F113}.Ad-Hoc|ARM.ActiveCfg = Release|Any CPU
		{6CF5EBC4-5C6A-4B73-A2AA-7C8183B0F113}.Ad-Hoc|iPhone.ActiveCfg = Release|Any CPU
		{6CF5EBC4-5C6A-4B73-A2AA-7C8183B0F113}.Ad-Hoc|iPhoneSimulator.ActiveCfg = Release|Any CPU
		{6CF5EBC4-5C6A-4B73-A2AA-7C8183B0F113}.Ad-Hoc|Mixed Platforms.ActiveCfg = Release|Any CPU
		{6CF5EBC4-5C6A-4B73-A2AA-7C8183B0F113}.Ad-Hoc|Mixed Platforms.Build.0 = Release|Any CPU
		{6CF5EBC4-5C6A-4B73-A2AA-7C8183B0F113}.Ad-Hoc|Mixed Platforms.Deploy.0 = Release|Any CPU
		{6CF5EBC4-5C6A-4B73-A2AA-7C8183B0F113}.Ad-Hoc|x86.ActiveCfg = Release|Any CPU
		{6CF5EBC4-5C6A-4B73-A2AA-7C8183B0F113}.AppStore|Any CPU.ActiveCfg = Release|Any CPU
		{6CF5EBC4-5C6A-4B73-A2AA-7C8183B0F113}.AppStore|Any CPU.Build.0 = Release|Any CPU
		{6CF5EBC4-5C6A-4B73-A2AA-7C8183B0F113}.AppStore|Any CPU.Deploy.0 = Release|Any CPU
		{6CF5EBC4-5C6A-4B73-A2AA-7C8183B0F113}.AppStore|ARM.ActiveCfg = Release|Any CPU
		{6CF5EBC4-5C6A-4B73-A2AA-7C8183B0F113}.AppStore|iPhone.ActiveCfg = Release|Any CPU
		{6CF5EBC4-5C6A-4B73-A2AA-7C8183B0F113}.AppStore|iPhoneSimulator.ActiveCfg = Release|Any CPU
		{6CF5EBC4-5C6A-4B73-A2AA-7C8183B0F113}.AppStore|Mixed Platforms.ActiveCfg = Release|Any CPU
		{6CF5EBC4-5C6A-4B73-A2AA-7C8183B0F113}.AppStore|Mixed Platforms.Build.0 = Release|Any CPU
		{6CF5EBC4-5C6A-4B73-A2AA-7C8183B0F113}.AppStore|Mixed Platforms.Deploy.0 = Release|Any CPU
		{6CF5EBC4-5C6A-4B73-A2AA-7C8183B0F113}.AppStore|x86.ActiveCfg = Release|Any CPU
		{6CF5EBC4-5C6A-4B73-A2AA-7C8183B0F113}.Debug|Any CPU.ActiveCfg = Debug|Any CPU
		{6CF5EBC4-5C6A-4B73-A2AA-7C8183B0F113}.Debug|Any CPU.Build.0 = Debug|Any CPU
		{6CF5EBC4-5C6A-4B73-A2AA-7C8183B0F113}.Debug|Any CPU.Deploy.0 = Debug|Any CPU
		{6CF5EBC4-5C6A-4B73-A2AA-7C8183B0F113}.Debug|ARM.ActiveCfg = Debug|Any CPU
		{6CF5EBC4-5C6A-4B73-A2AA-7C8183B0F113}.Debug|iPhone.ActiveCfg = Debug|Any CPU
		{6CF5EBC4-5C6A-4B73-A2AA-7C8183B0F113}.Debug|iPhoneSimulator.ActiveCfg = Debug|Any CPU
		{6CF5EBC4-5C6A-4B73-A2AA-7C8183B0F113}.Debug|iPhoneSimulator.Build.0 = Debug|Any CPU
		{6CF5EBC4-5C6A-4B73-A2AA-7C8183B0F113}.Debug|iPhoneSimulator.Deploy.0 = Debug|Any CPU
		{6CF5EBC4-5C6A-4B73-A2AA-7C8183B0F113}.Debug|Mixed Platforms.ActiveCfg = Debug|Any CPU
		{6CF5EBC4-5C6A-4B73-A2AA-7C8183B0F113}.Debug|Mixed Platforms.Build.0 = Debug|Any CPU
		{6CF5EBC4-5C6A-4B73-A2AA-7C8183B0F113}.Debug|Mixed Platforms.Deploy.0 = Debug|Any CPU
		{6CF5EBC4-5C6A-4B73-A2AA-7C8183B0F113}.Debug|x86.ActiveCfg = Debug|Any CPU
		{6CF5EBC4-5C6A-4B73-A2AA-7C8183B0F113}.Release|Any CPU.ActiveCfg = Release|Any CPU
		{6CF5EBC4-5C6A-4B73-A2AA-7C8183B0F113}.Release|Any CPU.Build.0 = Release|Any CPU
		{6CF5EBC4-5C6A-4B73-A2AA-7C8183B0F113}.Release|Any CPU.Deploy.0 = Release|Any CPU
		{6CF5EBC4-5C6A-4B73-A2AA-7C8183B0F113}.Release|ARM.ActiveCfg = Release|Any CPU
		{6CF5EBC4-5C6A-4B73-A2AA-7C8183B0F113}.Release|iPhone.ActiveCfg = Release|Any CPU
		{6CF5EBC4-5C6A-4B73-A2AA-7C8183B0F113}.Release|iPhoneSimulator.ActiveCfg = Release|Any CPU
		{6CF5EBC4-5C6A-4B73-A2AA-7C8183B0F113}.Release|Mixed Platforms.ActiveCfg = Release|Any CPU
		{6CF5EBC4-5C6A-4B73-A2AA-7C8183B0F113}.Release|Mixed Platforms.Build.0 = Release|Any CPU
		{6CF5EBC4-5C6A-4B73-A2AA-7C8183B0F113}.Release|Mixed Platforms.Deploy.0 = Release|Any CPU
		{6CF5EBC4-5C6A-4B73-A2AA-7C8183B0F113}.Release|x86.ActiveCfg = Release|Any CPU
		{2DACF8FD-3DE0-476E-8FEE-82FF75480D9F}.Ad-Hoc|Any CPU.ActiveCfg = Release|Any CPU
		{2DACF8FD-3DE0-476E-8FEE-82FF75480D9F}.Ad-Hoc|Any CPU.Build.0 = Release|Any CPU
		{2DACF8FD-3DE0-476E-8FEE-82FF75480D9F}.Ad-Hoc|Any CPU.Deploy.0 = Release|Any CPU
		{2DACF8FD-3DE0-476E-8FEE-82FF75480D9F}.Ad-Hoc|ARM.ActiveCfg = Release|ARM
		{2DACF8FD-3DE0-476E-8FEE-82FF75480D9F}.Ad-Hoc|ARM.Build.0 = Release|ARM
		{2DACF8FD-3DE0-476E-8FEE-82FF75480D9F}.Ad-Hoc|ARM.Deploy.0 = Release|ARM
		{2DACF8FD-3DE0-476E-8FEE-82FF75480D9F}.Ad-Hoc|iPhone.ActiveCfg = Release|Any CPU
		{2DACF8FD-3DE0-476E-8FEE-82FF75480D9F}.Ad-Hoc|iPhoneSimulator.ActiveCfg = Release|Any CPU
		{2DACF8FD-3DE0-476E-8FEE-82FF75480D9F}.Ad-Hoc|Mixed Platforms.ActiveCfg = Release|x86
		{2DACF8FD-3DE0-476E-8FEE-82FF75480D9F}.Ad-Hoc|Mixed Platforms.Build.0 = Release|x86
		{2DACF8FD-3DE0-476E-8FEE-82FF75480D9F}.Ad-Hoc|Mixed Platforms.Deploy.0 = Release|x86
		{2DACF8FD-3DE0-476E-8FEE-82FF75480D9F}.Ad-Hoc|x86.ActiveCfg = Release|x86
		{2DACF8FD-3DE0-476E-8FEE-82FF75480D9F}.Ad-Hoc|x86.Build.0 = Release|x86
		{2DACF8FD-3DE0-476E-8FEE-82FF75480D9F}.Ad-Hoc|x86.Deploy.0 = Release|x86
		{2DACF8FD-3DE0-476E-8FEE-82FF75480D9F}.AppStore|Any CPU.ActiveCfg = Release|Any CPU
		{2DACF8FD-3DE0-476E-8FEE-82FF75480D9F}.AppStore|Any CPU.Build.0 = Release|Any CPU
		{2DACF8FD-3DE0-476E-8FEE-82FF75480D9F}.AppStore|Any CPU.Deploy.0 = Release|Any CPU
		{2DACF8FD-3DE0-476E-8FEE-82FF75480D9F}.AppStore|ARM.ActiveCfg = Release|ARM
		{2DACF8FD-3DE0-476E-8FEE-82FF75480D9F}.AppStore|ARM.Build.0 = Release|ARM
		{2DACF8FD-3DE0-476E-8FEE-82FF75480D9F}.AppStore|ARM.Deploy.0 = Release|ARM
		{2DACF8FD-3DE0-476E-8FEE-82FF75480D9F}.AppStore|iPhone.ActiveCfg = Release|Any CPU
		{2DACF8FD-3DE0-476E-8FEE-82FF75480D9F}.AppStore|iPhoneSimulator.ActiveCfg = Release|Any CPU
		{2DACF8FD-3DE0-476E-8FEE-82FF75480D9F}.AppStore|Mixed Platforms.ActiveCfg = Release|x86
		{2DACF8FD-3DE0-476E-8FEE-82FF75480D9F}.AppStore|Mixed Platforms.Build.0 = Release|x86
		{2DACF8FD-3DE0-476E-8FEE-82FF75480D9F}.AppStore|Mixed Platforms.Deploy.0 = Release|x86
		{2DACF8FD-3DE0-476E-8FEE-82FF75480D9F}.AppStore|x86.ActiveCfg = Release|x86
		{2DACF8FD-3DE0-476E-8FEE-82FF75480D9F}.AppStore|x86.Build.0 = Release|x86
		{2DACF8FD-3DE0-476E-8FEE-82FF75480D9F}.AppStore|x86.Deploy.0 = Release|x86
		{2DACF8FD-3DE0-476E-8FEE-82FF75480D9F}.Debug|Any CPU.ActiveCfg = Debug|Any CPU
		{2DACF8FD-3DE0-476E-8FEE-82FF75480D9F}.Debug|Any CPU.Build.0 = Debug|Any CPU
		{2DACF8FD-3DE0-476E-8FEE-82FF75480D9F}.Debug|Any CPU.Deploy.0 = Debug|Any CPU
		{2DACF8FD-3DE0-476E-8FEE-82FF75480D9F}.Debug|ARM.ActiveCfg = Debug|ARM
		{2DACF8FD-3DE0-476E-8FEE-82FF75480D9F}.Debug|ARM.Build.0 = Debug|ARM
		{2DACF8FD-3DE0-476E-8FEE-82FF75480D9F}.Debug|ARM.Deploy.0 = Debug|ARM
		{2DACF8FD-3DE0-476E-8FEE-82FF75480D9F}.Debug|iPhone.ActiveCfg = Debug|Any CPU
		{2DACF8FD-3DE0-476E-8FEE-82FF75480D9F}.Debug|iPhoneSimulator.ActiveCfg = Debug|Any CPU
		{2DACF8FD-3DE0-476E-8FEE-82FF75480D9F}.Debug|iPhoneSimulator.Build.0 = Debug|Any CPU
		{2DACF8FD-3DE0-476E-8FEE-82FF75480D9F}.Debug|iPhoneSimulator.Deploy.0 = Debug|Any CPU
		{2DACF8FD-3DE0-476E-8FEE-82FF75480D9F}.Debug|Mixed Platforms.ActiveCfg = Debug|x86
		{2DACF8FD-3DE0-476E-8FEE-82FF75480D9F}.Debug|Mixed Platforms.Build.0 = Debug|x86
		{2DACF8FD-3DE0-476E-8FEE-82FF75480D9F}.Debug|Mixed Platforms.Deploy.0 = Debug|x86
		{2DACF8FD-3DE0-476E-8FEE-82FF75480D9F}.Debug|x86.ActiveCfg = Debug|x86
		{2DACF8FD-3DE0-476E-8FEE-82FF75480D9F}.Debug|x86.Build.0 = Debug|x86
		{2DACF8FD-3DE0-476E-8FEE-82FF75480D9F}.Debug|x86.Deploy.0 = Debug|x86
		{2DACF8FD-3DE0-476E-8FEE-82FF75480D9F}.Release|Any CPU.ActiveCfg = Release|Any CPU
		{2DACF8FD-3DE0-476E-8FEE-82FF75480D9F}.Release|Any CPU.Build.0 = Release|Any CPU
		{2DACF8FD-3DE0-476E-8FEE-82FF75480D9F}.Release|Any CPU.Deploy.0 = Release|Any CPU
		{2DACF8FD-3DE0-476E-8FEE-82FF75480D9F}.Release|ARM.ActiveCfg = Release|ARM
		{2DACF8FD-3DE0-476E-8FEE-82FF75480D9F}.Release|ARM.Build.0 = Release|ARM
		{2DACF8FD-3DE0-476E-8FEE-82FF75480D9F}.Release|ARM.Deploy.0 = Release|ARM
		{2DACF8FD-3DE0-476E-8FEE-82FF75480D9F}.Release|iPhone.ActiveCfg = Release|Any CPU
		{2DACF8FD-3DE0-476E-8FEE-82FF75480D9F}.Release|iPhoneSimulator.ActiveCfg = Release|Any CPU
		{2DACF8FD-3DE0-476E-8FEE-82FF75480D9F}.Release|Mixed Platforms.ActiveCfg = Release|x86
		{2DACF8FD-3DE0-476E-8FEE-82FF75480D9F}.Release|Mixed Platforms.Build.0 = Release|x86
		{2DACF8FD-3DE0-476E-8FEE-82FF75480D9F}.Release|Mixed Platforms.Deploy.0 = Release|x86
		{2DACF8FD-3DE0-476E-8FEE-82FF75480D9F}.Release|x86.ActiveCfg = Release|x86
		{2DACF8FD-3DE0-476E-8FEE-82FF75480D9F}.Release|x86.Build.0 = Release|x86
		{2DACF8FD-3DE0-476E-8FEE-82FF75480D9F}.Release|x86.Deploy.0 = Release|x86
	EndGlobalSection
	GlobalSection(SolutionProperties) = preSolution
		HideSolutionNode = FALSE
	EndGlobalSection
	GlobalSection(NestedProjects) = preSolution
	EndGlobalSection
EndGlobal
